
Microsoft Visual Studio Solution File, Format Version 12.00
# Visual Studio Version 17
VisualStudioVersion = 17.9.34902.65
MinimumVisualStudioVersion = 10.0.40219.1
Project("{2150E333-8FDC-42A3-9474-1A3956D46DE8}") = "src", "src", "{F34662CF-0CEC-40BE-8226-997E63E2A049}"
EndProject
Project("{2150E333-8FDC-42A3-9474-1A3956D46DE8}") = "Service", "Service", "{A590CE0F-A6CE-4AD0-A9E5-8ECB71E65739}"
EndProject
Project("{2150E333-8FDC-42A3-9474-1A3956D46DE8}") = "Open", "Open", "{CB3D8CA7-C891-4B88-80AB-65AB4044E6DA}"
EndProject
Project("{2150E333-8FDC-42A3-9474-1A3956D46DE8}") = "Infrastructure", "Infrastructure", "{FF7FF0B7-2B19-43D0-8F10-6D18F5D61520}"
EndProject
Project("{2150E333-8FDC-42A3-9474-1A3956D46DE8}") = "Application", "Application", "{1EA0B26F-1E93-4801-AC19-08C95FF59DBA}"
EndProject
Project("{2150E333-8FDC-42A3-9474-1A3956D46DE8}") = "Web Api", "Web Api", "{8278A896-3EB5-459B-8445-3BD0E9619A5B}"
EndProject
Project("{9A19103F-16F7-4668-BE54-9A1E7A4F7556}") = "AwesomeCompany", "src\Services\Infrastructure\AwesomeCompany\AwesomeCompany.csproj", "{A78FB5C6-07C4-43A8-ACDD-D1668C07FBD5}"
EndProject
Project("{2150E333-8FDC-42A3-9474-1A3956D46DE8}") = "Structure", "Structure", "{E39D5F8F-518F-4509-A7B9-EE35CF4887B9}"
EndProject
Project("{9A19103F-16F7-4668-BE54-9A1E7A4F7556}") = "Application", "src\Structure\Application\Application.csproj", "{F831F656-7BBF-4648-BE3D-4021F9DFB30F}"
EndProject
Project("{9A19103F-16F7-4668-BE54-9A1E7A4F7556}") = "Domain", "src\Structure\Domain\Domain.csproj", "{8701D71F-F9DB-4FD9-A661-E6A33315B14B}"
EndProject
Project("{9A19103F-16F7-4668-BE54-9A1E7A4F7556}") = "Infrastructure", "src\Structure\Infrastructure\Infrastructure.csproj", "{AE8AE010-5147-44DF-86F7-882EA9F04E0A}"
EndProject
Project("{9A19103F-16F7-4668-BE54-9A1E7A4F7556}") = "Presentation", "src\Structure\Presentation\Presentation.csproj", "{38256954-9000-4499-A7CB-795C80433417}"
EndProject
Project("{2150E333-8FDC-42A3-9474-1A3956D46DE8}") = "ApplicationLayer", "ApplicationLayer", "{E1335EAC-52A5-4C87-8D80-77EDE996AE4F}"
EndProject
Project("{2150E333-8FDC-42A3-9474-1A3956D46DE8}") = "DomainLayer", "DomainLayer", "{B75A9BCD-E57C-429A-8404-F26ED15423E3}"
EndProject
Project("{2150E333-8FDC-42A3-9474-1A3956D46DE8}") = "InfrastructureLayer", "InfrastructureLayer", "{5C3DE8AF-014F-4A00-9E68-41D8A9922C25}"
EndProject
Project("{2150E333-8FDC-42A3-9474-1A3956D46DE8}") = "PresentationLayer", "PresentationLayer", "{2E5AAE0D-FAC2-4A8F-A0F5-224BA18F0044}"
EndProject
Project("{2150E333-8FDC-42A3-9474-1A3956D46DE8}") = "WebLayer", "WebLayer", "{1E2E9949-5C64-4EC0-AF18-F75BACC9728B}"
EndProject
Project("{9A19103F-16F7-4668-BE54-9A1E7A4F7556}") = "Web", "src\Structure\Web\Web.csproj", "{32F646BE-384F-47CC-84AC-D82300FB19F8}"
EndProject
Project("{2150E333-8FDC-42A3-9474-1A3956D46DE8}") = "Architecture.Tests", "Architecture.Tests", "{7DBA9398-5481-4936-8982-A570BF990B9A}"
EndProject
Project("{9A19103F-16F7-4668-BE54-9A1E7A4F7556}") = "Architecture.Tests", "src\Structure\Architecture.Tests\Architecture.Tests.csproj", "{29ECFC32-2A16-45D9-A5E2-893347B6E861}"
EndProject
Project("{2150E333-8FDC-42A3-9474-1A3956D46DE8}") = "Gatherly", "Gatherly", "{EDF6FB79-F200-4513-BF9A-5C8493E664AC}"
EndProject
Project("{9A19103F-16F7-4668-BE54-9A1E7A4F7556}") = "Gatherly.Application", "src\Gatherly\Gatherly.Application\Gatherly.Application.csproj", "{AA03A02E-A534-4D11-B804-79C866F5D68B}"
EndProject
Project("{9A19103F-16F7-4668-BE54-9A1E7A4F7556}") = "Gatherly.Domain", "src\Gatherly\Gatherly.Domain\Gatherly.Domain.csproj", "{56F2FF38-0DEF-4CD2-A8A1-6DFBD79A4A87}"
EndProject
Project("{9A19103F-16F7-4668-BE54-9A1E7A4F7556}") = "Gatherly.App", "src\Gatherly\Gatherly.App\Gatherly.App.csproj", "{6A69CD92-F8FE-431E-8851-9CFF0F630D1D}"
EndProject
Project("{9A19103F-16F7-4668-BE54-9A1E7A4F7556}") = "Gatherly.Infrastructure", "src\Gatherly\Gatherly.Infrastructure\Gatherly.Infrastructure.csproj", "{77F67401-F032-4015-9800-F33BD16D25E0}"
EndProject
Project("{9A19103F-16F7-4668-BE54-9A1E7A4F7556}") = "Gatherly.Persistence", "src\Gatherly\Gatherly.Persistence\Gatherly.Persistence.csproj", "{91CBA554-B624-4DE2-A2D0-7EC8109AA65D}"
EndProject
Project("{9A19103F-16F7-4668-BE54-9A1E7A4F7556}") = "Gatherly.Presentation", "src\Gatherly\Gatherly.Presentation\Gatherly.Presentation.csproj", "{6A9DC408-48CF-4902-934E-43068DFA60CD}"
EndProject
Project("{9A19103F-16F7-4668-BE54-9A1E7A4F7556}") = "SmartEnum", "src\Services\Application\SmartEnum\SmartEnum.csproj", "{B77E07E5-18B4-40DA-979D-EA8B5446CEA7}"
EndProject
Project("{2150E333-8FDC-42A3-9474-1A3956D46DE8}") = "Test", "Test", "{A7805952-DAAB-4F43-AB88-47F7EE16BA47}"
EndProject
Project("{9A19103F-16F7-4668-BE54-9A1E7A4F7556}") = "ContainsDuplicates.Benchmark", "src\Services\Test\ContainsDuplicates.Benchmark\ContainsDuplicates.Benchmark.csproj", "{DD90E5AD-1162-4249-9683-71F6775367DB}"
EndProject
Project("{9A19103F-16F7-4668-BE54-9A1E7A4F7556}") = "OptionsExample", "src\Services\Application\OptionsExample\OptionsExample.csproj", "{831B9C86-109A-4CE7-B60F-E6341E4550C8}"
EndProject
Project("{2150E333-8FDC-42A3-9474-1A3956D46DE8}") = "eShop", "eShop", "{D73F4760-5819-4B63-BF39-7C29251C8DB8}"
EndProject
Project("{2150E333-8FDC-42A3-9474-1A3956D46DE8}") = "Application", "Application", "{773A65C9-1723-4377-8C15-F1195DBE5188}"
EndProject
Project("{2150E333-8FDC-42A3-9474-1A3956D46DE8}") = "Domain", "Domain", "{EDFBAB73-C8CB-4770-AE24-3451870A0D09}"
EndProject
Project("{2150E333-8FDC-42A3-9474-1A3956D46DE8}") = "Presentation", "Presentation", "{B73EE4E5-7A47-48B1-A4DE-879068B36CB5}"
EndProject
Project("{2150E333-8FDC-42A3-9474-1A3956D46DE8}") = "WebApi", "WebApi", "{04BD66DC-2183-4882-9862-41848BE0511A}"
EndProject
Project("{9A19103F-16F7-4668-BE54-9A1E7A4F7556}") = "Application", "src\eShop\Application\Application.csproj", "{8A680F6A-17C1-464C-A54C-D062B30292F6}"
EndProject
Project("{9A19103F-16F7-4668-BE54-9A1E7A4F7556}") = "Domain", "src\eShop\Domain\Domain.csproj", "{86131738-27E3-44A7-9044-B849746137B9}"
EndProject
Project("{9A19103F-16F7-4668-BE54-9A1E7A4F7556}") = "Presentation", "src\eShop\Presentation\Presentation.csproj", "{CD86C53C-731C-4ADA-B524-1112A9E302F0}"
EndProject
Project("{9A19103F-16F7-4668-BE54-9A1E7A4F7556}") = "WebApi", "src\eShop\WebApi\WebApi.csproj", "{830871A3-8FAA-4163-B904-DA33E55D6398}"
EndProject
Project("{2150E333-8FDC-42A3-9474-1A3956D46DE8}") = "Infrastructure", "Infrastructure", "{865BE9E3-1906-40B9-AB5F-AA609DE3434B}"
EndProject
Project("{9A19103F-16F7-4668-BE54-9A1E7A4F7556}") = "Infrastructure", "src\eShop\Infrastructure\Infrastructure.csproj", "{D069EB2A-2F93-441F-AB40-F2E65D8DA40D}"
EndProject
Project("{9A19103F-16F7-4668-BE54-9A1E7A4F7556}") = "EfCore.CompiledQuery.Benchmark", "src\Services\Test\EfCore.CompiledQuery.Benchmark\EfCore.CompiledQuery.Benchmark.csproj", "{17E8AFC3-D17D-412D-8210-706B3DF46D54}"
EndProject
Project("{9A19103F-16F7-4668-BE54-9A1E7A4F7556}") = "AzureFunctions.Walkthrough", "src\Services\Test\AzureFunctions.Walkthrough\AzureFunctions.Walkthrough.csproj", "{2F8C1FAE-09CF-4905-BA19-8BF9B26F0EF3}"
EndProject
Project("{9A19103F-16F7-4668-BE54-9A1E7A4F7556}") = "EfCore.Linq.ExtensionMethod", "src\Services\Infrastructure\EfCore.Linq.ExtensionMethod\EfCore.Linq.ExtensionMethod.csproj", "{24A1C187-0479-4167-A1A7-6A006EE89AD7}"
EndProject
Project("{2150E333-8FDC-42A3-9474-1A3956D46DE8}") = "Redis.PubSub", "Redis.PubSub", "{2A02AA49-5E9B-4793-89BB-11472148B9D1}"
EndProject
Project("{2150E333-8FDC-42A3-9474-1A3956D46DE8}") = "Contracts", "Contracts", "{9BA10BEC-DDBD-4CD2-8C74-8F98F08D02F7}"
EndProject
Project("{2150E333-8FDC-42A3-9474-1A3956D46DE8}") = "Publisher", "Publisher", "{E55963A4-04B1-4C12-B265-A3D962F1F70D}"
EndProject
Project("{2150E333-8FDC-42A3-9474-1A3956D46DE8}") = "Subscriber", "Subscriber", "{D3830BCD-C377-4638-B779-1474B352B2FE}"
EndProject
Project("{2150E333-8FDC-42A3-9474-1A3956D46DE8}") = "Clean Architecture", "Clean Architecture", "{38A09953-4406-4BB2-9CC2-23D7FD431AA5}"
EndProject
Project("{2150E333-8FDC-42A3-9474-1A3956D46DE8}") = "Application", "Application", "{04D9B17C-AB7B-482D-99B6-B9F6E95CA6D7}"
EndProject
Project("{2150E333-8FDC-42A3-9474-1A3956D46DE8}") = "Domain", "Domain", "{BFFE6A67-DD56-4E72-8DC5-8C95C20D43B6}"
EndProject
Project("{2150E333-8FDC-42A3-9474-1A3956D46DE8}") = "Infrastructure", "Infrastructure", "{FE249976-1B49-4863-B2B8-492FBCC91C2E}"
EndProject
Project("{2150E333-8FDC-42A3-9474-1A3956D46DE8}") = "Presentation", "Presentation", "{DB595CF7-A6FD-4691-90DD-3F5B26CC6F47}"
EndProject
Project("{2150E333-8FDC-42A3-9474-1A3956D46DE8}") = "WebApi", "WebApi", "{E14E5A66-9FE0-47AE-B337-83DBF791D370}"
EndProject
Project("{9A19103F-16F7-4668-BE54-9A1E7A4F7556}") = "Application", "src\Clean Architecture\Application\Application.csproj", "{E14FB58C-9A73-4887-8094-B04910939F85}"
EndProject
Project("{9A19103F-16F7-4668-BE54-9A1E7A4F7556}") = "Domain", "src\Clean Architecture\Domain\Domain.csproj", "{593CD02A-D1FE-4C1C-92B8-2524A9F2AC4E}"
EndProject
Project("{9A19103F-16F7-4668-BE54-9A1E7A4F7556}") = "Infrastructure", "src\Clean Architecture\Infrastructure\Infrastructure.csproj", "{46F8E1E7-7C8F-4ED3-A339-C1042F79F32B}"
EndProject
Project("{9A19103F-16F7-4668-BE54-9A1E7A4F7556}") = "Presentation", "src\Clean Architecture\Presentation\Presentation.csproj", "{8B6D0096-D3E2-4334-A5DA-5DE7F8EFB32E}"
EndProject
Project("{9A19103F-16F7-4668-BE54-9A1E7A4F7556}") = "WebApi", "src\Clean Architecture\WebApi\WebApi.csproj", "{A46EF4CD-40E2-4784-B996-A2A587944FB3}"
EndProject
Project("{2150E333-8FDC-42A3-9474-1A3956D46DE8}") = "AnemicDomain", "AnemicDomain", "{49122AF5-FAD9-488E-8442-E7AF8EFB78CC}"
EndProject
Project("{2150E333-8FDC-42A3-9474-1A3956D46DE8}") = "Application.Anemic", "Application.Anemic", "{2FFF8DB2-B757-4813-9C81-7440C20A4AFB}"
EndProject
Project("{2150E333-8FDC-42A3-9474-1A3956D46DE8}") = "Domain.Anemic", "Domain.Anemic", "{37D879D4-9167-41A3-95AA-C74A04505F1F}"
EndProject
Project("{2150E333-8FDC-42A3-9474-1A3956D46DE8}") = "Domain.Rich", "Domain.Rich", "{4475216F-95D1-40AC-B8A7-851B9B2A823B}"
EndProject
Project("{9A19103F-16F7-4668-BE54-9A1E7A4F7556}") = "Application.Anemic", "src\eShop\Application.Anemic\Application.Anemic.csproj", "{7ABA93F2-F41A-4615-8819-EF2F60C5CC6C}"
EndProject
Project("{9A19103F-16F7-4668-BE54-9A1E7A4F7556}") = "Domain.Anemic", "src\eShop\Domain.Anemic\Domain.Anemic.csproj", "{3918E7D1-C187-43C0-A95F-619811EF2A69}"
EndProject
Project("{9A19103F-16F7-4668-BE54-9A1E7A4F7556}") = "Domain.Rich", "src\eShop\Domain.Rich\Domain.Rich.csproj", "{27DA8CE7-81CE-45FB-9A3F-640F254CFEC1}"
EndProject
Project("{2150E333-8FDC-42A3-9474-1A3956D46DE8}") = "Supabase.Tutorial", "Supabase.Tutorial", "{BBA0DA6D-6B98-4E65-A2F3-41F98A3929B3}"
EndProject
Project("{9A19103F-16F7-4668-BE54-9A1E7A4F7556}") = "Web.API", "src\Clean Architecture\Web.API\Web.API.csproj", "{516E4410-BDCF-4514-816E-FC34477C5B45}"
EndProject
Project("{2150E333-8FDC-42A3-9474-1A3956D46DE8}") = "IntegrationEvents", "IntegrationEvents", "{08CAB706-03BB-4680-93ED-829CE1AB21F6}"
EndProject
Project("{9A19103F-16F7-4668-BE54-9A1E7A4F7556}") = "IntegrationEvents", "src\Clean Architecture\IntegrationEvents\IntegrationEvents.csproj", "{F44F9676-E17E-4B77-8F12-1B94FAE20D62}"
EndProject
Project("{9A19103F-16F7-4668-BE54-9A1E7A4F7556}") = "OptimizeMePlease", "src\Services\Test\EFCore\OptimizeMePlease.csproj", "{22E9F463-F777-4D96-9432-9D216B33AD1B}"
EndProject
Project("{9A19103F-16F7-4668-BE54-9A1E7A4F7556}") = "CQRS.Tutorial", "src\Services\Infrastructure\CQRS.Tutorial\CQRS.Tutorial.csproj", "{D5C1E9DE-B41C-4F00-BBDF-77075174B9C2}"
EndProject
Project("{2150E333-8FDC-42A3-9474-1A3956D46DE8}") = "Solution Items", "Solution Items", "{91EB2304-E4BE-418D-B5C8-339F0D78830B}"
	ProjectSection(SolutionItems) = preProject
		Solution Items\Directory.Build.props = Solution Items\Directory.Build.props
	EndProjectSection
EndProject
Project("{2150E333-8FDC-42A3-9474-1A3956D46DE8}") = "CleanCoding.Kata", "CleanCoding.Kata", "{A6ACCBF5-80F5-426E-B53F-2AF02F5127F4}"
EndProject
Project("{2150E333-8FDC-42A3-9474-1A3956D46DE8}") = "GitHub.Api", "GitHub.Api", "{B609C54B-3134-4EED-AB07-EA4B963EDEDC}"
EndProject
Project("{2150E333-8FDC-42A3-9474-1A3956D46DE8}") = "SignalRIntro.Api", "SignalRIntro.Api", "{EB1E4142-64E4-422D-8684-952D5E86E4FF}"
EndProject
Project("{2150E333-8FDC-42A3-9474-1A3956D46DE8}") = "EfficientDeleting", "EfficientDeleting", "{99956D36-7324-457B-83BC-FFB3E36BC801}"
EndProject
Project("{9A19103F-16F7-4668-BE54-9A1E7A4F7556}") = "Web.Api", "src\Services\Web Api\Web.Api\Web.Api.csproj", "{093F3EC9-261E-4B5E-8BA8-925A410E5ED9}"
EndProject
Project("{2150E333-8FDC-42A3-9474-1A3956D46DE8}") = "Yarp.LoadBalancer", "Yarp.LoadBalancer", "{2D8AC43C-D936-41C2-A8FB-B3B3E0A04654}"
EndProject
Project("{9A19103F-16F7-4668-BE54-9A1E7A4F7556}") = "Yarp.LoadBalancer", "src\Clean Architecture\Yarp.LoadBalancer\Yarp.LoadBalancer.csproj", "{D4BEDAB9-BA5E-405A-89BE-65FB1040BD8C}"
EndProject
Project("{2150E333-8FDC-42A3-9474-1A3956D46DE8}") = "Application.IntegrationTests", "Application.IntegrationTests", "{3C90AD57-1505-4FA4-9EA6-BA49D050989A}"
EndProject
Project("{9A19103F-16F7-4668-BE54-9A1E7A4F7556}") = "Application.IntegrationTests", "src\Clean Architecture\Application.IntegrationTests\Application.IntegrationTests.csproj", "{B83BA6A8-325F-4661-A979-725B6D103874}"
EndProject
Project("{2150E333-8FDC-42A3-9474-1A3956D46DE8}") = "UrlShortener", "UrlShortener", "{43820D2E-934C-4C66-88EF-AE98FFA372AC}"
EndProject
Project("{2150E333-8FDC-42A3-9474-1A3956D46DE8}") = "VerticalSlices", "VerticalSlices", "{F5D75389-C4E7-4442-AA1A-20D41757724F}"
EndProject
Project("{9A19103F-16F7-4668-BE54-9A1E7A4F7556}") = "App", "src\Open\CleanCoding.Kata\App\App.csproj", "{788139F3-A6D1-45E4-8935-B99258ED25D7}"
EndProject
Project("{9A19103F-16F7-4668-BE54-9A1E7A4F7556}") = "Domain", "src\Open\CleanCoding.Kata\Domain\Domain.csproj", "{902D450E-00B8-412F-8B79-BFB9662296A5}"
EndProject
Project("{9A19103F-16F7-4668-BE54-9A1E7A4F7556}") = "EfficientDeleting.Api", "src\Open\EfficientDeleting\EfficientDeleting.Api\EfficientDeleting.Api.csproj", "{470FE6CC-A9B9-4510-A379-71A172719040}"
EndProject
Project("{9A19103F-16F7-4668-BE54-9A1E7A4F7556}") = "GitHub.Api", "src\Open\GitHub.Api\GitHub.Api.csproj", "{7B679010-2370-4968-A822-4EC50AA301AB}"
EndProject
Project("{9A19103F-16F7-4668-BE54-9A1E7A4F7556}") = "Contracts", "src\Open\Redis.PubSub\Contracts\Contracts.csproj", "{9AF20B0F-C7E6-45D2-98E1-6D8B045FC1C6}"
EndProject
Project("{9A19103F-16F7-4668-BE54-9A1E7A4F7556}") = "Publisher", "src\Open\Redis.PubSub\Publisher\Publisher.csproj", "{A42F2902-D5E9-4833-9EA8-E94E670EEC7D}"
EndProject
Project("{9A19103F-16F7-4668-BE54-9A1E7A4F7556}") = "Subscriber", "src\Open\Redis.PubSub\Subscriber\Subscriber.csproj", "{8F6F4506-1A89-4DAD-9A50-E7925D5552FC}"
EndProject
Project("{9A19103F-16F7-4668-BE54-9A1E7A4F7556}") = "SignalRIntro.Api", "src\Open\SignalRIntro.Api\SignalRIntro.Api.csproj", "{7CB3BA35-3D41-44DB-9DDD-E1D1D3DB5666}"
EndProject
Project("{9A19103F-16F7-4668-BE54-9A1E7A4F7556}") = "Supabase.Tutorial", "src\Open\Supabase.Tutorial\Supabase.Tutorial.csproj", "{D071C211-163E-4C4F-B7EF-4B552B9B02F8}"
EndProject
Project("{9A19103F-16F7-4668-BE54-9A1E7A4F7556}") = "UrlShortener", "src\Open\UrlShortener\UrlShortener\UrlShortener.csproj", "{57F9DCBB-C5B8-4DA3-B3C5-5819749440B9}"
EndProject
Project("{9A19103F-16F7-4668-BE54-9A1E7A4F7556}") = "Newsletter.Api", "src\Open\VerticalSlices\Newsletter.Api\Newsletter.Api.csproj", "{7B3EBA21-3336-4A38-A756-A162855A4F6E}"
EndProject
Project("{2150E333-8FDC-42A3-9474-1A3956D46DE8}") = "real-working", "real-working", "{BDE70C2E-8CA6-4B9E-BF44-12323DC5F3C7}"
EndProject
Project("{2150E333-8FDC-42A3-9474-1A3956D46DE8}") = "src", "src", "{B39C240F-94C5-4489-9BDC-49B2E0664075}"
EndProject
Project("{2150E333-8FDC-42A3-9474-1A3956D46DE8}") = "ContentPlatform", "ContentPlatform", "{2968201D-2F36-4CC0-8019-2FFFAAB3FE6F}"
EndProject
Project("{2150E333-8FDC-42A3-9474-1A3956D46DE8}") = "Contracts", "Contracts", "{42679FBA-104F-4DBC-987F-31F4819B33F2}"
EndProject
Project("{2150E333-8FDC-42A3-9474-1A3956D46DE8}") = "Newsletter.Api", "Newsletter.Api", "{045DE383-288B-46C2-856A-63D8F95D71F4}"
EndProject
Project("{2150E333-8FDC-42A3-9474-1A3956D46DE8}") = "Newsletter.Reporting.Api", "Newsletter.Reporting.Api", "{9B236E00-287F-40BA-B6FA-A57E79E030DD}"
EndProject
Project("{2150E333-8FDC-42A3-9474-1A3956D46DE8}") = "Shared", "Shared", "{70129227-323A-4FF4-A74C-499905688DF7}"
EndProject
Project("{9A19103F-16F7-4668-BE54-9A1E7A4F7556}") = "Contracts", "src\ContentPlatform\Contracts\Contracts.csproj", "{83074140-957C-43B9-BB9F-EEC1A02D89C9}"
EndProject
Project("{9A19103F-16F7-4668-BE54-9A1E7A4F7556}") = "Newsletter.Api", "src\ContentPlatform\Newsletter.Api\Newsletter.Api.csproj", "{75593B6E-A6EC-4402-9AB8-7085DB769E87}"
EndProject
Project("{9A19103F-16F7-4668-BE54-9A1E7A4F7556}") = "Newsletter.Reporting.Api", "src\ContentPlatform\Newsletter.Reporting.Api\Newsletter.Reporting.Api.csproj", "{6CAE34A4-6C76-4ACA-A13E-6C27E3026751}"
EndProject
Project("{9A19103F-16F7-4668-BE54-9A1E7A4F7556}") = "Shared", "src\ContentPlatform\Shared\Shared.csproj", "{3A1D8727-1FB3-414E-835A-BA846836DFC8}"
EndProject
Project("{2150E333-8FDC-42A3-9474-1A3956D46DE8}") = "Blazor.Notifications", "Blazor.Notifications", "{9530EAF9-D390-4B76-8D85-B403365ABEC8}"
EndProject
Project("{2150E333-8FDC-42A3-9474-1A3956D46DE8}") = "Notifications.Api", "Notifications.Api", "{76C1A1E4-158E-4ABD-9075-6F9423616F17}"
EndProject
Project("{2150E333-8FDC-42A3-9474-1A3956D46DE8}") = "Notifications.Client", "Notifications.Client", "{72F2B088-4B3C-47E3-B263-853EF5DCC1BF}"
EndProject
Project("{9A19103F-16F7-4668-BE54-9A1E7A4F7556}") = "Notifications.Api", "src\Open\Blazor.Notifications\Notifications.Api\Notifications.Api.csproj", "{BBBEFDE2-58D7-4DD3-B8BD-3928B9734DC2}"
EndProject
Project("{9A19103F-16F7-4668-BE54-9A1E7A4F7556}") = "Notifications.Client", "src\Open\Blazor.Notifications\Notifications.Client\Notifications.Client.csproj", "{7BE6E7B9-5D4E-408A-9003-7B666DA93E42}"
EndProject
Global
	GlobalSection(SolutionConfigurationPlatforms) = preSolution
		Debug|Any CPU = Debug|Any CPU
		Release|Any CPU = Release|Any CPU
	EndGlobalSection
	GlobalSection(ProjectConfigurationPlatforms) = postSolution
		{A78FB5C6-07C4-43A8-ACDD-D1668C07FBD5}.Debug|Any CPU.ActiveCfg = Debug|Any CPU
		{A78FB5C6-07C4-43A8-ACDD-D1668C07FBD5}.Debug|Any CPU.Build.0 = Debug|Any CPU
		{A78FB5C6-07C4-43A8-ACDD-D1668C07FBD5}.Release|Any CPU.ActiveCfg = Release|Any CPU
		{A78FB5C6-07C4-43A8-ACDD-D1668C07FBD5}.Release|Any CPU.Build.0 = Release|Any CPU
		{F831F656-7BBF-4648-BE3D-4021F9DFB30F}.Debug|Any CPU.ActiveCfg = Debug|Any CPU
		{F831F656-7BBF-4648-BE3D-4021F9DFB30F}.Debug|Any CPU.Build.0 = Debug|Any CPU
		{F831F656-7BBF-4648-BE3D-4021F9DFB30F}.Release|Any CPU.ActiveCfg = Release|Any CPU
		{F831F656-7BBF-4648-BE3D-4021F9DFB30F}.Release|Any CPU.Build.0 = Release|Any CPU
		{8701D71F-F9DB-4FD9-A661-E6A33315B14B}.Debug|Any CPU.ActiveCfg = Debug|Any CPU
		{8701D71F-F9DB-4FD9-A661-E6A33315B14B}.Debug|Any CPU.Build.0 = Debug|Any CPU
		{8701D71F-F9DB-4FD9-A661-E6A33315B14B}.Release|Any CPU.ActiveCfg = Release|Any CPU
		{8701D71F-F9DB-4FD9-A661-E6A33315B14B}.Release|Any CPU.Build.0 = Release|Any CPU
		{AE8AE010-5147-44DF-86F7-882EA9F04E0A}.Debug|Any CPU.ActiveCfg = Debug|Any CPU
		{AE8AE010-5147-44DF-86F7-882EA9F04E0A}.Debug|Any CPU.Build.0 = Debug|Any CPU
		{AE8AE010-5147-44DF-86F7-882EA9F04E0A}.Release|Any CPU.ActiveCfg = Release|Any CPU
		{AE8AE010-5147-44DF-86F7-882EA9F04E0A}.Release|Any CPU.Build.0 = Release|Any CPU
		{38256954-9000-4499-A7CB-795C80433417}.Debug|Any CPU.ActiveCfg = Debug|Any CPU
		{38256954-9000-4499-A7CB-795C80433417}.Debug|Any CPU.Build.0 = Debug|Any CPU
		{38256954-9000-4499-A7CB-795C80433417}.Release|Any CPU.ActiveCfg = Release|Any CPU
		{38256954-9000-4499-A7CB-795C80433417}.Release|Any CPU.Build.0 = Release|Any CPU
		{32F646BE-384F-47CC-84AC-D82300FB19F8}.Debug|Any CPU.ActiveCfg = Debug|Any CPU
		{32F646BE-384F-47CC-84AC-D82300FB19F8}.Debug|Any CPU.Build.0 = Debug|Any CPU
		{32F646BE-384F-47CC-84AC-D82300FB19F8}.Release|Any CPU.ActiveCfg = Release|Any CPU
		{32F646BE-384F-47CC-84AC-D82300FB19F8}.Release|Any CPU.Build.0 = Release|Any CPU
		{29ECFC32-2A16-45D9-A5E2-893347B6E861}.Debug|Any CPU.ActiveCfg = Debug|Any CPU
		{29ECFC32-2A16-45D9-A5E2-893347B6E861}.Debug|Any CPU.Build.0 = Debug|Any CPU
		{29ECFC32-2A16-45D9-A5E2-893347B6E861}.Release|Any CPU.ActiveCfg = Release|Any CPU
		{29ECFC32-2A16-45D9-A5E2-893347B6E861}.Release|Any CPU.Build.0 = Release|Any CPU
		{AA03A02E-A534-4D11-B804-79C866F5D68B}.Debug|Any CPU.ActiveCfg = Debug|Any CPU
		{AA03A02E-A534-4D11-B804-79C866F5D68B}.Debug|Any CPU.Build.0 = Debug|Any CPU
		{AA03A02E-A534-4D11-B804-79C866F5D68B}.Release|Any CPU.ActiveCfg = Release|Any CPU
		{AA03A02E-A534-4D11-B804-79C866F5D68B}.Release|Any CPU.Build.0 = Release|Any CPU
		{56F2FF38-0DEF-4CD2-A8A1-6DFBD79A4A87}.Debug|Any CPU.ActiveCfg = Debug|Any CPU
		{56F2FF38-0DEF-4CD2-A8A1-6DFBD79A4A87}.Debug|Any CPU.Build.0 = Debug|Any CPU
		{56F2FF38-0DEF-4CD2-A8A1-6DFBD79A4A87}.Release|Any CPU.ActiveCfg = Release|Any CPU
		{56F2FF38-0DEF-4CD2-A8A1-6DFBD79A4A87}.Release|Any CPU.Build.0 = Release|Any CPU
		{6A69CD92-F8FE-431E-8851-9CFF0F630D1D}.Debug|Any CPU.ActiveCfg = Debug|Any CPU
		{6A69CD92-F8FE-431E-8851-9CFF0F630D1D}.Debug|Any CPU.Build.0 = Debug|Any CPU
		{6A69CD92-F8FE-431E-8851-9CFF0F630D1D}.Release|Any CPU.ActiveCfg = Release|Any CPU
		{6A69CD92-F8FE-431E-8851-9CFF0F630D1D}.Release|Any CPU.Build.0 = Release|Any CPU
		{77F67401-F032-4015-9800-F33BD16D25E0}.Debug|Any CPU.ActiveCfg = Debug|Any CPU
		{77F67401-F032-4015-9800-F33BD16D25E0}.Debug|Any CPU.Build.0 = Debug|Any CPU
		{77F67401-F032-4015-9800-F33BD16D25E0}.Release|Any CPU.ActiveCfg = Release|Any CPU
		{77F67401-F032-4015-9800-F33BD16D25E0}.Release|Any CPU.Build.0 = Release|Any CPU
		{91CBA554-B624-4DE2-A2D0-7EC8109AA65D}.Debug|Any CPU.ActiveCfg = Debug|Any CPU
		{91CBA554-B624-4DE2-A2D0-7EC8109AA65D}.Debug|Any CPU.Build.0 = Debug|Any CPU
		{91CBA554-B624-4DE2-A2D0-7EC8109AA65D}.Release|Any CPU.ActiveCfg = Release|Any CPU
		{91CBA554-B624-4DE2-A2D0-7EC8109AA65D}.Release|Any CPU.Build.0 = Release|Any CPU
		{6A9DC408-48CF-4902-934E-43068DFA60CD}.Debug|Any CPU.ActiveCfg = Debug|Any CPU
		{6A9DC408-48CF-4902-934E-43068DFA60CD}.Debug|Any CPU.Build.0 = Debug|Any CPU
		{6A9DC408-48CF-4902-934E-43068DFA60CD}.Release|Any CPU.ActiveCfg = Release|Any CPU
		{6A9DC408-48CF-4902-934E-43068DFA60CD}.Release|Any CPU.Build.0 = Release|Any CPU
		{B77E07E5-18B4-40DA-979D-EA8B5446CEA7}.Debug|Any CPU.ActiveCfg = Debug|Any CPU
		{B77E07E5-18B4-40DA-979D-EA8B5446CEA7}.Debug|Any CPU.Build.0 = Debug|Any CPU
		{B77E07E5-18B4-40DA-979D-EA8B5446CEA7}.Release|Any CPU.ActiveCfg = Release|Any CPU
		{B77E07E5-18B4-40DA-979D-EA8B5446CEA7}.Release|Any CPU.Build.0 = Release|Any CPU
		{DD90E5AD-1162-4249-9683-71F6775367DB}.Debug|Any CPU.ActiveCfg = Debug|Any CPU
		{DD90E5AD-1162-4249-9683-71F6775367DB}.Debug|Any CPU.Build.0 = Debug|Any CPU
		{DD90E5AD-1162-4249-9683-71F6775367DB}.Release|Any CPU.ActiveCfg = Release|Any CPU
		{DD90E5AD-1162-4249-9683-71F6775367DB}.Release|Any CPU.Build.0 = Release|Any CPU
		{831B9C86-109A-4CE7-B60F-E6341E4550C8}.Debug|Any CPU.ActiveCfg = Debug|Any CPU
		{831B9C86-109A-4CE7-B60F-E6341E4550C8}.Debug|Any CPU.Build.0 = Debug|Any CPU
		{831B9C86-109A-4CE7-B60F-E6341E4550C8}.Release|Any CPU.ActiveCfg = Release|Any CPU
		{831B9C86-109A-4CE7-B60F-E6341E4550C8}.Release|Any CPU.Build.0 = Release|Any CPU
		{8A680F6A-17C1-464C-A54C-D062B30292F6}.Debug|Any CPU.ActiveCfg = Debug|Any CPU
		{8A680F6A-17C1-464C-A54C-D062B30292F6}.Debug|Any CPU.Build.0 = Debug|Any CPU
		{8A680F6A-17C1-464C-A54C-D062B30292F6}.Release|Any CPU.ActiveCfg = Release|Any CPU
		{8A680F6A-17C1-464C-A54C-D062B30292F6}.Release|Any CPU.Build.0 = Release|Any CPU
		{86131738-27E3-44A7-9044-B849746137B9}.Debug|Any CPU.ActiveCfg = Debug|Any CPU
		{86131738-27E3-44A7-9044-B849746137B9}.Debug|Any CPU.Build.0 = Debug|Any CPU
		{86131738-27E3-44A7-9044-B849746137B9}.Release|Any CPU.ActiveCfg = Release|Any CPU
		{86131738-27E3-44A7-9044-B849746137B9}.Release|Any CPU.Build.0 = Release|Any CPU
		{CD86C53C-731C-4ADA-B524-1112A9E302F0}.Debug|Any CPU.ActiveCfg = Debug|Any CPU
		{CD86C53C-731C-4ADA-B524-1112A9E302F0}.Debug|Any CPU.Build.0 = Debug|Any CPU
		{CD86C53C-731C-4ADA-B524-1112A9E302F0}.Release|Any CPU.ActiveCfg = Release|Any CPU
		{CD86C53C-731C-4ADA-B524-1112A9E302F0}.Release|Any CPU.Build.0 = Release|Any CPU
		{830871A3-8FAA-4163-B904-DA33E55D6398}.Debug|Any CPU.ActiveCfg = Debug|Any CPU
		{830871A3-8FAA-4163-B904-DA33E55D6398}.Debug|Any CPU.Build.0 = Debug|Any CPU
		{830871A3-8FAA-4163-B904-DA33E55D6398}.Release|Any CPU.ActiveCfg = Release|Any CPU
		{830871A3-8FAA-4163-B904-DA33E55D6398}.Release|Any CPU.Build.0 = Release|Any CPU
		{D069EB2A-2F93-441F-AB40-F2E65D8DA40D}.Debug|Any CPU.ActiveCfg = Debug|Any CPU
		{D069EB2A-2F93-441F-AB40-F2E65D8DA40D}.Debug|Any CPU.Build.0 = Debug|Any CPU
		{D069EB2A-2F93-441F-AB40-F2E65D8DA40D}.Release|Any CPU.ActiveCfg = Release|Any CPU
		{D069EB2A-2F93-441F-AB40-F2E65D8DA40D}.Release|Any CPU.Build.0 = Release|Any CPU
		{17E8AFC3-D17D-412D-8210-706B3DF46D54}.Debug|Any CPU.ActiveCfg = Debug|Any CPU
		{17E8AFC3-D17D-412D-8210-706B3DF46D54}.Debug|Any CPU.Build.0 = Debug|Any CPU
		{17E8AFC3-D17D-412D-8210-706B3DF46D54}.Release|Any CPU.ActiveCfg = Release|Any CPU
		{17E8AFC3-D17D-412D-8210-706B3DF46D54}.Release|Any CPU.Build.0 = Release|Any CPU
		{2F8C1FAE-09CF-4905-BA19-8BF9B26F0EF3}.Debug|Any CPU.ActiveCfg = Debug|Any CPU
		{2F8C1FAE-09CF-4905-BA19-8BF9B26F0EF3}.Debug|Any CPU.Build.0 = Debug|Any CPU
		{2F8C1FAE-09CF-4905-BA19-8BF9B26F0EF3}.Release|Any CPU.ActiveCfg = Release|Any CPU
		{2F8C1FAE-09CF-4905-BA19-8BF9B26F0EF3}.Release|Any CPU.Build.0 = Release|Any CPU
		{24A1C187-0479-4167-A1A7-6A006EE89AD7}.Debug|Any CPU.ActiveCfg = Debug|Any CPU
		{24A1C187-0479-4167-A1A7-6A006EE89AD7}.Debug|Any CPU.Build.0 = Debug|Any CPU
		{24A1C187-0479-4167-A1A7-6A006EE89AD7}.Release|Any CPU.ActiveCfg = Release|Any CPU
		{24A1C187-0479-4167-A1A7-6A006EE89AD7}.Release|Any CPU.Build.0 = Release|Any CPU
		{E14FB58C-9A73-4887-8094-B04910939F85}.Debug|Any CPU.ActiveCfg = Debug|Any CPU
		{E14FB58C-9A73-4887-8094-B04910939F85}.Debug|Any CPU.Build.0 = Debug|Any CPU
		{E14FB58C-9A73-4887-8094-B04910939F85}.Release|Any CPU.ActiveCfg = Release|Any CPU
		{E14FB58C-9A73-4887-8094-B04910939F85}.Release|Any CPU.Build.0 = Release|Any CPU
		{593CD02A-D1FE-4C1C-92B8-2524A9F2AC4E}.Debug|Any CPU.ActiveCfg = Debug|Any CPU
		{593CD02A-D1FE-4C1C-92B8-2524A9F2AC4E}.Debug|Any CPU.Build.0 = Debug|Any CPU
		{593CD02A-D1FE-4C1C-92B8-2524A9F2AC4E}.Release|Any CPU.ActiveCfg = Release|Any CPU
		{593CD02A-D1FE-4C1C-92B8-2524A9F2AC4E}.Release|Any CPU.Build.0 = Release|Any CPU
		{46F8E1E7-7C8F-4ED3-A339-C1042F79F32B}.Debug|Any CPU.ActiveCfg = Debug|Any CPU
		{46F8E1E7-7C8F-4ED3-A339-C1042F79F32B}.Debug|Any CPU.Build.0 = Debug|Any CPU
		{46F8E1E7-7C8F-4ED3-A339-C1042F79F32B}.Release|Any CPU.ActiveCfg = Release|Any CPU
		{46F8E1E7-7C8F-4ED3-A339-C1042F79F32B}.Release|Any CPU.Build.0 = Release|Any CPU
		{8B6D0096-D3E2-4334-A5DA-5DE7F8EFB32E}.Debug|Any CPU.ActiveCfg = Debug|Any CPU
		{8B6D0096-D3E2-4334-A5DA-5DE7F8EFB32E}.Debug|Any CPU.Build.0 = Debug|Any CPU
		{8B6D0096-D3E2-4334-A5DA-5DE7F8EFB32E}.Release|Any CPU.ActiveCfg = Release|Any CPU
		{8B6D0096-D3E2-4334-A5DA-5DE7F8EFB32E}.Release|Any CPU.Build.0 = Release|Any CPU
		{A46EF4CD-40E2-4784-B996-A2A587944FB3}.Debug|Any CPU.ActiveCfg = Debug|Any CPU
		{A46EF4CD-40E2-4784-B996-A2A587944FB3}.Debug|Any CPU.Build.0 = Debug|Any CPU
		{A46EF4CD-40E2-4784-B996-A2A587944FB3}.Release|Any CPU.ActiveCfg = Release|Any CPU
		{A46EF4CD-40E2-4784-B996-A2A587944FB3}.Release|Any CPU.Build.0 = Release|Any CPU
		{7ABA93F2-F41A-4615-8819-EF2F60C5CC6C}.Debug|Any CPU.ActiveCfg = Debug|Any CPU
		{7ABA93F2-F41A-4615-8819-EF2F60C5CC6C}.Debug|Any CPU.Build.0 = Debug|Any CPU
		{7ABA93F2-F41A-4615-8819-EF2F60C5CC6C}.Release|Any CPU.ActiveCfg = Release|Any CPU
		{7ABA93F2-F41A-4615-8819-EF2F60C5CC6C}.Release|Any CPU.Build.0 = Release|Any CPU
		{3918E7D1-C187-43C0-A95F-619811EF2A69}.Debug|Any CPU.ActiveCfg = Debug|Any CPU
		{3918E7D1-C187-43C0-A95F-619811EF2A69}.Debug|Any CPU.Build.0 = Debug|Any CPU
		{3918E7D1-C187-43C0-A95F-619811EF2A69}.Release|Any CPU.ActiveCfg = Release|Any CPU
		{3918E7D1-C187-43C0-A95F-619811EF2A69}.Release|Any CPU.Build.0 = Release|Any CPU
		{27DA8CE7-81CE-45FB-9A3F-640F254CFEC1}.Debug|Any CPU.ActiveCfg = Debug|Any CPU
		{27DA8CE7-81CE-45FB-9A3F-640F254CFEC1}.Debug|Any CPU.Build.0 = Debug|Any CPU
		{27DA8CE7-81CE-45FB-9A3F-640F254CFEC1}.Release|Any CPU.ActiveCfg = Release|Any CPU
		{27DA8CE7-81CE-45FB-9A3F-640F254CFEC1}.Release|Any CPU.Build.0 = Release|Any CPU
		{516E4410-BDCF-4514-816E-FC34477C5B45}.Debug|Any CPU.ActiveCfg = Debug|Any CPU
		{516E4410-BDCF-4514-816E-FC34477C5B45}.Debug|Any CPU.Build.0 = Debug|Any CPU
		{516E4410-BDCF-4514-816E-FC34477C5B45}.Release|Any CPU.ActiveCfg = Release|Any CPU
		{516E4410-BDCF-4514-816E-FC34477C5B45}.Release|Any CPU.Build.0 = Release|Any CPU
		{F44F9676-E17E-4B77-8F12-1B94FAE20D62}.Debug|Any CPU.ActiveCfg = Debug|Any CPU
		{F44F9676-E17E-4B77-8F12-1B94FAE20D62}.Debug|Any CPU.Build.0 = Debug|Any CPU
		{F44F9676-E17E-4B77-8F12-1B94FAE20D62}.Release|Any CPU.ActiveCfg = Release|Any CPU
		{F44F9676-E17E-4B77-8F12-1B94FAE20D62}.Release|Any CPU.Build.0 = Release|Any CPU
		{22E9F463-F777-4D96-9432-9D216B33AD1B}.Debug|Any CPU.ActiveCfg = Debug|Any CPU
		{22E9F463-F777-4D96-9432-9D216B33AD1B}.Debug|Any CPU.Build.0 = Debug|Any CPU
		{22E9F463-F777-4D96-9432-9D216B33AD1B}.Release|Any CPU.ActiveCfg = Release|Any CPU
		{22E9F463-F777-4D96-9432-9D216B33AD1B}.Release|Any CPU.Build.0 = Release|Any CPU
		{D5C1E9DE-B41C-4F00-BBDF-77075174B9C2}.Debug|Any CPU.ActiveCfg = Debug|Any CPU
		{D5C1E9DE-B41C-4F00-BBDF-77075174B9C2}.Debug|Any CPU.Build.0 = Debug|Any CPU
		{D5C1E9DE-B41C-4F00-BBDF-77075174B9C2}.Release|Any CPU.ActiveCfg = Release|Any CPU
		{D5C1E9DE-B41C-4F00-BBDF-77075174B9C2}.Release|Any CPU.Build.0 = Release|Any CPU
		{093F3EC9-261E-4B5E-8BA8-925A410E5ED9}.Debug|Any CPU.ActiveCfg = Debug|Any CPU
		{093F3EC9-261E-4B5E-8BA8-925A410E5ED9}.Debug|Any CPU.Build.0 = Debug|Any CPU
		{093F3EC9-261E-4B5E-8BA8-925A410E5ED9}.Release|Any CPU.ActiveCfg = Release|Any CPU
		{093F3EC9-261E-4B5E-8BA8-925A410E5ED9}.Release|Any CPU.Build.0 = Release|Any CPU
		{D4BEDAB9-BA5E-405A-89BE-65FB1040BD8C}.Debug|Any CPU.ActiveCfg = Debug|Any CPU
		{D4BEDAB9-BA5E-405A-89BE-65FB1040BD8C}.Debug|Any CPU.Build.0 = Debug|Any CPU
		{D4BEDAB9-BA5E-405A-89BE-65FB1040BD8C}.Release|Any CPU.ActiveCfg = Release|Any CPU
		{D4BEDAB9-BA5E-405A-89BE-65FB1040BD8C}.Release|Any CPU.Build.0 = Release|Any CPU
		{B83BA6A8-325F-4661-A979-725B6D103874}.Debug|Any CPU.ActiveCfg = Debug|Any CPU
		{B83BA6A8-325F-4661-A979-725B6D103874}.Debug|Any CPU.Build.0 = Debug|Any CPU
		{B83BA6A8-325F-4661-A979-725B6D103874}.Release|Any CPU.ActiveCfg = Release|Any CPU
		{B83BA6A8-325F-4661-A979-725B6D103874}.Release|Any CPU.Build.0 = Release|Any CPU
		{788139F3-A6D1-45E4-8935-B99258ED25D7}.Debug|Any CPU.ActiveCfg = Debug|Any CPU
		{788139F3-A6D1-45E4-8935-B99258ED25D7}.Debug|Any CPU.Build.0 = Debug|Any CPU
		{788139F3-A6D1-45E4-8935-B99258ED25D7}.Release|Any CPU.ActiveCfg = Release|Any CPU
		{788139F3-A6D1-45E4-8935-B99258ED25D7}.Release|Any CPU.Build.0 = Release|Any CPU
		{902D450E-00B8-412F-8B79-BFB9662296A5}.Debug|Any CPU.ActiveCfg = Debug|Any CPU
		{902D450E-00B8-412F-8B79-BFB9662296A5}.Debug|Any CPU.Build.0 = Debug|Any CPU
		{902D450E-00B8-412F-8B79-BFB9662296A5}.Release|Any CPU.ActiveCfg = Release|Any CPU
		{902D450E-00B8-412F-8B79-BFB9662296A5}.Release|Any CPU.Build.0 = Release|Any CPU
		{470FE6CC-A9B9-4510-A379-71A172719040}.Debug|Any CPU.ActiveCfg = Debug|Any CPU
		{470FE6CC-A9B9-4510-A379-71A172719040}.Debug|Any CPU.Build.0 = Debug|Any CPU
		{470FE6CC-A9B9-4510-A379-71A172719040}.Release|Any CPU.ActiveCfg = Release|Any CPU
		{470FE6CC-A9B9-4510-A379-71A172719040}.Release|Any CPU.Build.0 = Release|Any CPU
		{7B679010-2370-4968-A822-4EC50AA301AB}.Debug|Any CPU.ActiveCfg = Debug|Any CPU
		{7B679010-2370-4968-A822-4EC50AA301AB}.Debug|Any CPU.Build.0 = Debug|Any CPU
		{7B679010-2370-4968-A822-4EC50AA301AB}.Release|Any CPU.ActiveCfg = Release|Any CPU
		{7B679010-2370-4968-A822-4EC50AA301AB}.Release|Any CPU.Build.0 = Release|Any CPU
		{9AF20B0F-C7E6-45D2-98E1-6D8B045FC1C6}.Debug|Any CPU.ActiveCfg = Debug|Any CPU
		{9AF20B0F-C7E6-45D2-98E1-6D8B045FC1C6}.Debug|Any CPU.Build.0 = Debug|Any CPU
		{9AF20B0F-C7E6-45D2-98E1-6D8B045FC1C6}.Release|Any CPU.ActiveCfg = Release|Any CPU
		{9AF20B0F-C7E6-45D2-98E1-6D8B045FC1C6}.Release|Any CPU.Build.0 = Release|Any CPU
		{A42F2902-D5E9-4833-9EA8-E94E670EEC7D}.Debug|Any CPU.ActiveCfg = Debug|Any CPU
		{A42F2902-D5E9-4833-9EA8-E94E670EEC7D}.Debug|Any CPU.Build.0 = Debug|Any CPU
		{A42F2902-D5E9-4833-9EA8-E94E670EEC7D}.Release|Any CPU.ActiveCfg = Release|Any CPU
		{A42F2902-D5E9-4833-9EA8-E94E670EEC7D}.Release|Any CPU.Build.0 = Release|Any CPU
		{8F6F4506-1A89-4DAD-9A50-E7925D5552FC}.Debug|Any CPU.ActiveCfg = Debug|Any CPU
		{8F6F4506-1A89-4DAD-9A50-E7925D5552FC}.Debug|Any CPU.Build.0 = Debug|Any CPU
		{8F6F4506-1A89-4DAD-9A50-E7925D5552FC}.Release|Any CPU.ActiveCfg = Release|Any CPU
		{8F6F4506-1A89-4DAD-9A50-E7925D5552FC}.Release|Any CPU.Build.0 = Release|Any CPU
		{7CB3BA35-3D41-44DB-9DDD-E1D1D3DB5666}.Debug|Any CPU.ActiveCfg = Debug|Any CPU
		{7CB3BA35-3D41-44DB-9DDD-E1D1D3DB5666}.Debug|Any CPU.Build.0 = Debug|Any CPU
		{7CB3BA35-3D41-44DB-9DDD-E1D1D3DB5666}.Release|Any CPU.ActiveCfg = Release|Any CPU
		{7CB3BA35-3D41-44DB-9DDD-E1D1D3DB5666}.Release|Any CPU.Build.0 = Release|Any CPU
		{D071C211-163E-4C4F-B7EF-4B552B9B02F8}.Debug|Any CPU.ActiveCfg = Debug|Any CPU
		{D071C211-163E-4C4F-B7EF-4B552B9B02F8}.Debug|Any CPU.Build.0 = Debug|Any CPU
		{D071C211-163E-4C4F-B7EF-4B552B9B02F8}.Release|Any CPU.ActiveCfg = Release|Any CPU
		{D071C211-163E-4C4F-B7EF-4B552B9B02F8}.Release|Any CPU.Build.0 = Release|Any CPU
		{57F9DCBB-C5B8-4DA3-B3C5-5819749440B9}.Debug|Any CPU.ActiveCfg = Debug|Any CPU
		{57F9DCBB-C5B8-4DA3-B3C5-5819749440B9}.Debug|Any CPU.Build.0 = Debug|Any CPU
		{57F9DCBB-C5B8-4DA3-B3C5-5819749440B9}.Release|Any CPU.ActiveCfg = Release|Any CPU
		{57F9DCBB-C5B8-4DA3-B3C5-5819749440B9}.Release|Any CPU.Build.0 = Release|Any CPU
		{7B3EBA21-3336-4A38-A756-A162855A4F6E}.Debug|Any CPU.ActiveCfg = Debug|Any CPU
		{7B3EBA21-3336-4A38-A756-A162855A4F6E}.Debug|Any CPU.Build.0 = Debug|Any CPU
		{7B3EBA21-3336-4A38-A756-A162855A4F6E}.Release|Any CPU.ActiveCfg = Release|Any CPU
		{7B3EBA21-3336-4A38-A756-A162855A4F6E}.Release|Any CPU.Build.0 = Release|Any CPU
		{83074140-957C-43B9-BB9F-EEC1A02D89C9}.Debug|Any CPU.ActiveCfg = Debug|Any CPU
		{83074140-957C-43B9-BB9F-EEC1A02D89C9}.Debug|Any CPU.Build.0 = Debug|Any CPU
		{83074140-957C-43B9-BB9F-EEC1A02D89C9}.Release|Any CPU.ActiveCfg = Release|Any CPU
		{83074140-957C-43B9-BB9F-EEC1A02D89C9}.Release|Any CPU.Build.0 = Release|Any CPU
		{75593B6E-A6EC-4402-9AB8-7085DB769E87}.Debug|Any CPU.ActiveCfg = Debug|Any CPU
		{75593B6E-A6EC-4402-9AB8-7085DB769E87}.Debug|Any CPU.Build.0 = Debug|Any CPU
		{75593B6E-A6EC-4402-9AB8-7085DB769E87}.Release|Any CPU.ActiveCfg = Release|Any CPU
		{75593B6E-A6EC-4402-9AB8-7085DB769E87}.Release|Any CPU.Build.0 = Release|Any CPU
		{6CAE34A4-6C76-4ACA-A13E-6C27E3026751}.Debug|Any CPU.ActiveCfg = Debug|Any CPU
		{6CAE34A4-6C76-4ACA-A13E-6C27E3026751}.Debug|Any CPU.Build.0 = Debug|Any CPU
		{6CAE34A4-6C76-4ACA-A13E-6C27E3026751}.Release|Any CPU.ActiveCfg = Release|Any CPU
		{6CAE34A4-6C76-4ACA-A13E-6C27E3026751}.Release|Any CPU.Build.0 = Release|Any CPU
		{3A1D8727-1FB3-414E-835A-BA846836DFC8}.Debug|Any CPU.ActiveCfg = Debug|Any CPU
		{3A1D8727-1FB3-414E-835A-BA846836DFC8}.Debug|Any CPU.Build.0 = Debug|Any CPU
		{3A1D8727-1FB3-414E-835A-BA846836DFC8}.Release|Any CPU.ActiveCfg = Release|Any CPU
		{3A1D8727-1FB3-414E-835A-BA846836DFC8}.Release|Any CPU.Build.0 = Release|Any CPU
		{BBBEFDE2-58D7-4DD3-B8BD-3928B9734DC2}.Debug|Any CPU.ActiveCfg = Debug|Any CPU
		{BBBEFDE2-58D7-4DD3-B8BD-3928B9734DC2}.Debug|Any CPU.Build.0 = Debug|Any CPU
		{BBBEFDE2-58D7-4DD3-B8BD-3928B9734DC2}.Release|Any CPU.ActiveCfg = Release|Any CPU
		{BBBEFDE2-58D7-4DD3-B8BD-3928B9734DC2}.Release|Any CPU.Build.0 = Release|Any CPU
		{7BE6E7B9-5D4E-408A-9003-7B666DA93E42}.Debug|Any CPU.ActiveCfg = Debug|Any CPU
		{7BE6E7B9-5D4E-408A-9003-7B666DA93E42}.Debug|Any CPU.Build.0 = Debug|Any CPU
		{7BE6E7B9-5D4E-408A-9003-7B666DA93E42}.Release|Any CPU.ActiveCfg = Release|Any CPU
		{7BE6E7B9-5D4E-408A-9003-7B666DA93E42}.Release|Any CPU.Build.0 = Release|Any CPU
	EndGlobalSection
	GlobalSection(SolutionProperties) = preSolution
		HideSolutionNode = FALSE
	EndGlobalSection
	GlobalSection(NestedProjects) = preSolution
		{A590CE0F-A6CE-4AD0-A9E5-8ECB71E65739} = {F34662CF-0CEC-40BE-8226-997E63E2A049}
		{CB3D8CA7-C891-4B88-80AB-65AB4044E6DA} = {F34662CF-0CEC-40BE-8226-997E63E2A049}
		{FF7FF0B7-2B19-43D0-8F10-6D18F5D61520} = {A590CE0F-A6CE-4AD0-A9E5-8ECB71E65739}
		{1EA0B26F-1E93-4801-AC19-08C95FF59DBA} = {A590CE0F-A6CE-4AD0-A9E5-8ECB71E65739}
		{8278A896-3EB5-459B-8445-3BD0E9619A5B} = {A590CE0F-A6CE-4AD0-A9E5-8ECB71E65739}
		{A78FB5C6-07C4-43A8-ACDD-D1668C07FBD5} = {FF7FF0B7-2B19-43D0-8F10-6D18F5D61520}
		{E39D5F8F-518F-4509-A7B9-EE35CF4887B9} = {F34662CF-0CEC-40BE-8226-997E63E2A049}
		{F831F656-7BBF-4648-BE3D-4021F9DFB30F} = {E1335EAC-52A5-4C87-8D80-77EDE996AE4F}
		{8701D71F-F9DB-4FD9-A661-E6A33315B14B} = {B75A9BCD-E57C-429A-8404-F26ED15423E3}
		{AE8AE010-5147-44DF-86F7-882EA9F04E0A} = {5C3DE8AF-014F-4A00-9E68-41D8A9922C25}
		{38256954-9000-4499-A7CB-795C80433417} = {2E5AAE0D-FAC2-4A8F-A0F5-224BA18F0044}
		{E1335EAC-52A5-4C87-8D80-77EDE996AE4F} = {E39D5F8F-518F-4509-A7B9-EE35CF4887B9}
		{B75A9BCD-E57C-429A-8404-F26ED15423E3} = {E39D5F8F-518F-4509-A7B9-EE35CF4887B9}
		{5C3DE8AF-014F-4A00-9E68-41D8A9922C25} = {E39D5F8F-518F-4509-A7B9-EE35CF4887B9}
		{2E5AAE0D-FAC2-4A8F-A0F5-224BA18F0044} = {E39D5F8F-518F-4509-A7B9-EE35CF4887B9}
		{1E2E9949-5C64-4EC0-AF18-F75BACC9728B} = {E39D5F8F-518F-4509-A7B9-EE35CF4887B9}
		{32F646BE-384F-47CC-84AC-D82300FB19F8} = {1E2E9949-5C64-4EC0-AF18-F75BACC9728B}
		{7DBA9398-5481-4936-8982-A570BF990B9A} = {E39D5F8F-518F-4509-A7B9-EE35CF4887B9}
		{29ECFC32-2A16-45D9-A5E2-893347B6E861} = {7DBA9398-5481-4936-8982-A570BF990B9A}
		{EDF6FB79-F200-4513-BF9A-5C8493E664AC} = {F34662CF-0CEC-40BE-8226-997E63E2A049}
		{AA03A02E-A534-4D11-B804-79C866F5D68B} = {EDF6FB79-F200-4513-BF9A-5C8493E664AC}
		{56F2FF38-0DEF-4CD2-A8A1-6DFBD79A4A87} = {EDF6FB79-F200-4513-BF9A-5C8493E664AC}
		{6A69CD92-F8FE-431E-8851-9CFF0F630D1D} = {EDF6FB79-F200-4513-BF9A-5C8493E664AC}
		{77F67401-F032-4015-9800-F33BD16D25E0} = {EDF6FB79-F200-4513-BF9A-5C8493E664AC}
		{91CBA554-B624-4DE2-A2D0-7EC8109AA65D} = {EDF6FB79-F200-4513-BF9A-5C8493E664AC}
		{6A9DC408-48CF-4902-934E-43068DFA60CD} = {EDF6FB79-F200-4513-BF9A-5C8493E664AC}
		{B77E07E5-18B4-40DA-979D-EA8B5446CEA7} = {1EA0B26F-1E93-4801-AC19-08C95FF59DBA}
		{A7805952-DAAB-4F43-AB88-47F7EE16BA47} = {A590CE0F-A6CE-4AD0-A9E5-8ECB71E65739}
		{DD90E5AD-1162-4249-9683-71F6775367DB} = {A7805952-DAAB-4F43-AB88-47F7EE16BA47}
		{831B9C86-109A-4CE7-B60F-E6341E4550C8} = {1EA0B26F-1E93-4801-AC19-08C95FF59DBA}
		{D73F4760-5819-4B63-BF39-7C29251C8DB8} = {F34662CF-0CEC-40BE-8226-997E63E2A049}
		{773A65C9-1723-4377-8C15-F1195DBE5188} = {D73F4760-5819-4B63-BF39-7C29251C8DB8}
		{EDFBAB73-C8CB-4770-AE24-3451870A0D09} = {D73F4760-5819-4B63-BF39-7C29251C8DB8}
		{B73EE4E5-7A47-48B1-A4DE-879068B36CB5} = {D73F4760-5819-4B63-BF39-7C29251C8DB8}
		{04BD66DC-2183-4882-9862-41848BE0511A} = {D73F4760-5819-4B63-BF39-7C29251C8DB8}
		{8A680F6A-17C1-464C-A54C-D062B30292F6} = {773A65C9-1723-4377-8C15-F1195DBE5188}
		{86131738-27E3-44A7-9044-B849746137B9} = {EDFBAB73-C8CB-4770-AE24-3451870A0D09}
		{CD86C53C-731C-4ADA-B524-1112A9E302F0} = {B73EE4E5-7A47-48B1-A4DE-879068B36CB5}
		{830871A3-8FAA-4163-B904-DA33E55D6398} = {04BD66DC-2183-4882-9862-41848BE0511A}
		{865BE9E3-1906-40B9-AB5F-AA609DE3434B} = {D73F4760-5819-4B63-BF39-7C29251C8DB8}
		{D069EB2A-2F93-441F-AB40-F2E65D8DA40D} = {865BE9E3-1906-40B9-AB5F-AA609DE3434B}
		{17E8AFC3-D17D-412D-8210-706B3DF46D54} = {A7805952-DAAB-4F43-AB88-47F7EE16BA47}
		{2F8C1FAE-09CF-4905-BA19-8BF9B26F0EF3} = {A7805952-DAAB-4F43-AB88-47F7EE16BA47}
		{24A1C187-0479-4167-A1A7-6A006EE89AD7} = {FF7FF0B7-2B19-43D0-8F10-6D18F5D61520}
		{2A02AA49-5E9B-4793-89BB-11472148B9D1} = {CB3D8CA7-C891-4B88-80AB-65AB4044E6DA}
		{9BA10BEC-DDBD-4CD2-8C74-8F98F08D02F7} = {2A02AA49-5E9B-4793-89BB-11472148B9D1}
		{E55963A4-04B1-4C12-B265-A3D962F1F70D} = {2A02AA49-5E9B-4793-89BB-11472148B9D1}
		{D3830BCD-C377-4638-B779-1474B352B2FE} = {2A02AA49-5E9B-4793-89BB-11472148B9D1}
		{38A09953-4406-4BB2-9CC2-23D7FD431AA5} = {F34662CF-0CEC-40BE-8226-997E63E2A049}
		{04D9B17C-AB7B-482D-99B6-B9F6E95CA6D7} = {38A09953-4406-4BB2-9CC2-23D7FD431AA5}
		{BFFE6A67-DD56-4E72-8DC5-8C95C20D43B6} = {38A09953-4406-4BB2-9CC2-23D7FD431AA5}
		{FE249976-1B49-4863-B2B8-492FBCC91C2E} = {38A09953-4406-4BB2-9CC2-23D7FD431AA5}
		{DB595CF7-A6FD-4691-90DD-3F5B26CC6F47} = {38A09953-4406-4BB2-9CC2-23D7FD431AA5}
		{E14E5A66-9FE0-47AE-B337-83DBF791D370} = {38A09953-4406-4BB2-9CC2-23D7FD431AA5}
		{E14FB58C-9A73-4887-8094-B04910939F85} = {04D9B17C-AB7B-482D-99B6-B9F6E95CA6D7}
		{593CD02A-D1FE-4C1C-92B8-2524A9F2AC4E} = {BFFE6A67-DD56-4E72-8DC5-8C95C20D43B6}
		{46F8E1E7-7C8F-4ED3-A339-C1042F79F32B} = {FE249976-1B49-4863-B2B8-492FBCC91C2E}
		{8B6D0096-D3E2-4334-A5DA-5DE7F8EFB32E} = {DB595CF7-A6FD-4691-90DD-3F5B26CC6F47}
		{A46EF4CD-40E2-4784-B996-A2A587944FB3} = {E14E5A66-9FE0-47AE-B337-83DBF791D370}
		{49122AF5-FAD9-488E-8442-E7AF8EFB78CC} = {D73F4760-5819-4B63-BF39-7C29251C8DB8}
		{2FFF8DB2-B757-4813-9C81-7440C20A4AFB} = {D73F4760-5819-4B63-BF39-7C29251C8DB8}
		{37D879D4-9167-41A3-95AA-C74A04505F1F} = {D73F4760-5819-4B63-BF39-7C29251C8DB8}
		{4475216F-95D1-40AC-B8A7-851B9B2A823B} = {D73F4760-5819-4B63-BF39-7C29251C8DB8}
		{7ABA93F2-F41A-4615-8819-EF2F60C5CC6C} = {2FFF8DB2-B757-4813-9C81-7440C20A4AFB}
		{3918E7D1-C187-43C0-A95F-619811EF2A69} = {37D879D4-9167-41A3-95AA-C74A04505F1F}
		{27DA8CE7-81CE-45FB-9A3F-640F254CFEC1} = {4475216F-95D1-40AC-B8A7-851B9B2A823B}
		{BBA0DA6D-6B98-4E65-A2F3-41F98A3929B3} = {CB3D8CA7-C891-4B88-80AB-65AB4044E6DA}
		{516E4410-BDCF-4514-816E-FC34477C5B45} = {E14E5A66-9FE0-47AE-B337-83DBF791D370}
		{08CAB706-03BB-4680-93ED-829CE1AB21F6} = {38A09953-4406-4BB2-9CC2-23D7FD431AA5}
		{F44F9676-E17E-4B77-8F12-1B94FAE20D62} = {08CAB706-03BB-4680-93ED-829CE1AB21F6}
		{22E9F463-F777-4D96-9432-9D216B33AD1B} = {A7805952-DAAB-4F43-AB88-47F7EE16BA47}
		{D5C1E9DE-B41C-4F00-BBDF-77075174B9C2} = {FF7FF0B7-2B19-43D0-8F10-6D18F5D61520}
		{A6ACCBF5-80F5-426E-B53F-2AF02F5127F4} = {CB3D8CA7-C891-4B88-80AB-65AB4044E6DA}
		{B609C54B-3134-4EED-AB07-EA4B963EDEDC} = {CB3D8CA7-C891-4B88-80AB-65AB4044E6DA}
		{EB1E4142-64E4-422D-8684-952D5E86E4FF} = {CB3D8CA7-C891-4B88-80AB-65AB4044E6DA}
		{99956D36-7324-457B-83BC-FFB3E36BC801} = {CB3D8CA7-C891-4B88-80AB-65AB4044E6DA}
		{093F3EC9-261E-4B5E-8BA8-925A410E5ED9} = {8278A896-3EB5-459B-8445-3BD0E9619A5B}
		{2D8AC43C-D936-41C2-A8FB-B3B3E0A04654} = {38A09953-4406-4BB2-9CC2-23D7FD431AA5}
		{D4BEDAB9-BA5E-405A-89BE-65FB1040BD8C} = {2D8AC43C-D936-41C2-A8FB-B3B3E0A04654}
		{3C90AD57-1505-4FA4-9EA6-BA49D050989A} = {38A09953-4406-4BB2-9CC2-23D7FD431AA5}
		{B83BA6A8-325F-4661-A979-725B6D103874} = {3C90AD57-1505-4FA4-9EA6-BA49D050989A}
		{43820D2E-934C-4C66-88EF-AE98FFA372AC} = {CB3D8CA7-C891-4B88-80AB-65AB4044E6DA}
		{F5D75389-C4E7-4442-AA1A-20D41757724F} = {CB3D8CA7-C891-4B88-80AB-65AB4044E6DA}
		{788139F3-A6D1-45E4-8935-B99258ED25D7} = {A6ACCBF5-80F5-426E-B53F-2AF02F5127F4}
		{902D450E-00B8-412F-8B79-BFB9662296A5} = {A6ACCBF5-80F5-426E-B53F-2AF02F5127F4}
		{470FE6CC-A9B9-4510-A379-71A172719040} = {99956D36-7324-457B-83BC-FFB3E36BC801}
		{7B679010-2370-4968-A822-4EC50AA301AB} = {B609C54B-3134-4EED-AB07-EA4B963EDEDC}
		{9AF20B0F-C7E6-45D2-98E1-6D8B045FC1C6} = {9BA10BEC-DDBD-4CD2-8C74-8F98F08D02F7}
		{A42F2902-D5E9-4833-9EA8-E94E670EEC7D} = {E55963A4-04B1-4C12-B265-A3D962F1F70D}
		{8F6F4506-1A89-4DAD-9A50-E7925D5552FC} = {D3830BCD-C377-4638-B779-1474B352B2FE}
		{7CB3BA35-3D41-44DB-9DDD-E1D1D3DB5666} = {EB1E4142-64E4-422D-8684-952D5E86E4FF}
		{D071C211-163E-4C4F-B7EF-4B552B9B02F8} = {BBA0DA6D-6B98-4E65-A2F3-41F98A3929B3}
		{57F9DCBB-C5B8-4DA3-B3C5-5819749440B9} = {43820D2E-934C-4C66-88EF-AE98FFA372AC}
		{7B3EBA21-3336-4A38-A756-A162855A4F6E} = {F5D75389-C4E7-4442-AA1A-20D41757724F}
		{B39C240F-94C5-4489-9BDC-49B2E0664075} = {BDE70C2E-8CA6-4B9E-BF44-12323DC5F3C7}
		{2968201D-2F36-4CC0-8019-2FFFAAB3FE6F} = {F34662CF-0CEC-40BE-8226-997E63E2A049}
		{42679FBA-104F-4DBC-987F-31F4819B33F2} = {2968201D-2F36-4CC0-8019-2FFFAAB3FE6F}
		{045DE383-288B-46C2-856A-63D8F95D71F4} = {2968201D-2F36-4CC0-8019-2FFFAAB3FE6F}
		{9B236E00-287F-40BA-B6FA-A57E79E030DD} = {2968201D-2F36-4CC0-8019-2FFFAAB3FE6F}
		{70129227-323A-4FF4-A74C-499905688DF7} = {2968201D-2F36-4CC0-8019-2FFFAAB3FE6F}
		{83074140-957C-43B9-BB9F-EEC1A02D89C9} = {42679FBA-104F-4DBC-987F-31F4819B33F2}
		{75593B6E-A6EC-4402-9AB8-7085DB769E87} = {045DE383-288B-46C2-856A-63D8F95D71F4}
		{6CAE34A4-6C76-4ACA-A13E-6C27E3026751} = {9B236E00-287F-40BA-B6FA-A57E79E030DD}
		{3A1D8727-1FB3-414E-835A-BA846836DFC8} = {70129227-323A-4FF4-A74C-499905688DF7}
		{9530EAF9-D390-4B76-8D85-B403365ABEC8} = {CB3D8CA7-C891-4B88-80AB-65AB4044E6DA}
		{76C1A1E4-158E-4ABD-9075-6F9423616F17} = {9530EAF9-D390-4B76-8D85-B403365ABEC8}
		{72F2B088-4B3C-47E3-B263-853EF5DCC1BF} = {9530EAF9-D390-4B76-8D85-B403365ABEC8}
		{BBBEFDE2-58D7-4DD3-B8BD-3928B9734DC2} = {76C1A1E4-158E-4ABD-9075-6F9423616F17}
		{7BE6E7B9-5D4E-408A-9003-7B666DA93E42} = {72F2B088-4B3C-47E3-B263-853EF5DCC1BF}
	EndGlobalSection
	GlobalSection(ExtensibilityGlobals) = postSolution
		SolutionGuid = {B0C00772-914D-4F50-BF30-19CA773160B3}
	EndGlobalSection
EndGlobal
