
Microsoft Visual Studio Solution File, Format Version 12.00
# Visual Studio Version 17
VisualStudioVersion = 17.9.34902.65
MinimumVisualStudioVersion = 10.0.40219.1
Project("{2150E333-8FDC-42A3-9474-1A3956D46DE8}") = "src", "src", "{F34662CF-0CEC-40BE-8226-997E63E2A049}"
EndProject
Project("{2150E333-8FDC-42A3-9474-1A3956D46DE8}") = "Service", "Service", "{A590CE0F-A6CE-4AD0-A9E5-8ECB71E65739}"
EndProject
Project("{2150E333-8FDC-42A3-9474-1A3956D46DE8}") = "Open", "Open", "{CB3D8CA7-C891-4B88-80AB-65AB4044E6DA}"
EndProject
Project("{2150E333-8FDC-42A3-9474-1A3956D46DE8}") = "Infrastructure", "Infrastructure", "{FF7FF0B7-2B19-43D0-8F10-6D18F5D61520}"
EndProject
Project("{2150E333-8FDC-42A3-9474-1A3956D46DE8}") = "Application", "Application", "{1EA0B26F-1E93-4801-AC19-08C95FF59DBA}"
EndProject
Project("{2150E333-8FDC-42A3-9474-1A3956D46DE8}") = "Web Api", "Web Api", "{8278A896-3EB5-459B-8445-3BD0E9619A5B}"
EndProject
Project("{9A19103F-16F7-4668-BE54-9A1E7A4F7556}") = "AwesomeCompany", "src\Services\Infrastructure\AwesomeCompany\AwesomeCompany.csproj", "{A78FB5C6-07C4-43A8-ACDD-D1668C07FBD5}"
EndProject
Project("{2150E333-8FDC-42A3-9474-1A3956D46DE8}") = "Structure", "Structure", "{E39D5F8F-518F-4509-A7B9-EE35CF4887B9}"
EndProject
Project("{9A19103F-16F7-4668-BE54-9A1E7A4F7556}") = "Application", "src\Structure\Application\Application.csproj", "{F831F656-7BBF-4648-BE3D-4021F9DFB30F}"
EndProject
Project("{9A19103F-16F7-4668-BE54-9A1E7A4F7556}") = "Domain", "src\Structure\Domain\Domain.csproj", "{8701D71F-F9DB-4FD9-A661-E6A33315B14B}"
EndProject
Project("{9A19103F-16F7-4668-BE54-9A1E7A4F7556}") = "Infrastructure", "src\Structure\Infrastructure\Infrastructure.csproj", "{AE8AE010-5147-44DF-86F7-882EA9F04E0A}"
EndProject
Project("{9A19103F-16F7-4668-BE54-9A1E7A4F7556}") = "Presentation", "src\Structure\Presentation\Presentation.csproj", "{38256954-9000-4499-A7CB-795C80433417}"
EndProject
Project("{2150E333-8FDC-42A3-9474-1A3956D46DE8}") = "ApplicationLayer", "ApplicationLayer", "{E1335EAC-52A5-4C87-8D80-77EDE996AE4F}"
EndProject
Project("{2150E333-8FDC-42A3-9474-1A3956D46DE8}") = "DomainLayer", "DomainLayer", "{B75A9BCD-E57C-429A-8404-F26ED15423E3}"
EndProject
Project("{2150E333-8FDC-42A3-9474-1A3956D46DE8}") = "InfrastructureLayer", "InfrastructureLayer", "{5C3DE8AF-014F-4A00-9E68-41D8A9922C25}"
EndProject
Project("{2150E333-8FDC-42A3-9474-1A3956D46DE8}") = "PresentationLayer", "PresentationLayer", "{2E5AAE0D-FAC2-4A8F-A0F5-224BA18F0044}"
EndProject
Project("{2150E333-8FDC-42A3-9474-1A3956D46DE8}") = "WebLayer", "WebLayer", "{1E2E9949-5C64-4EC0-AF18-F75BACC9728B}"
EndProject
Project("{9A19103F-16F7-4668-BE54-9A1E7A4F7556}") = "Web", "src\Structure\Web\Web.csproj", "{32F646BE-384F-47CC-84AC-D82300FB19F8}"
EndProject
Project("{2150E333-8FDC-42A3-9474-1A3956D46DE8}") = "Architecture.Tests", "Architecture.Tests", "{7DBA9398-5481-4936-8982-A570BF990B9A}"
EndProject
Project("{9A19103F-16F7-4668-BE54-9A1E7A4F7556}") = "Architecture.Tests", "src\Structure\Architecture.Tests\Architecture.Tests.csproj", "{29ECFC32-2A16-45D9-A5E2-893347B6E861}"
EndProject
Project("{2150E333-8FDC-42A3-9474-1A3956D46DE8}") = "Gatherly", "Gatherly", "{EDF6FB79-F200-4513-BF9A-5C8493E664AC}"
EndProject
Project("{9A19103F-16F7-4668-BE54-9A1E7A4F7556}") = "Gatherly.Application", "src\Gatherly\Gatherly.Application\Gatherly.Application.csproj", "{AA03A02E-A534-4D11-B804-79C866F5D68B}"
EndProject
Project("{9A19103F-16F7-4668-BE54-9A1E7A4F7556}") = "Gatherly.Domain", "src\Gatherly\Gatherly.Domain\Gatherly.Domain.csproj", "{56F2FF38-0DEF-4CD2-A8A1-6DFBD79A4A87}"
EndProject
Project("{9A19103F-16F7-4668-BE54-9A1E7A4F7556}") = "Gatherly.App", "src\Gatherly\Gatherly.App\Gatherly.App.csproj", "{6A69CD92-F8FE-431E-8851-9CFF0F630D1D}"
EndProject
Project("{9A19103F-16F7-4668-BE54-9A1E7A4F7556}") = "Gatherly.Infrastructure", "src\Gatherly\Gatherly.Infrastructure\Gatherly.Infrastructure.csproj", "{77F67401-F032-4015-9800-F33BD16D25E0}"
EndProject
Project("{9A19103F-16F7-4668-BE54-9A1E7A4F7556}") = "Gatherly.Persistence", "src\Gatherly\Gatherly.Persistence\Gatherly.Persistence.csproj", "{91CBA554-B624-4DE2-A2D0-7EC8109AA65D}"
EndProject
Project("{9A19103F-16F7-4668-BE54-9A1E7A4F7556}") = "Gatherly.Presentation", "src\Gatherly\Gatherly.Presentation\Gatherly.Presentation.csproj", "{6A9DC408-48CF-4902-934E-43068DFA60CD}"
EndProject
Project("{9A19103F-16F7-4668-BE54-9A1E7A4F7556}") = "SmartEnum", "src\Services\Application\SmartEnum\SmartEnum.csproj", "{B77E07E5-18B4-40DA-979D-EA8B5446CEA7}"
EndProject
Project("{2150E333-8FDC-42A3-9474-1A3956D46DE8}") = "Test", "Test", "{A7805952-DAAB-4F43-AB88-47F7EE16BA47}"
EndProject
Project("{9A19103F-16F7-4668-BE54-9A1E7A4F7556}") = "ContainsDuplicates.Benchmark", "src\Services\Test\ContainsDuplicates.Benchmark\ContainsDuplicates.Benchmark.csproj", "{DD90E5AD-1162-4249-9683-71F6775367DB}"
EndProject
Project("{9A19103F-16F7-4668-BE54-9A1E7A4F7556}") = "OptionsExample", "src\Services\Application\OptionsExample\OptionsExample.csproj", "{831B9C86-109A-4CE7-B60F-E6341E4550C8}"
EndProject
Project("{2150E333-8FDC-42A3-9474-1A3956D46DE8}") = "eShop", "eShop", "{D73F4760-5819-4B63-BF39-7C29251C8DB8}"
EndProject
Project("{2150E333-8FDC-42A3-9474-1A3956D46DE8}") = "Application", "Application", "{773A65C9-1723-4377-8C15-F1195DBE5188}"
EndProject
Project("{2150E333-8FDC-42A3-9474-1A3956D46DE8}") = "Domain", "Domain", "{EDFBAB73-C8CB-4770-AE24-3451870A0D09}"
EndProject
Project("{2150E333-8FDC-42A3-9474-1A3956D46DE8}") = "Presentation", "Presentation", "{B73EE4E5-7A47-48B1-A4DE-879068B36CB5}"
EndProject
Project("{2150E333-8FDC-42A3-9474-1A3956D46DE8}") = "WebApi", "WebApi", "{04BD66DC-2183-4882-9862-41848BE0511A}"
EndProject
Project("{9A19103F-16F7-4668-BE54-9A1E7A4F7556}") = "Application", "src\eShop\Application\Application.csproj", "{8A680F6A-17C1-464C-A54C-D062B30292F6}"
EndProject
Project("{9A19103F-16F7-4668-BE54-9A1E7A4F7556}") = "Domain", "src\eShop\Domain\Domain.csproj", "{86131738-27E3-44A7-9044-B849746137B9}"
EndProject
Project("{9A19103F-16F7-4668-BE54-9A1E7A4F7556}") = "Presentation", "src\eShop\Presentation\Presentation.csproj", "{CD86C53C-731C-4ADA-B524-1112A9E302F0}"
EndProject
Project("{9A19103F-16F7-4668-BE54-9A1E7A4F7556}") = "WebApi", "src\eShop\WebApi\WebApi.csproj", "{830871A3-8FAA-4163-B904-DA33E55D6398}"
EndProject
Project("{2150E333-8FDC-42A3-9474-1A3956D46DE8}") = "Infrastructure", "Infrastructure", "{865BE9E3-1906-40B9-AB5F-AA609DE3434B}"
EndProject
Project("{9A19103F-16F7-4668-BE54-9A1E7A4F7556}") = "Infrastructure", "src\eShop\Infrastructure\Infrastructure.csproj", "{D069EB2A-2F93-441F-AB40-F2E65D8DA40D}"
EndProject
Project("{9A19103F-16F7-4668-BE54-9A1E7A4F7556}") = "EfCore.CompiledQuery.Benchmark", "src\Services\Test\EfCore.CompiledQuery.Benchmark\EfCore.CompiledQuery.Benchmark.csproj", "{17E8AFC3-D17D-412D-8210-706B3DF46D54}"
EndProject
Project("{9A19103F-16F7-4668-BE54-9A1E7A4F7556}") = "AzureFunctions.Walkthrough", "src\Services\Test\AzureFunctions.Walkthrough\AzureFunctions.Walkthrough.csproj", "{2F8C1FAE-09CF-4905-BA19-8BF9B26F0EF3}"
EndProject
Project("{9A19103F-16F7-4668-BE54-9A1E7A4F7556}") = "EfCore.Linq.ExtensionMethod", "src\Services\Infrastructure\EfCore.Linq.ExtensionMethod\EfCore.Linq.ExtensionMethod.csproj", "{24A1C187-0479-4167-A1A7-6A006EE89AD7}"
EndProject
Project("{2150E333-8FDC-42A3-9474-1A3956D46DE8}") = "Redis.PubSub", "Redis.PubSub", "{2A02AA49-5E9B-4793-89BB-11472148B9D1}"
EndProject
Project("{2150E333-8FDC-42A3-9474-1A3956D46DE8}") = "Contracts", "Contracts", "{9BA10BEC-DDBD-4CD2-8C74-8F98F08D02F7}"
EndProject
Project("{2150E333-8FDC-42A3-9474-1A3956D46DE8}") = "Publisher", "Publisher", "{E55963A4-04B1-4C12-B265-A3D962F1F70D}"
EndProject
Project("{2150E333-8FDC-42A3-9474-1A3956D46DE8}") = "Subscriber", "Subscriber", "{D3830BCD-C377-4638-B779-1474B352B2FE}"
EndProject
Project("{2150E333-8FDC-42A3-9474-1A3956D46DE8}") = "Clean Architecture", "Clean Architecture", "{38A09953-4406-4BB2-9CC2-23D7FD431AA5}"
EndProject
Project("{2150E333-8FDC-42A3-9474-1A3956D46DE8}") = "Application", "Application", "{04D9B17C-AB7B-482D-99B6-B9F6E95CA6D7}"
EndProject
Project("{2150E333-8FDC-42A3-9474-1A3956D46DE8}") = "Domain", "Domain", "{BFFE6A67-DD56-4E72-8DC5-8C95C20D43B6}"
EndProject
Project("{2150E333-8FDC-42A3-9474-1A3956D46DE8}") = "Infrastructure", "Infrastructure", "{FE249976-1B49-4863-B2B8-492FBCC91C2E}"
EndProject
Project("{2150E333-8FDC-42A3-9474-1A3956D46DE8}") = "Presentation", "Presentation", "{DB595CF7-A6FD-4691-90DD-3F5B26CC6F47}"
EndProject
Project("{2150E333-8FDC-42A3-9474-1A3956D46DE8}") = "WebApi", "WebApi", "{E14E5A66-9FE0-47AE-B337-83DBF791D370}"
EndProject
Project("{9A19103F-16F7-4668-BE54-9A1E7A4F7556}") = "Application", "src\Clean Architecture\Application\Application.csproj", "{E14FB58C-9A73-4887-8094-B04910939F85}"
EndProject
Project("{9A19103F-16F7-4668-BE54-9A1E7A4F7556}") = "Domain", "src\Clean Architecture\Domain\Domain.csproj", "{593CD02A-D1FE-4C1C-92B8-2524A9F2AC4E}"
EndProject
Project("{9A19103F-16F7-4668-BE54-9A1E7A4F7556}") = "Infrastructure", "src\Clean Architecture\Infrastructure\Infrastructure.csproj", "{46F8E1E7-7C8F-4ED3-A339-C1042F79F32B}"
EndProject
Project("{9A19103F-16F7-4668-BE54-9A1E7A4F7556}") = "Presentation", "src\Clean Architecture\Presentation\Presentation.csproj", "{8B6D0096-D3E2-4334-A5DA-5DE7F8EFB32E}"
EndProject
Project("{9A19103F-16F7-4668-BE54-9A1E7A4F7556}") = "WebApi", "src\Clean Architecture\WebApi\WebApi.csproj", "{A46EF4CD-40E2-4784-B996-A2A587944FB3}"
EndProject
Project("{2150E333-8FDC-42A3-9474-1A3956D46DE8}") = "AnemicDomain", "AnemicDomain", "{49122AF5-FAD9-488E-8442-E7AF8EFB78CC}"
EndProject
Project("{2150E333-8FDC-42A3-9474-1A3956D46DE8}") = "Application.Anemic", "Application.Anemic", "{2FFF8DB2-B757-4813-9C81-7440C20A4AFB}"
EndProject
Project("{2150E333-8FDC-42A3-9474-1A3956D46DE8}") = "Domain.Anemic", "Domain.Anemic", "{37D879D4-9167-41A3-95AA-C74A04505F1F}"
EndProject
Project("{2150E333-8FDC-42A3-9474-1A3956D46DE8}") = "Domain.Rich", "Domain.Rich", "{4475216F-95D1-40AC-B8A7-851B9B2A823B}"
EndProject
Project("{9A19103F-16F7-4668-BE54-9A1E7A4F7556}") = "Application.Anemic", "src\eShop\Application.Anemic\Application.Anemic.csproj", "{7ABA93F2-F41A-4615-8819-EF2F60C5CC6C}"
EndProject
Project("{9A19103F-16F7-4668-BE54-9A1E7A4F7556}") = "Domain.Anemic", "src\eShop\Domain.Anemic\Domain.Anemic.csproj", "{3918E7D1-C187-43C0-A95F-619811EF2A69}"
EndProject
Project("{9A19103F-16F7-4668-BE54-9A1E7A4F7556}") = "Domain.Rich", "src\eShop\Domain.Rich\Domain.Rich.csproj", "{27DA8CE7-81CE-45FB-9A3F-640F254CFEC1}"
EndProject
Project("{2150E333-8FDC-42A3-9474-1A3956D46DE8}") = "Supabase.Tutorial", "Supabase.Tutorial", "{BBA0DA6D-6B98-4E65-A2F3-41F98A3929B3}"
EndProject
Project("{9A19103F-16F7-4668-BE54-9A1E7A4F7556}") = "Web.API", "src\Clean Architecture\Web.API\Web.API.csproj", "{516E4410-BDCF-4514-816E-FC34477C5B45}"
EndProject
Project("{2150E333-8FDC-42A3-9474-1A3956D46DE8}") = "IntegrationEvents", "IntegrationEvents", "{08CAB706-03BB-4680-93ED-829CE1AB21F6}"
EndProject
Project("{9A19103F-16F7-4668-BE54-9A1E7A4F7556}") = "IntegrationEvents", "src\Clean Architecture\IntegrationEvents\IntegrationEvents.csproj", "{F44F9676-E17E-4B77-8F12-1B94FAE20D62}"
EndProject
Project("{9A19103F-16F7-4668-BE54-9A1E7A4F7556}") = "OptimizeMePlease", "src\Services\Test\EFCore\OptimizeMePlease.csproj", "{22E9F463-F777-4D96-9432-9D216B33AD1B}"
EndProject
Project("{9A19103F-16F7-4668-BE54-9A1E7A4F7556}") = "CQRS.Tutorial", "src\Services\Infrastructure\CQRS.Tutorial\CQRS.Tutorial.csproj", "{D5C1E9DE-B41C-4F00-BBDF-77075174B9C2}"
EndProject
Project("{2150E333-8FDC-42A3-9474-1A3956D46DE8}") = "Solution Items", "Solution Items", "{91EB2304-E4BE-418D-B5C8-339F0D78830B}"
	ProjectSection(SolutionItems) = preProject
		Solution Items\Directory.Build.props = Solution Items\Directory.Build.props
	EndProjectSection
EndProject
Project("{2150E333-8FDC-42A3-9474-1A3956D46DE8}") = "CleanCoding.Kata", "CleanCoding.Kata", "{A6ACCBF5-80F5-426E-B53F-2AF02F5127F4}"
EndProject
Project("{2150E333-8FDC-42A3-9474-1A3956D46DE8}") = "GitHub.Api", "GitHub.Api", "{B609C54B-3134-4EED-AB07-EA4B963EDEDC}"
EndProject
Project("{2150E333-8FDC-42A3-9474-1A3956D46DE8}") = "SignalRIntro.Api", "SignalRIntro.Api", "{EB1E4142-64E4-422D-8684-952D5E86E4FF}"
EndProject
Project("{2150E333-8FDC-42A3-9474-1A3956D46DE8}") = "EfficientDeleting", "EfficientDeleting", "{99956D36-7324-457B-83BC-FFB3E36BC801}"
EndProject
Project("{9A19103F-16F7-4668-BE54-9A1E7A4F7556}") = "Web.Api", "src\Services\Web Api\Web.Api\Web.Api.csproj", "{093F3EC9-261E-4B5E-8BA8-925A410E5ED9}"
EndProject
Project("{2150E333-8FDC-42A3-9474-1A3956D46DE8}") = "Yarp.LoadBalancer", "Yarp.LoadBalancer", "{2D8AC43C-D936-41C2-A8FB-B3B3E0A04654}"
EndProject
Project("{9A19103F-16F7-4668-BE54-9A1E7A4F7556}") = "Yarp.LoadBalancer", "src\Clean Architecture\Yarp.LoadBalancer\Yarp.LoadBalancer.csproj", "{D4BEDAB9-BA5E-405A-89BE-65FB1040BD8C}"
EndProject
Project("{2150E333-8FDC-42A3-9474-1A3956D46DE8}") = "Application.IntegrationTests", "Application.IntegrationTests", "{3C90AD57-1505-4FA4-9EA6-BA49D050989A}"
EndProject
Project("{9A19103F-16F7-4668-BE54-9A1E7A4F7556}") = "Application.IntegrationTests", "src\Clean Architecture\Application.IntegrationTests\Application.IntegrationTests.csproj", "{B83BA6A8-325F-4661-A979-725B6D103874}"
EndProject
Project("{2150E333-8FDC-42A3-9474-1A3956D46DE8}") = "UrlShortener", "UrlShortener", "{43820D2E-934C-4C66-88EF-AE98FFA372AC}"
EndProject
Project("{2150E333-8FDC-42A3-9474-1A3956D46DE8}") = "VerticalSlices", "VerticalSlices", "{F5D75389-C4E7-4442-AA1A-20D41757724F}"
EndProject
Project("{9A19103F-16F7-4668-BE54-9A1E7A4F7556}") = "App", "src\Open\CleanCoding.Kata\App\App.csproj", "{788139F3-A6D1-45E4-8935-B99258ED25D7}"
EndProject
Project("{9A19103F-16F7-4668-BE54-9A1E7A4F7556}") = "Domain", "src\Open\CleanCoding.Kata\Domain\Domain.csproj", "{902D450E-00B8-412F-8B79-BFB9662296A5}"
EndProject
Project("{9A19103F-16F7-4668-BE54-9A1E7A4F7556}") = "EfficientDeleting.Api", "src\Open\EfficientDeleting\EfficientDeleting.Api\EfficientDeleting.Api.csproj", "{470FE6CC-A9B9-4510-A379-71A172719040}"
EndProject
Project("{9A19103F-16F7-4668-BE54-9A1E7A4F7556}") = "GitHub.Api", "src\Open\GitHub.Api\GitHub.Api.csproj", "{7B679010-2370-4968-A822-4EC50AA301AB}"
EndProject
Project("{9A19103F-16F7-4668-BE54-9A1E7A4F7556}") = "Contracts", "src\Open\Redis.PubSub\Contracts\Contracts.csproj", "{9AF20B0F-C7E6-45D2-98E1-6D8B045FC1C6}"
EndProject
Project("{9A19103F-16F7-4668-BE54-9A1E7A4F7556}") = "Publisher", "src\Open\Redis.PubSub\Publisher\Publisher.csproj", "{A42F2902-D5E9-4833-9EA8-E94E670EEC7D}"
EndProject
Project("{9A19103F-16F7-4668-BE54-9A1E7A4F7556}") = "Subscriber", "src\Open\Redis.PubSub\Subscriber\Subscriber.csproj", "{8F6F4506-1A89-4DAD-9A50-E7925D5552FC}"
EndProject
Project("{9A19103F-16F7-4668-BE54-9A1E7A4F7556}") = "SignalRIntro.Api", "src\Open\SignalRIntro.Api\SignalRIntro.Api.csproj", "{7CB3BA35-3D41-44DB-9DDD-E1D1D3DB5666}"
EndProject
Project("{9A19103F-16F7-4668-BE54-9A1E7A4F7556}") = "Supabase.Tutorial", "src\Open\Supabase.Tutorial\Supabase.Tutorial.csproj", "{D071C211-163E-4C4F-B7EF-4B552B9B02F8}"
EndProject
Project("{9A19103F-16F7-4668-BE54-9A1E7A4F7556}") = "UrlShortener", "src\Open\UrlShortener\UrlShortener\UrlShortener.csproj", "{57F9DCBB-C5B8-4DA3-B3C5-5819749440B9}"
EndProject
Project("{9A19103F-16F7-4668-BE54-9A1E7A4F7556}") = "Newsletter.Api", "src\Open\VerticalSlices\Newsletter.Api\Newsletter.Api.csproj", "{7B3EBA21-3336-4A38-A756-A162855A4F6E}"
EndProject
Project("{2150E333-8FDC-42A3-9474-1A3956D46DE8}") = "real-working", "real-working", "{BDE70C2E-8CA6-4B9E-BF44-12323DC5F3C7}"
EndProject
Project("{2150E333-8FDC-42A3-9474-1A3956D46DE8}") = "src", "src", "{B39C240F-94C5-4489-9BDC-49B2E0664075}"
EndProject
Project("{2150E333-8FDC-42A3-9474-1A3956D46DE8}") = "ContentPlatform", "ContentPlatform", "{2968201D-2F36-4CC0-8019-2FFFAAB3FE6F}"
EndProject
Project("{2150E333-8FDC-42A3-9474-1A3956D46DE8}") = "Contracts", "Contracts", "{42679FBA-104F-4DBC-987F-31F4819B33F2}"
EndProject
Project("{2150E333-8FDC-42A3-9474-1A3956D46DE8}") = "Newsletter.Api", "Newsletter.Api", "{045DE383-288B-46C2-856A-63D8F95D71F4}"
EndProject
Project("{2150E333-8FDC-42A3-9474-1A3956D46DE8}") = "Newsletter.Reporting.Api", "Newsletter.Reporting.Api", "{9B236E00-287F-40BA-B6FA-A57E79E030DD}"
EndProject
Project("{2150E333-8FDC-42A3-9474-1A3956D46DE8}") = "Shared", "Shared", "{70129227-323A-4FF4-A74C-499905688DF7}"
EndProject
Project("{9A19103F-16F7-4668-BE54-9A1E7A4F7556}") = "Contracts", "src\ContentPlatform\Contracts\Contracts.csproj", "{83074140-957C-43B9-BB9F-EEC1A02D89C9}"
EndProject
Project("{9A19103F-16F7-4668-BE54-9A1E7A4F7556}") = "Newsletter.Api", "src\ContentPlatform\Newsletter.Api\Newsletter.Api.csproj", "{75593B6E-A6EC-4402-9AB8-7085DB769E87}"
EndProject
Project("{9A19103F-16F7-4668-BE54-9A1E7A4F7556}") = "Newsletter.Reporting.Api", "src\ContentPlatform\Newsletter.Reporting.Api\Newsletter.Reporting.Api.csproj", "{6CAE34A4-6C76-4ACA-A13E-6C27E3026751}"
EndProject
Project("{9A19103F-16F7-4668-BE54-9A1E7A4F7556}") = "Shared", "src\ContentPlatform\Shared\Shared.csproj", "{3A1D8727-1FB3-414E-835A-BA846836DFC8}"
EndProject
Project("{2150E333-8FDC-42A3-9474-1A3956D46DE8}") = "Blazor.Notifications", "Blazor.Notifications", "{9530EAF9-D390-4B76-8D85-B403365ABEC8}"
EndProject
Project("{2150E333-8FDC-42A3-9474-1A3956D46DE8}") = "Notifications.Api", "Notifications.Api", "{76C1A1E4-158E-4ABD-9075-6F9423616F17}"
EndProject
Project("{2150E333-8FDC-42A3-9474-1A3956D46DE8}") = "Notifications.Client", "Notifications.Client", "{72F2B088-4B3C-47E3-B263-853EF5DCC1BF}"
EndProject
Project("{9A19103F-16F7-4668-BE54-9A1E7A4F7556}") = "Notifications.Api", "src\Open\Blazor.Notifications\Notifications.Api\Notifications.Api.csproj", "{BBBEFDE2-58D7-4DD3-B8BD-3928B9734DC2}"
EndProject
Project("{9A19103F-16F7-4668-BE54-9A1E7A4F7556}") = "Notifications.Client", "src\Open\Blazor.Notifications\Notifications.Client\Notifications.Client.csproj", "{7BE6E7B9-5D4E-408A-9003-7B666DA93E42}"
EndProject
Project("{2150E333-8FDC-42A3-9474-1A3956D46DE8}") = "Multiple.EF.DbContext", "Multiple.EF.DbContext", "{5099C837-A4C1-4E0A-9079-DC900BD22F44}"
EndProject
Project("{2150E333-8FDC-42A3-9474-1A3956D46DE8}") = "WebShop.Api", "WebShop.Api", "{3C01DC2F-FDD2-46A5-A372-016C510E4117}"
EndProject
Project("{9A19103F-16F7-4668-BE54-9A1E7A4F7556}") = "WebShop.Api", "src\Open\Multiple.EF.DbContext\WebShop.Api\WebShop.Api.csproj", "{BF498B18-3C1D-406B-95EA-E9DBBDD9C771}"
EndProject
Project("{2150E333-8FDC-42A3-9474-1A3956D46DE8}") = "Architecture", "Architecture", "{33EE4D64-AA12-4956-B0AA-AE52DF6F1CE7}"
EndProject
Project("{2150E333-8FDC-42A3-9474-1A3956D46DE8}") = "CleanArchitecture", "CleanArchitecture", "{20C122A1-29A7-4600-A09F-022526EBD4D0}"
EndProject
Project("{2150E333-8FDC-42A3-9474-1A3956D46DE8}") = "OnionArchitecture", "OnionArchitecture", "{715BA9F7-FBA8-4A27-A843-0A12123A0881}"
EndProject
Project("{2150E333-8FDC-42A3-9474-1A3956D46DE8}") = "Api", "Api", "{562EE753-FFAA-4920-B24B-AB152AB57543}"
EndProject
Project("{2150E333-8FDC-42A3-9474-1A3956D46DE8}") = "Api", "Api", "{69222317-D1BA-4679-9599-CBE8DC599FD4}"
EndProject
Project("{2150E333-8FDC-42A3-9474-1A3956D46DE8}") = "Application", "Application", "{F1B047C0-8578-459E-8C92-3FF6525CA7ED}"
EndProject
Project("{2150E333-8FDC-42A3-9474-1A3956D46DE8}") = "Application", "Application", "{81DE2491-B1BE-4904-A004-50C7913D6135}"
EndProject
Project("{2150E333-8FDC-42A3-9474-1A3956D46DE8}") = "Domain", "Domain", "{00943B9F-5371-4E70-9F75-D23413CABF7A}"
EndProject
Project("{2150E333-8FDC-42A3-9474-1A3956D46DE8}") = "Domain", "Domain", "{703623E8-5E9F-485F-890B-6A32FF546B37}"
EndProject
Project("{2150E333-8FDC-42A3-9474-1A3956D46DE8}") = "Persistence", "Persistence", "{153AA093-C8AC-44F3-9D96-085E2BB37014}"
EndProject
Project("{2150E333-8FDC-42A3-9474-1A3956D46DE8}") = "Persistence", "Persistence", "{5D8B2348-729C-4B4E-B0D7-2947D3FB1A4C}"
EndProject
Project("{9A19103F-16F7-4668-BE54-9A1E7A4F7556}") = "Api", "src\Architecture\CleanArchitecture\Api\Api.csproj", "{E5DCDA0A-C418-4DF9-A624-793BDED93C9A}"
EndProject
Project("{9A19103F-16F7-4668-BE54-9A1E7A4F7556}") = "Application", "src\Architecture\CleanArchitecture\Application\Application.csproj", "{A3C9382C-8E34-4C1A-9122-66E27583AD17}"
EndProject
Project("{9A19103F-16F7-4668-BE54-9A1E7A4F7556}") = "Domain", "src\Architecture\CleanArchitecture\Domain\Domain.csproj", "{405421CF-42CC-4647-A74A-E12A9B28BE82}"
EndProject
Project("{9A19103F-16F7-4668-BE54-9A1E7A4F7556}") = "Persistence", "src\Architecture\CleanArchitecture\Persistence\Persistence.csproj", "{ED725B65-502D-44F7-A054-030EDF88F7FD}"
EndProject
Project("{9A19103F-16F7-4668-BE54-9A1E7A4F7556}") = "Api", "src\Architecture\OnionArchitecture\Api\Api.csproj", "{05FA63A1-9C98-4CB7-9E0A-3829F10C2D66}"
EndProject
Project("{9A19103F-16F7-4668-BE54-9A1E7A4F7556}") = "Application", "src\Architecture\OnionArchitecture\Application\Application.csproj", "{390CAA50-686A-402E-9C37-2B4AA4316CBC}"
EndProject
Project("{9A19103F-16F7-4668-BE54-9A1E7A4F7556}") = "Domain", "src\Architecture\OnionArchitecture\Domain\Domain.csproj", "{03261049-4E2A-448A-816B-773967244FFA}"
EndProject
Project("{9A19103F-16F7-4668-BE54-9A1E7A4F7556}") = "Persistence", "src\Architecture\OnionArchitecture\Persistence\Persistence.csproj", "{E5E2F2ED-26A8-4A59-B7E6-83126DA241BB}"
EndProject
Project("{2150E333-8FDC-42A3-9474-1A3956D46DE8}") = "EF.ComplextTypes", "EF.ComplextTypes", "{72A6D1BE-2226-47B1-B9AF-9D44B945ACCF}"
EndProject
Project("{9A19103F-16F7-4668-BE54-9A1E7A4F7556}") = "EF.ComplexTypes", "src\Open\EF.ComplextTypes\EF.ComplexTypes.csproj", "{8CCDD488-3F14-44F3-99BE-EEA78B43FFC9}"
EndProject
Project("{2150E333-8FDC-42A3-9474-1A3956D46DE8}") = "event-reminder", "event-reminder", "{6FE071FB-72B4-4475-A935-2181069FE869}"
EndProject
Project("{2150E333-8FDC-42A3-9474-1A3956D46DE8}") = "EventReminder.Application", "EventReminder.Application", "{6C958287-3A4A-49BC-BE90-773444D0886C}"
EndProject
Project("{2150E333-8FDC-42A3-9474-1A3956D46DE8}") = "EventReminder.BackgroundTasks", "EventReminder.BackgroundTasks", "{06DE434D-A207-4772-BD42-E7C3272B6B9B}"
EndProject
Project("{2150E333-8FDC-42A3-9474-1A3956D46DE8}") = "EventReminder.Contracts", "EventReminder.Contracts", "{26FCDAA8-2D91-406A-8537-3593684073E6}"
EndProject
Project("{2150E333-8FDC-42A3-9474-1A3956D46DE8}") = "EventReminder.Domain", "EventReminder.Domain", "{1EA990FB-0979-4347-B117-43FB5EDE3906}"
EndProject
Project("{2150E333-8FDC-42A3-9474-1A3956D46DE8}") = "EventReminder.Infrastructure", "EventReminder.Infrastructure", "{F09E0D3F-7EF5-4054-B2AF-ED3FF03A8918}"
EndProject
Project("{2150E333-8FDC-42A3-9474-1A3956D46DE8}") = "EventReminder.Persistence", "EventReminder.Persistence", "{07CBCEE1-0364-4AE2-883D-0F77662A9868}"
EndProject
Project("{2150E333-8FDC-42A3-9474-1A3956D46DE8}") = "EventReminder.Services.Api", "EventReminder.Services.Api", "{7C1C5EFC-057A-41A0-94B6-EFA9F21D108A}"
EndProject
Project("{2150E333-8FDC-42A3-9474-1A3956D46DE8}") = "EventReminder.Services.Notifications", "EventReminder.Services.Notifications", "{91500A62-AB40-458F-BD57-4D8974BD83FE}"
EndProject
Project("{9A19103F-16F7-4668-BE54-9A1E7A4F7556}") = "EventReminder.Application", "src\event-reminder\EventReminder.Application\EventReminder.Application.csproj", "{00974FB5-5AA7-478D-844E-488D57E35B4B}"
EndProject
Project("{9A19103F-16F7-4668-BE54-9A1E7A4F7556}") = "EventReminder.BackgroundTasks", "src\event-reminder\EventReminder.BackgroundTasks\EventReminder.BackgroundTasks.csproj", "{A6D410C5-22BD-4D5B-91E8-863D5DB381E0}"
EndProject
Project("{9A19103F-16F7-4668-BE54-9A1E7A4F7556}") = "EventReminder.Contracts", "src\event-reminder\EventReminder.Contracts\EventReminder.Contracts.csproj", "{26CA1C07-4351-4D17-9AA7-F35F0C7047F8}"
EndProject
Project("{9A19103F-16F7-4668-BE54-9A1E7A4F7556}") = "EventReminder.Domain", "src\event-reminder\EventReminder.Domain\EventReminder.Domain.csproj", "{9246D093-F669-4364-ABC0-9E6D8A6D0D9B}"
EndProject
Project("{9A19103F-16F7-4668-BE54-9A1E7A4F7556}") = "EventReminder.Infrastructure", "src\event-reminder\EventReminder.Infrastructure\EventReminder.Infrastructure.csproj", "{E9F35EF8-A6FB-4C28-A603-122F47AF8F53}"
EndProject
Project("{9A19103F-16F7-4668-BE54-9A1E7A4F7556}") = "EventReminder.Persistence", "src\event-reminder\EventReminder.Persistence\EventReminder.Persistence.csproj", "{F8AFB17F-5E12-45A1-B80A-0C31FBF4BF33}"
EndProject
Project("{9A19103F-16F7-4668-BE54-9A1E7A4F7556}") = "EventReminder.Services.Api", "src\event-reminder\EventReminder.Services.Api\EventReminder.Services.Api.csproj", "{4266A17D-A10E-455E-8F23-E1477740BE59}"
EndProject
Project("{9A19103F-16F7-4668-BE54-9A1E7A4F7556}") = "EventReminder.Services.Notifications", "src\event-reminder\EventReminder.Services.Notifications\EventReminder.Services.Notifications.csproj", "{4AE3A731-5D3E-4829-B6CE-006F53B2931B}"
EndProject
Project("{2150E333-8FDC-42A3-9474-1A3956D46DE8}") = "running_tracker", "running_tracker", "{9DEE5151-B04C-4042-9495-8F1BC7806555}"
EndProject
Project("{2150E333-8FDC-42A3-9474-1A3956D46DE8}") = "src", "src", "{476B3945-F3F5-412E-944D-F1F1A7129E8D}"
EndProject
Project("{2150E333-8FDC-42A3-9474-1A3956D46DE8}") = "tests", "tests", "{5393C28C-6A98-48EF-9408-79503B523C9F}"
EndProject
Project("{2150E333-8FDC-42A3-9474-1A3956D46DE8}") = "Domain", "Domain", "{7CAFF67D-F993-4D8E-8A8D-26FD45CCAB7D}"
EndProject
Project("{2150E333-8FDC-42A3-9474-1A3956D46DE8}") = "Domain.UnitTests", "Domain.UnitTests", "{6012849A-A846-48FD-9BF9-CD8FF0884236}"
EndProject
Project("{9A19103F-16F7-4668-BE54-9A1E7A4F7556}") = "Domain", "src\running_tracker\src\Domain\Domain.csproj", "{5B4829C3-9E79-4DD0-99D6-13274A9E43FA}"
EndProject
Project("{9A19103F-16F7-4668-BE54-9A1E7A4F7556}") = "Domain.UnitTests", "src\running_tracker\tests\Domain.UnitTests\Domain.UnitTests.csproj", "{22725775-313F-4222-83A4-564D2193CD16}"
EndProject
Project("{2150E333-8FDC-42A3-9474-1A3956D46DE8}") = "ArchitectureTests", "ArchitectureTests", "{B1EC673F-2E68-4237-876F-7620D15EFC52}"
EndProject
Project("{9A19103F-16F7-4668-BE54-9A1E7A4F7556}") = "ArchitectureTests", "src\running_tracker\tests\ArchitectureTests\ArchitectureTests.csproj", "{64FB3893-B9E8-4B7C-A3FA-431B304D9BF6}"
EndProject
Project("{2150E333-8FDC-42A3-9474-1A3956D46DE8}") = "Application", "Application", "{2FC501C7-5BC6-4173-AA32-6040777C259B}"
EndProject
Project("{2150E333-8FDC-42A3-9474-1A3956D46DE8}") = "SharedKernel", "SharedKernel", "{88FC7515-95DE-479B-AEE9-3C095251FAC1}"
EndProject
Project("{9A19103F-16F7-4668-BE54-9A1E7A4F7556}") = "Application", "src\running_tracker\src\Application\Application.csproj", "{0D777394-E17F-4AA1-B621-4274C7AA7F20}"
EndProject
Project("{9A19103F-16F7-4668-BE54-9A1E7A4F7556}") = "SharedKernel", "src\running_tracker\src\SharedKernel\SharedKernel.csproj", "{F411B232-02C7-40E6-9B35-0012D9BF2301}"
EndProject
Project("{2150E333-8FDC-42A3-9474-1A3956D46DE8}") = "Application.UnitTests", "Application.UnitTests", "{BAF894B5-DCCA-4BEB-A9D2-0C7C509451D6}"
EndProject
Project("{9A19103F-16F7-4668-BE54-9A1E7A4F7556}") = "Application.UnitTests", "src\running_tracker\tests\Application.UnitTests\Application.UnitTests.csproj", "{43231C67-6D43-4379-B310-ADA5ADD15E58}"
EndProject
Project("{2150E333-8FDC-42A3-9474-1A3956D46DE8}") = "Infrastructure", "Infrastructure", "{1FB975C1-E10C-4380-9033-9065ADFE9334}"
EndProject
Project("{2150E333-8FDC-42A3-9474-1A3956D46DE8}") = "Web.Api", "Web.Api", "{492923F6-849D-42AD-9262-406437251C0D}"
EndProject
Project("{9A19103F-16F7-4668-BE54-9A1E7A4F7556}") = "Infrastructure", "src\running_tracker\src\Infrastructure\Infrastructure.csproj", "{EB5CFF26-F8BD-4022-AC71-95ED9558EB19}"
EndProject
Project("{9A19103F-16F7-4668-BE54-9A1E7A4F7556}") = "Web.Api", "src\running_tracker\src\Web.Api\Web.Api.csproj", "{A024804F-2610-49D4-911F-5BAC35084BAB}"
EndProject
Project("{2150E333-8FDC-42A3-9474-1A3956D46DE8}") = "trainersphere", "trainersphere", "{CC4A19D9-3AAB-4697-A3D0-D0F67522828C}"
EndProject
Project("{2150E333-8FDC-42A3-9474-1A3956D46DE8}") = "src", "src", "{68BD79DA-2C3A-41A6-B23F-1535C023B950}"
EndProject
Project("{2150E333-8FDC-42A3-9474-1A3956D46DE8}") = "test", "test", "{90A28A3B-07D5-492D-B77A-78A678227D99}"
EndProject
Project("{2150E333-8FDC-42A3-9474-1A3956D46DE8}") = "App", "App", "{482F597C-A29C-40A3-A836-774B7AB7A6DF}"
EndProject
Project("{2150E333-8FDC-42A3-9474-1A3956D46DE8}") = "Common", "Common", "{12504187-F6BA-4472-B285-E4B98F1E3374}"
EndProject
Project("{2150E333-8FDC-42A3-9474-1A3956D46DE8}") = "Modules", "Modules", "{01B1CF82-A15A-4952-B96B-CE1841FCA4E5}"
EndProject
Project("{2150E333-8FDC-42A3-9474-1A3956D46DE8}") = "Modules", "Modules", "{D854E82B-C885-4128-A300-6CA7314332E5}"
EndProject
Project("{2150E333-8FDC-42A3-9474-1A3956D46DE8}") = "Users", "Users", "{C77E9DA2-211B-4081-A12B-F7DC83CBEA28}"
EndProject
Project("{2150E333-8FDC-42A3-9474-1A3956D46DE8}") = "Modules.Users.Application.UnitTests", "Modules.Users.Application.UnitTests", "{9DD7BEBE-D77D-4BE2-98C4-5AA877E88793}"
EndProject
Project("{2150E333-8FDC-42A3-9474-1A3956D46DE8}") = "Modules.Users.Domain.UnitTests", "Modules.Users.Domain.UnitTests", "{A9EC209B-706D-40C8-AB40-BC108AC6F99D}"
EndProject
Project("{9A19103F-16F7-4668-BE54-9A1E7A4F7556}") = "App", "src\trainersphere\trainersphere-api\src\App\App.csproj", "{3E76E45A-E6E6-45F3-8830-190597CA168A}"
EndProject
Project("{2150E333-8FDC-42A3-9474-1A3956D46DE8}") = "Application", "Application", "{BBF91BF2-B14A-4571-A996-CC31F7FF64A5}"
EndProject
Project("{2150E333-8FDC-42A3-9474-1A3956D46DE8}") = "Application.Contracts", "Application.Contracts", "{7ECC98C7-C0D0-45F0-9BD0-7499A3F4EC52}"
EndProject
Project("{2150E333-8FDC-42A3-9474-1A3956D46DE8}") = "Authorization", "Authorization", "{FF246140-9E0F-4E3C-8CF2-61632057BBB6}"
EndProject
Project("{2150E333-8FDC-42A3-9474-1A3956D46DE8}") = "Domain", "Domain", "{A2CD7E7C-8B56-4AA4-A35A-1C09B1E5E28E}"
EndProject
Project("{2150E333-8FDC-42A3-9474-1A3956D46DE8}") = "Endpoints", "Endpoints", "{9A37D019-4B6F-473A-AA13-A57A213E709C}"
EndProject
Project("{2150E333-8FDC-42A3-9474-1A3956D46DE8}") = "Infrastructure", "Infrastructure", "{4E020DEE-A323-4BA2-8145-2B06D57E110E}"
EndProject
Project("{2150E333-8FDC-42A3-9474-1A3956D46DE8}") = "Persistence", "Persistence", "{791C612A-B466-4D17-9AFF-BC77F9DF5DCB}"
EndProject
Project("{2150E333-8FDC-42A3-9474-1A3956D46DE8}") = "Shared", "Shared", "{D884D6F6-BA24-44BF-A842-D4888D41201C}"
EndProject
Project("{9A19103F-16F7-4668-BE54-9A1E7A4F7556}") = "Application", "src\trainersphere\trainersphere-api\src\Common\Application\Application.csproj", "{2E534351-01B3-4111-A917-DBF4EEF81A8A}"
EndProject
Project("{9A19103F-16F7-4668-BE54-9A1E7A4F7556}") = "Application.Contracts", "src\trainersphere\trainersphere-api\src\Common\Application.Contracts\Application.Contracts.csproj", "{A691529B-F3A0-4F33-8A07-DDC4B688AEE5}"
EndProject
Project("{9A19103F-16F7-4668-BE54-9A1E7A4F7556}") = "Authorization", "src\trainersphere\trainersphere-api\src\Common\Authorization\Authorization.csproj", "{E92CEBF7-D8B1-455F-A108-26179BC6EEB9}"
EndProject
Project("{9A19103F-16F7-4668-BE54-9A1E7A4F7556}") = "Domain", "src\trainersphere\trainersphere-api\src\Common\Domain\Domain.csproj", "{D7B55FAB-0980-4CAB-8DE3-1EBD1D32C6A9}"
EndProject
Project("{9A19103F-16F7-4668-BE54-9A1E7A4F7556}") = "Endpoints", "src\trainersphere\trainersphere-api\src\Common\Endpoints\Endpoints.csproj", "{F48E5A7B-D655-46DE-B2A7-9D9CF2CB6FC7}"
EndProject
Project("{9A19103F-16F7-4668-BE54-9A1E7A4F7556}") = "Infrastructure", "src\trainersphere\trainersphere-api\src\Common\Infrastructure\Infrastructure.csproj", "{15B8F52F-6600-465D-B229-E396026A8336}"
EndProject
Project("{9A19103F-16F7-4668-BE54-9A1E7A4F7556}") = "Persistence", "src\trainersphere\trainersphere-api\src\Common\Persistence\Persistence.csproj", "{1AA0DB7B-ADE3-4963-8635-C46F2F27178C}"
EndProject
Project("{9A19103F-16F7-4668-BE54-9A1E7A4F7556}") = "Shared", "src\trainersphere\trainersphere-api\src\Common\Shared\Shared.csproj", "{55FC0B2D-C889-4750-9F22-A5E039A6C5F6}"
EndProject
Project("{2150E333-8FDC-42A3-9474-1A3956D46DE8}") = "Notifications", "Notifications", "{24FEAA7D-3D36-431C-B863-A4F168186255}"
EndProject
Project("{2150E333-8FDC-42A3-9474-1A3956D46DE8}") = "Modules.Notifications.Application", "Modules.Notifications.Application", "{BE8ECDAC-128F-4B60-87BC-3873DE848C47}"
EndProject
Project("{2150E333-8FDC-42A3-9474-1A3956D46DE8}") = "Modules.Notifications.Domain", "Modules.Notifications.Domain", "{03682417-ADD3-438F-BEBF-F94E6FAB4578}"
EndProject
Project("{2150E333-8FDC-42A3-9474-1A3956D46DE8}") = "Modules.Notifications.Infrastructure", "Modules.Notifications.Infrastructure", "{5B861160-A2A5-49B4-9569-8DE9D091F28E}"
EndProject
Project("{2150E333-8FDC-42A3-9474-1A3956D46DE8}") = "Modules.Notifications.Persistence", "Modules.Notifications.Persistence", "{B9C3227C-6B6F-4B86-A461-583292D428E6}"
EndProject
Project("{9A19103F-16F7-4668-BE54-9A1E7A4F7556}") = "Modules.Notifications.Application", "src\trainersphere\trainersphere-api\src\Modules\Notifications\Modules.Notifications.Application\Modules.Notifications.Application.csproj", "{E2639465-A0B0-4D2E-9F8C-BD664302E196}"
EndProject
Project("{9A19103F-16F7-4668-BE54-9A1E7A4F7556}") = "Modules.Notifications.Domain", "src\trainersphere\trainersphere-api\src\Modules\Notifications\Modules.Notifications.Domain\Modules.Notifications.Domain.csproj", "{588310AA-49A6-4B47-89E6-D735EF2CC0EE}"
EndProject
Project("{9A19103F-16F7-4668-BE54-9A1E7A4F7556}") = "Modules.Notifications.Infrastructure", "src\trainersphere\trainersphere-api\src\Modules\Notifications\Modules.Notifications.Infrastructure\Modules.Notifications.Infrastructure.csproj", "{C58797B5-AB90-4957-8FDE-C952DE985F71}"
EndProject
Project("{9A19103F-16F7-4668-BE54-9A1E7A4F7556}") = "Modules.Notifications.Persistence", "src\trainersphere\trainersphere-api\src\Modules\Notifications\Modules.Notifications.Persistence\Modules.Notifications.Persistence.csproj", "{0A6537E7-C170-4FED-A59C-4485ADBE9E7C}"
EndProject
Project("{2150E333-8FDC-42A3-9474-1A3956D46DE8}") = "Training", "Training", "{4C364396-532E-4723-A4F4-B7311070F224}"
EndProject
Project("{2150E333-8FDC-42A3-9474-1A3956D46DE8}") = "Modules.Training.Application", "Modules.Training.Application", "{9FCD130B-DCFB-4F7D-9E29-393F988A306A}"
EndProject
Project("{2150E333-8FDC-42A3-9474-1A3956D46DE8}") = "Modules.Training.Application.Boundary", "Modules.Training.Application.Boundary", "{5AAA2007-40E5-4F2B-A233-82ACA6DA749A}"
EndProject
Project("{2150E333-8FDC-42A3-9474-1A3956D46DE8}") = "Modules.Training.Domain", "Modules.Training.Domain", "{0142593C-F8A8-4362-A9A2-1B98060A5A65}"
EndProject
Project("{2150E333-8FDC-42A3-9474-1A3956D46DE8}") = "Modules.Training.Endpoints", "Modules.Training.Endpoints", "{F332237C-23F3-47F1-A25F-8BD6F95FCA2F}"
EndProject
Project("{2150E333-8FDC-42A3-9474-1A3956D46DE8}") = "Modules.Training.Infrastructure", "Modules.Training.Infrastructure", "{69029B7D-B2E3-4425-8211-BC0FB41F051B}"
EndProject
Project("{2150E333-8FDC-42A3-9474-1A3956D46DE8}") = "Modules.Training.IntegrationEvents", "Modules.Training.IntegrationEvents", "{2BFB9ACC-A8FF-4EF3-A660-62CB81D9A884}"
EndProject
Project("{2150E333-8FDC-42A3-9474-1A3956D46DE8}") = "Modules.Training.Persistence", "Modules.Training.Persistence", "{74F189B7-525B-4E4D-A716-D87C3ADC102B}"
EndProject
Project("{9A19103F-16F7-4668-BE54-9A1E7A4F7556}") = "Modules.Training.Application", "src\trainersphere\trainersphere-api\src\Modules\Training\Modules.Training.Application\Modules.Training.Application.csproj", "{D2897613-5F94-43E8-BB99-6C598FB4C977}"
EndProject
Project("{9A19103F-16F7-4668-BE54-9A1E7A4F7556}") = "Modules.Training.Application.Boundary", "src\trainersphere\trainersphere-api\src\Modules\Training\Modules.Training.Application.Boundary\Modules.Training.Application.Boundary.csproj", "{A79657E0-3D5B-41FE-B096-80BE5FDA354B}"
EndProject
Project("{9A19103F-16F7-4668-BE54-9A1E7A4F7556}") = "Modules.Training.Domain", "src\trainersphere\trainersphere-api\src\Modules\Training\Modules.Training.Domain\Modules.Training.Domain.csproj", "{28586430-3063-4FBD-B31B-4DE341742BAF}"
EndProject
Project("{9A19103F-16F7-4668-BE54-9A1E7A4F7556}") = "Modules.Training.Endpoints", "src\trainersphere\trainersphere-api\src\Modules\Training\Modules.Training.Endpoints\Modules.Training.Endpoints.csproj", "{0BB8F54B-E27A-4E80-B4F4-A196964CBE10}"
EndProject
Project("{9A19103F-16F7-4668-BE54-9A1E7A4F7556}") = "Modules.Training.Infrastructure", "src\trainersphere\trainersphere-api\src\Modules\Training\Modules.Training.Infrastructure\Modules.Training.Infrastructure.csproj", "{F18EC4AA-7C35-4D39-870B-9A06DA8C7096}"
EndProject
Project("{9A19103F-16F7-4668-BE54-9A1E7A4F7556}") = "Modules.Training.IntegrationEvents", "src\trainersphere\trainersphere-api\src\Modules\Training\Modules.Training.IntegrationEvents\Modules.Training.IntegrationEvents.csproj", "{9739EE63-16AA-4851-BF86-46612CFD801D}"
EndProject
Project("{9A19103F-16F7-4668-BE54-9A1E7A4F7556}") = "Modules.Training.Persistence", "src\trainersphere\trainersphere-api\src\Modules\Training\Modules.Training.Persistence\Modules.Training.Persistence.csproj", "{9362027A-CC3F-4367-B012-86F2112DB0CF}"
EndProject
Project("{2150E333-8FDC-42A3-9474-1A3956D46DE8}") = "Users", "Users", "{164A4B24-3244-47C1-9E1E-4A629B57C9EC}"
EndProject
Project("{2150E333-8FDC-42A3-9474-1A3956D46DE8}") = "Modules.Users.Application", "Modules.Users.Application", "{83CB76C6-689E-4B2F-8E65-A294E7518C5E}"
EndProject
Project("{2150E333-8FDC-42A3-9474-1A3956D46DE8}") = "Modules.Users.Application.Boundary", "Modules.Users.Application.Boundary", "{FDB022C5-DA92-4276-8957-6A09D476A7DB}"
EndProject
Project("{2150E333-8FDC-42A3-9474-1A3956D46DE8}") = "Modules.Users.Domain", "Modules.Users.Domain", "{E9824381-30F8-4E1F-B006-680B9B253C07}"
EndProject
Project("{2150E333-8FDC-42A3-9474-1A3956D46DE8}") = "Modules.Users.Endpoints", "Modules.Users.Endpoints", "{580B4859-719F-41BB-BD70-58FDF289D0FC}"
EndProject
Project("{2150E333-8FDC-42A3-9474-1A3956D46DE8}") = "Modules.Users.Infrastructure", "Modules.Users.Infrastructure", "{623A3146-D54E-4C33-BE29-2D202581BF03}"
EndProject
Project("{2150E333-8FDC-42A3-9474-1A3956D46DE8}") = "Modules.Users.IntegrationEvents", "Modules.Users.IntegrationEvents", "{DC3F0E87-6AA6-4028-A79C-2DEBBBEC37A3}"
EndProject
Project("{2150E333-8FDC-42A3-9474-1A3956D46DE8}") = "Modules.Users.Persistence", "Modules.Users.Persistence", "{5363BE74-43D3-4AFE-AAFB-A2B9E6E99876}"
EndProject
Project("{9A19103F-16F7-4668-BE54-9A1E7A4F7556}") = "Modules.Users.Application", "src\trainersphere\trainersphere-api\src\Modules\Users\Modules.Users.Application\Modules.Users.Application.csproj", "{5E20BEC0-77AE-4C91-A0B7-D427D5819276}"
EndProject
Project("{9A19103F-16F7-4668-BE54-9A1E7A4F7556}") = "Modules.Users.Application.Boundary", "src\trainersphere\trainersphere-api\src\Modules\Users\Modules.Users.Application.Boundary\Modules.Users.Application.Boundary.csproj", "{EDE9DA23-76A0-4099-81F6-7C08668076FF}"
EndProject
Project("{9A19103F-16F7-4668-BE54-9A1E7A4F7556}") = "Modules.Users.Domain", "src\trainersphere\trainersphere-api\src\Modules\Users\Modules.Users.Domain\Modules.Users.Domain.csproj", "{B51E71D9-B27C-4CAA-9F31-417C4F0A2C2C}"
EndProject
Project("{9A19103F-16F7-4668-BE54-9A1E7A4F7556}") = "Modules.Users.Endpoints", "src\trainersphere\trainersphere-api\src\Modules\Users\Modules.Users.Endpoints\Modules.Users.Endpoints.csproj", "{3D445724-6970-4491-B7EC-6EF8B9156A0E}"
EndProject
Project("{9A19103F-16F7-4668-BE54-9A1E7A4F7556}") = "Modules.Users.Infrastructure", "src\trainersphere\trainersphere-api\src\Modules\Users\Modules.Users.Infrastructure\Modules.Users.Infrastructure.csproj", "{D88D21C4-DB08-41BA-966C-8748BE448DE7}"
EndProject
Project("{9A19103F-16F7-4668-BE54-9A1E7A4F7556}") = "Modules.Users.IntegrationEvents", "src\trainersphere\trainersphere-api\src\Modules\Users\Modules.Users.IntegrationEvents\Modules.Users.IntegrationEvents.csproj", "{898586D9-2746-4240-A1E7-81BE6246E23C}"
EndProject
Project("{9A19103F-16F7-4668-BE54-9A1E7A4F7556}") = "Modules.Users.Persistence", "src\trainersphere\trainersphere-api\src\Modules\Users\Modules.Users.Persistence\Modules.Users.Persistence.csproj", "{0E60577F-8A37-455B-88D7-692D5868540A}"
EndProject
Global
	GlobalSection(SolutionConfigurationPlatforms) = preSolution
		Debug|Any CPU = Debug|Any CPU
		Release|Any CPU = Release|Any CPU
	EndGlobalSection
	GlobalSection(ProjectConfigurationPlatforms) = postSolution
		{A78FB5C6-07C4-43A8-ACDD-D1668C07FBD5}.Debug|Any CPU.ActiveCfg = Debug|Any CPU
		{A78FB5C6-07C4-43A8-ACDD-D1668C07FBD5}.Debug|Any CPU.Build.0 = Debug|Any CPU
		{A78FB5C6-07C4-43A8-ACDD-D1668C07FBD5}.Release|Any CPU.ActiveCfg = Release|Any CPU
		{A78FB5C6-07C4-43A8-ACDD-D1668C07FBD5}.Release|Any CPU.Build.0 = Release|Any CPU
		{F831F656-7BBF-4648-BE3D-4021F9DFB30F}.Debug|Any CPU.ActiveCfg = Debug|Any CPU
		{F831F656-7BBF-4648-BE3D-4021F9DFB30F}.Debug|Any CPU.Build.0 = Debug|Any CPU
		{F831F656-7BBF-4648-BE3D-4021F9DFB30F}.Release|Any CPU.ActiveCfg = Release|Any CPU
		{F831F656-7BBF-4648-BE3D-4021F9DFB30F}.Release|Any CPU.Build.0 = Release|Any CPU
		{8701D71F-F9DB-4FD9-A661-E6A33315B14B}.Debug|Any CPU.ActiveCfg = Debug|Any CPU
		{8701D71F-F9DB-4FD9-A661-E6A33315B14B}.Debug|Any CPU.Build.0 = Debug|Any CPU
		{8701D71F-F9DB-4FD9-A661-E6A33315B14B}.Release|Any CPU.ActiveCfg = Release|Any CPU
		{8701D71F-F9DB-4FD9-A661-E6A33315B14B}.Release|Any CPU.Build.0 = Release|Any CPU
		{AE8AE010-5147-44DF-86F7-882EA9F04E0A}.Debug|Any CPU.ActiveCfg = Debug|Any CPU
		{AE8AE010-5147-44DF-86F7-882EA9F04E0A}.Debug|Any CPU.Build.0 = Debug|Any CPU
		{AE8AE010-5147-44DF-86F7-882EA9F04E0A}.Release|Any CPU.ActiveCfg = Release|Any CPU
		{AE8AE010-5147-44DF-86F7-882EA9F04E0A}.Release|Any CPU.Build.0 = Release|Any CPU
		{38256954-9000-4499-A7CB-795C80433417}.Debug|Any CPU.ActiveCfg = Debug|Any CPU
		{38256954-9000-4499-A7CB-795C80433417}.Debug|Any CPU.Build.0 = Debug|Any CPU
		{38256954-9000-4499-A7CB-795C80433417}.Release|Any CPU.ActiveCfg = Release|Any CPU
		{38256954-9000-4499-A7CB-795C80433417}.Release|Any CPU.Build.0 = Release|Any CPU
		{32F646BE-384F-47CC-84AC-D82300FB19F8}.Debug|Any CPU.ActiveCfg = Debug|Any CPU
		{32F646BE-384F-47CC-84AC-D82300FB19F8}.Debug|Any CPU.Build.0 = Debug|Any CPU
		{32F646BE-384F-47CC-84AC-D82300FB19F8}.Release|Any CPU.ActiveCfg = Release|Any CPU
		{32F646BE-384F-47CC-84AC-D82300FB19F8}.Release|Any CPU.Build.0 = Release|Any CPU
		{29ECFC32-2A16-45D9-A5E2-893347B6E861}.Debug|Any CPU.ActiveCfg = Debug|Any CPU
		{29ECFC32-2A16-45D9-A5E2-893347B6E861}.Debug|Any CPU.Build.0 = Debug|Any CPU
		{29ECFC32-2A16-45D9-A5E2-893347B6E861}.Release|Any CPU.ActiveCfg = Release|Any CPU
		{29ECFC32-2A16-45D9-A5E2-893347B6E861}.Release|Any CPU.Build.0 = Release|Any CPU
		{AA03A02E-A534-4D11-B804-79C866F5D68B}.Debug|Any CPU.ActiveCfg = Debug|Any CPU
		{AA03A02E-A534-4D11-B804-79C866F5D68B}.Debug|Any CPU.Build.0 = Debug|Any CPU
		{AA03A02E-A534-4D11-B804-79C866F5D68B}.Release|Any CPU.ActiveCfg = Release|Any CPU
		{AA03A02E-A534-4D11-B804-79C866F5D68B}.Release|Any CPU.Build.0 = Release|Any CPU
		{56F2FF38-0DEF-4CD2-A8A1-6DFBD79A4A87}.Debug|Any CPU.ActiveCfg = Debug|Any CPU
		{56F2FF38-0DEF-4CD2-A8A1-6DFBD79A4A87}.Debug|Any CPU.Build.0 = Debug|Any CPU
		{56F2FF38-0DEF-4CD2-A8A1-6DFBD79A4A87}.Release|Any CPU.ActiveCfg = Release|Any CPU
		{56F2FF38-0DEF-4CD2-A8A1-6DFBD79A4A87}.Release|Any CPU.Build.0 = Release|Any CPU
		{6A69CD92-F8FE-431E-8851-9CFF0F630D1D}.Debug|Any CPU.ActiveCfg = Debug|Any CPU
		{6A69CD92-F8FE-431E-8851-9CFF0F630D1D}.Debug|Any CPU.Build.0 = Debug|Any CPU
		{6A69CD92-F8FE-431E-8851-9CFF0F630D1D}.Release|Any CPU.ActiveCfg = Release|Any CPU
		{6A69CD92-F8FE-431E-8851-9CFF0F630D1D}.Release|Any CPU.Build.0 = Release|Any CPU
		{77F67401-F032-4015-9800-F33BD16D25E0}.Debug|Any CPU.ActiveCfg = Debug|Any CPU
		{77F67401-F032-4015-9800-F33BD16D25E0}.Debug|Any CPU.Build.0 = Debug|Any CPU
		{77F67401-F032-4015-9800-F33BD16D25E0}.Release|Any CPU.ActiveCfg = Release|Any CPU
		{77F67401-F032-4015-9800-F33BD16D25E0}.Release|Any CPU.Build.0 = Release|Any CPU
		{91CBA554-B624-4DE2-A2D0-7EC8109AA65D}.Debug|Any CPU.ActiveCfg = Debug|Any CPU
		{91CBA554-B624-4DE2-A2D0-7EC8109AA65D}.Debug|Any CPU.Build.0 = Debug|Any CPU
		{91CBA554-B624-4DE2-A2D0-7EC8109AA65D}.Release|Any CPU.ActiveCfg = Release|Any CPU
		{91CBA554-B624-4DE2-A2D0-7EC8109AA65D}.Release|Any CPU.Build.0 = Release|Any CPU
		{6A9DC408-48CF-4902-934E-43068DFA60CD}.Debug|Any CPU.ActiveCfg = Debug|Any CPU
		{6A9DC408-48CF-4902-934E-43068DFA60CD}.Debug|Any CPU.Build.0 = Debug|Any CPU
		{6A9DC408-48CF-4902-934E-43068DFA60CD}.Release|Any CPU.ActiveCfg = Release|Any CPU
		{6A9DC408-48CF-4902-934E-43068DFA60CD}.Release|Any CPU.Build.0 = Release|Any CPU
		{B77E07E5-18B4-40DA-979D-EA8B5446CEA7}.Debug|Any CPU.ActiveCfg = Debug|Any CPU
		{B77E07E5-18B4-40DA-979D-EA8B5446CEA7}.Debug|Any CPU.Build.0 = Debug|Any CPU
		{B77E07E5-18B4-40DA-979D-EA8B5446CEA7}.Release|Any CPU.ActiveCfg = Release|Any CPU
		{B77E07E5-18B4-40DA-979D-EA8B5446CEA7}.Release|Any CPU.Build.0 = Release|Any CPU
		{DD90E5AD-1162-4249-9683-71F6775367DB}.Debug|Any CPU.ActiveCfg = Debug|Any CPU
		{DD90E5AD-1162-4249-9683-71F6775367DB}.Debug|Any CPU.Build.0 = Debug|Any CPU
		{DD90E5AD-1162-4249-9683-71F6775367DB}.Release|Any CPU.ActiveCfg = Release|Any CPU
		{DD90E5AD-1162-4249-9683-71F6775367DB}.Release|Any CPU.Build.0 = Release|Any CPU
		{831B9C86-109A-4CE7-B60F-E6341E4550C8}.Debug|Any CPU.ActiveCfg = Debug|Any CPU
		{831B9C86-109A-4CE7-B60F-E6341E4550C8}.Debug|Any CPU.Build.0 = Debug|Any CPU
		{831B9C86-109A-4CE7-B60F-E6341E4550C8}.Release|Any CPU.ActiveCfg = Release|Any CPU
		{831B9C86-109A-4CE7-B60F-E6341E4550C8}.Release|Any CPU.Build.0 = Release|Any CPU
		{8A680F6A-17C1-464C-A54C-D062B30292F6}.Debug|Any CPU.ActiveCfg = Debug|Any CPU
		{8A680F6A-17C1-464C-A54C-D062B30292F6}.Debug|Any CPU.Build.0 = Debug|Any CPU
		{8A680F6A-17C1-464C-A54C-D062B30292F6}.Release|Any CPU.ActiveCfg = Release|Any CPU
		{8A680F6A-17C1-464C-A54C-D062B30292F6}.Release|Any CPU.Build.0 = Release|Any CPU
		{86131738-27E3-44A7-9044-B849746137B9}.Debug|Any CPU.ActiveCfg = Debug|Any CPU
		{86131738-27E3-44A7-9044-B849746137B9}.Debug|Any CPU.Build.0 = Debug|Any CPU
		{86131738-27E3-44A7-9044-B849746137B9}.Release|Any CPU.ActiveCfg = Release|Any CPU
		{86131738-27E3-44A7-9044-B849746137B9}.Release|Any CPU.Build.0 = Release|Any CPU
		{CD86C53C-731C-4ADA-B524-1112A9E302F0}.Debug|Any CPU.ActiveCfg = Debug|Any CPU
		{CD86C53C-731C-4ADA-B524-1112A9E302F0}.Debug|Any CPU.Build.0 = Debug|Any CPU
		{CD86C53C-731C-4ADA-B524-1112A9E302F0}.Release|Any CPU.ActiveCfg = Release|Any CPU
		{CD86C53C-731C-4ADA-B524-1112A9E302F0}.Release|Any CPU.Build.0 = Release|Any CPU
		{830871A3-8FAA-4163-B904-DA33E55D6398}.Debug|Any CPU.ActiveCfg = Debug|Any CPU
		{830871A3-8FAA-4163-B904-DA33E55D6398}.Debug|Any CPU.Build.0 = Debug|Any CPU
		{830871A3-8FAA-4163-B904-DA33E55D6398}.Release|Any CPU.ActiveCfg = Release|Any CPU
		{830871A3-8FAA-4163-B904-DA33E55D6398}.Release|Any CPU.Build.0 = Release|Any CPU
		{D069EB2A-2F93-441F-AB40-F2E65D8DA40D}.Debug|Any CPU.ActiveCfg = Debug|Any CPU
		{D069EB2A-2F93-441F-AB40-F2E65D8DA40D}.Debug|Any CPU.Build.0 = Debug|Any CPU
		{D069EB2A-2F93-441F-AB40-F2E65D8DA40D}.Release|Any CPU.ActiveCfg = Release|Any CPU
		{D069EB2A-2F93-441F-AB40-F2E65D8DA40D}.Release|Any CPU.Build.0 = Release|Any CPU
		{17E8AFC3-D17D-412D-8210-706B3DF46D54}.Debug|Any CPU.ActiveCfg = Debug|Any CPU
		{17E8AFC3-D17D-412D-8210-706B3DF46D54}.Debug|Any CPU.Build.0 = Debug|Any CPU
		{17E8AFC3-D17D-412D-8210-706B3DF46D54}.Release|Any CPU.ActiveCfg = Release|Any CPU
		{17E8AFC3-D17D-412D-8210-706B3DF46D54}.Release|Any CPU.Build.0 = Release|Any CPU
		{2F8C1FAE-09CF-4905-BA19-8BF9B26F0EF3}.Debug|Any CPU.ActiveCfg = Debug|Any CPU
		{2F8C1FAE-09CF-4905-BA19-8BF9B26F0EF3}.Debug|Any CPU.Build.0 = Debug|Any CPU
		{2F8C1FAE-09CF-4905-BA19-8BF9B26F0EF3}.Release|Any CPU.ActiveCfg = Release|Any CPU
		{2F8C1FAE-09CF-4905-BA19-8BF9B26F0EF3}.Release|Any CPU.Build.0 = Release|Any CPU
		{24A1C187-0479-4167-A1A7-6A006EE89AD7}.Debug|Any CPU.ActiveCfg = Debug|Any CPU
		{24A1C187-0479-4167-A1A7-6A006EE89AD7}.Debug|Any CPU.Build.0 = Debug|Any CPU
		{24A1C187-0479-4167-A1A7-6A006EE89AD7}.Release|Any CPU.ActiveCfg = Release|Any CPU
		{24A1C187-0479-4167-A1A7-6A006EE89AD7}.Release|Any CPU.Build.0 = Release|Any CPU
		{E14FB58C-9A73-4887-8094-B04910939F85}.Debug|Any CPU.ActiveCfg = Debug|Any CPU
		{E14FB58C-9A73-4887-8094-B04910939F85}.Debug|Any CPU.Build.0 = Debug|Any CPU
		{E14FB58C-9A73-4887-8094-B04910939F85}.Release|Any CPU.ActiveCfg = Release|Any CPU
		{E14FB58C-9A73-4887-8094-B04910939F85}.Release|Any CPU.Build.0 = Release|Any CPU
		{593CD02A-D1FE-4C1C-92B8-2524A9F2AC4E}.Debug|Any CPU.ActiveCfg = Debug|Any CPU
		{593CD02A-D1FE-4C1C-92B8-2524A9F2AC4E}.Debug|Any CPU.Build.0 = Debug|Any CPU
		{593CD02A-D1FE-4C1C-92B8-2524A9F2AC4E}.Release|Any CPU.ActiveCfg = Release|Any CPU
		{593CD02A-D1FE-4C1C-92B8-2524A9F2AC4E}.Release|Any CPU.Build.0 = Release|Any CPU
		{46F8E1E7-7C8F-4ED3-A339-C1042F79F32B}.Debug|Any CPU.ActiveCfg = Debug|Any CPU
		{46F8E1E7-7C8F-4ED3-A339-C1042F79F32B}.Debug|Any CPU.Build.0 = Debug|Any CPU
		{46F8E1E7-7C8F-4ED3-A339-C1042F79F32B}.Release|Any CPU.ActiveCfg = Release|Any CPU
		{46F8E1E7-7C8F-4ED3-A339-C1042F79F32B}.Release|Any CPU.Build.0 = Release|Any CPU
		{8B6D0096-D3E2-4334-A5DA-5DE7F8EFB32E}.Debug|Any CPU.ActiveCfg = Debug|Any CPU
		{8B6D0096-D3E2-4334-A5DA-5DE7F8EFB32E}.Debug|Any CPU.Build.0 = Debug|Any CPU
		{8B6D0096-D3E2-4334-A5DA-5DE7F8EFB32E}.Release|Any CPU.ActiveCfg = Release|Any CPU
		{8B6D0096-D3E2-4334-A5DA-5DE7F8EFB32E}.Release|Any CPU.Build.0 = Release|Any CPU
		{A46EF4CD-40E2-4784-B996-A2A587944FB3}.Debug|Any CPU.ActiveCfg = Debug|Any CPU
		{A46EF4CD-40E2-4784-B996-A2A587944FB3}.Debug|Any CPU.Build.0 = Debug|Any CPU
		{A46EF4CD-40E2-4784-B996-A2A587944FB3}.Release|Any CPU.ActiveCfg = Release|Any CPU
		{A46EF4CD-40E2-4784-B996-A2A587944FB3}.Release|Any CPU.Build.0 = Release|Any CPU
		{7ABA93F2-F41A-4615-8819-EF2F60C5CC6C}.Debug|Any CPU.ActiveCfg = Debug|Any CPU
		{7ABA93F2-F41A-4615-8819-EF2F60C5CC6C}.Debug|Any CPU.Build.0 = Debug|Any CPU
		{7ABA93F2-F41A-4615-8819-EF2F60C5CC6C}.Release|Any CPU.ActiveCfg = Release|Any CPU
		{7ABA93F2-F41A-4615-8819-EF2F60C5CC6C}.Release|Any CPU.Build.0 = Release|Any CPU
		{3918E7D1-C187-43C0-A95F-619811EF2A69}.Debug|Any CPU.ActiveCfg = Debug|Any CPU
		{3918E7D1-C187-43C0-A95F-619811EF2A69}.Debug|Any CPU.Build.0 = Debug|Any CPU
		{3918E7D1-C187-43C0-A95F-619811EF2A69}.Release|Any CPU.ActiveCfg = Release|Any CPU
		{3918E7D1-C187-43C0-A95F-619811EF2A69}.Release|Any CPU.Build.0 = Release|Any CPU
		{27DA8CE7-81CE-45FB-9A3F-640F254CFEC1}.Debug|Any CPU.ActiveCfg = Debug|Any CPU
		{27DA8CE7-81CE-45FB-9A3F-640F254CFEC1}.Debug|Any CPU.Build.0 = Debug|Any CPU
		{27DA8CE7-81CE-45FB-9A3F-640F254CFEC1}.Release|Any CPU.ActiveCfg = Release|Any CPU
		{27DA8CE7-81CE-45FB-9A3F-640F254CFEC1}.Release|Any CPU.Build.0 = Release|Any CPU
		{516E4410-BDCF-4514-816E-FC34477C5B45}.Debug|Any CPU.ActiveCfg = Debug|Any CPU
		{516E4410-BDCF-4514-816E-FC34477C5B45}.Debug|Any CPU.Build.0 = Debug|Any CPU
		{516E4410-BDCF-4514-816E-FC34477C5B45}.Release|Any CPU.ActiveCfg = Release|Any CPU
		{516E4410-BDCF-4514-816E-FC34477C5B45}.Release|Any CPU.Build.0 = Release|Any CPU
		{F44F9676-E17E-4B77-8F12-1B94FAE20D62}.Debug|Any CPU.ActiveCfg = Debug|Any CPU
		{F44F9676-E17E-4B77-8F12-1B94FAE20D62}.Debug|Any CPU.Build.0 = Debug|Any CPU
		{F44F9676-E17E-4B77-8F12-1B94FAE20D62}.Release|Any CPU.ActiveCfg = Release|Any CPU
		{F44F9676-E17E-4B77-8F12-1B94FAE20D62}.Release|Any CPU.Build.0 = Release|Any CPU
		{22E9F463-F777-4D96-9432-9D216B33AD1B}.Debug|Any CPU.ActiveCfg = Debug|Any CPU
		{22E9F463-F777-4D96-9432-9D216B33AD1B}.Debug|Any CPU.Build.0 = Debug|Any CPU
		{22E9F463-F777-4D96-9432-9D216B33AD1B}.Release|Any CPU.ActiveCfg = Release|Any CPU
		{22E9F463-F777-4D96-9432-9D216B33AD1B}.Release|Any CPU.Build.0 = Release|Any CPU
		{D5C1E9DE-B41C-4F00-BBDF-77075174B9C2}.Debug|Any CPU.ActiveCfg = Debug|Any CPU
		{D5C1E9DE-B41C-4F00-BBDF-77075174B9C2}.Debug|Any CPU.Build.0 = Debug|Any CPU
		{D5C1E9DE-B41C-4F00-BBDF-77075174B9C2}.Release|Any CPU.ActiveCfg = Release|Any CPU
		{D5C1E9DE-B41C-4F00-BBDF-77075174B9C2}.Release|Any CPU.Build.0 = Release|Any CPU
		{093F3EC9-261E-4B5E-8BA8-925A410E5ED9}.Debug|Any CPU.ActiveCfg = Debug|Any CPU
		{093F3EC9-261E-4B5E-8BA8-925A410E5ED9}.Debug|Any CPU.Build.0 = Debug|Any CPU
		{093F3EC9-261E-4B5E-8BA8-925A410E5ED9}.Release|Any CPU.ActiveCfg = Release|Any CPU
		{093F3EC9-261E-4B5E-8BA8-925A410E5ED9}.Release|Any CPU.Build.0 = Release|Any CPU
		{D4BEDAB9-BA5E-405A-89BE-65FB1040BD8C}.Debug|Any CPU.ActiveCfg = Debug|Any CPU
		{D4BEDAB9-BA5E-405A-89BE-65FB1040BD8C}.Debug|Any CPU.Build.0 = Debug|Any CPU
		{D4BEDAB9-BA5E-405A-89BE-65FB1040BD8C}.Release|Any CPU.ActiveCfg = Release|Any CPU
		{D4BEDAB9-BA5E-405A-89BE-65FB1040BD8C}.Release|Any CPU.Build.0 = Release|Any CPU
		{B83BA6A8-325F-4661-A979-725B6D103874}.Debug|Any CPU.ActiveCfg = Debug|Any CPU
		{B83BA6A8-325F-4661-A979-725B6D103874}.Debug|Any CPU.Build.0 = Debug|Any CPU
		{B83BA6A8-325F-4661-A979-725B6D103874}.Release|Any CPU.ActiveCfg = Release|Any CPU
		{B83BA6A8-325F-4661-A979-725B6D103874}.Release|Any CPU.Build.0 = Release|Any CPU
		{788139F3-A6D1-45E4-8935-B99258ED25D7}.Debug|Any CPU.ActiveCfg = Debug|Any CPU
		{788139F3-A6D1-45E4-8935-B99258ED25D7}.Debug|Any CPU.Build.0 = Debug|Any CPU
		{788139F3-A6D1-45E4-8935-B99258ED25D7}.Release|Any CPU.ActiveCfg = Release|Any CPU
		{788139F3-A6D1-45E4-8935-B99258ED25D7}.Release|Any CPU.Build.0 = Release|Any CPU
		{902D450E-00B8-412F-8B79-BFB9662296A5}.Debug|Any CPU.ActiveCfg = Debug|Any CPU
		{902D450E-00B8-412F-8B79-BFB9662296A5}.Debug|Any CPU.Build.0 = Debug|Any CPU
		{902D450E-00B8-412F-8B79-BFB9662296A5}.Release|Any CPU.ActiveCfg = Release|Any CPU
		{902D450E-00B8-412F-8B79-BFB9662296A5}.Release|Any CPU.Build.0 = Release|Any CPU
		{470FE6CC-A9B9-4510-A379-71A172719040}.Debug|Any CPU.ActiveCfg = Debug|Any CPU
		{470FE6CC-A9B9-4510-A379-71A172719040}.Debug|Any CPU.Build.0 = Debug|Any CPU
		{470FE6CC-A9B9-4510-A379-71A172719040}.Release|Any CPU.ActiveCfg = Release|Any CPU
		{470FE6CC-A9B9-4510-A379-71A172719040}.Release|Any CPU.Build.0 = Release|Any CPU
		{7B679010-2370-4968-A822-4EC50AA301AB}.Debug|Any CPU.ActiveCfg = Debug|Any CPU
		{7B679010-2370-4968-A822-4EC50AA301AB}.Debug|Any CPU.Build.0 = Debug|Any CPU
		{7B679010-2370-4968-A822-4EC50AA301AB}.Release|Any CPU.ActiveCfg = Release|Any CPU
		{7B679010-2370-4968-A822-4EC50AA301AB}.Release|Any CPU.Build.0 = Release|Any CPU
		{9AF20B0F-C7E6-45D2-98E1-6D8B045FC1C6}.Debug|Any CPU.ActiveCfg = Debug|Any CPU
		{9AF20B0F-C7E6-45D2-98E1-6D8B045FC1C6}.Debug|Any CPU.Build.0 = Debug|Any CPU
		{9AF20B0F-C7E6-45D2-98E1-6D8B045FC1C6}.Release|Any CPU.ActiveCfg = Release|Any CPU
		{9AF20B0F-C7E6-45D2-98E1-6D8B045FC1C6}.Release|Any CPU.Build.0 = Release|Any CPU
		{A42F2902-D5E9-4833-9EA8-E94E670EEC7D}.Debug|Any CPU.ActiveCfg = Debug|Any CPU
		{A42F2902-D5E9-4833-9EA8-E94E670EEC7D}.Debug|Any CPU.Build.0 = Debug|Any CPU
		{A42F2902-D5E9-4833-9EA8-E94E670EEC7D}.Release|Any CPU.ActiveCfg = Release|Any CPU
		{A42F2902-D5E9-4833-9EA8-E94E670EEC7D}.Release|Any CPU.Build.0 = Release|Any CPU
		{8F6F4506-1A89-4DAD-9A50-E7925D5552FC}.Debug|Any CPU.ActiveCfg = Debug|Any CPU
		{8F6F4506-1A89-4DAD-9A50-E7925D5552FC}.Debug|Any CPU.Build.0 = Debug|Any CPU
		{8F6F4506-1A89-4DAD-9A50-E7925D5552FC}.Release|Any CPU.ActiveCfg = Release|Any CPU
		{8F6F4506-1A89-4DAD-9A50-E7925D5552FC}.Release|Any CPU.Build.0 = Release|Any CPU
		{7CB3BA35-3D41-44DB-9DDD-E1D1D3DB5666}.Debug|Any CPU.ActiveCfg = Debug|Any CPU
		{7CB3BA35-3D41-44DB-9DDD-E1D1D3DB5666}.Debug|Any CPU.Build.0 = Debug|Any CPU
		{7CB3BA35-3D41-44DB-9DDD-E1D1D3DB5666}.Release|Any CPU.ActiveCfg = Release|Any CPU
		{7CB3BA35-3D41-44DB-9DDD-E1D1D3DB5666}.Release|Any CPU.Build.0 = Release|Any CPU
		{D071C211-163E-4C4F-B7EF-4B552B9B02F8}.Debug|Any CPU.ActiveCfg = Debug|Any CPU
		{D071C211-163E-4C4F-B7EF-4B552B9B02F8}.Debug|Any CPU.Build.0 = Debug|Any CPU
		{D071C211-163E-4C4F-B7EF-4B552B9B02F8}.Release|Any CPU.ActiveCfg = Release|Any CPU
		{D071C211-163E-4C4F-B7EF-4B552B9B02F8}.Release|Any CPU.Build.0 = Release|Any CPU
		{57F9DCBB-C5B8-4DA3-B3C5-5819749440B9}.Debug|Any CPU.ActiveCfg = Debug|Any CPU
		{57F9DCBB-C5B8-4DA3-B3C5-5819749440B9}.Debug|Any CPU.Build.0 = Debug|Any CPU
		{57F9DCBB-C5B8-4DA3-B3C5-5819749440B9}.Release|Any CPU.ActiveCfg = Release|Any CPU
		{57F9DCBB-C5B8-4DA3-B3C5-5819749440B9}.Release|Any CPU.Build.0 = Release|Any CPU
		{7B3EBA21-3336-4A38-A756-A162855A4F6E}.Debug|Any CPU.ActiveCfg = Debug|Any CPU
		{7B3EBA21-3336-4A38-A756-A162855A4F6E}.Debug|Any CPU.Build.0 = Debug|Any CPU
		{7B3EBA21-3336-4A38-A756-A162855A4F6E}.Release|Any CPU.ActiveCfg = Release|Any CPU
		{7B3EBA21-3336-4A38-A756-A162855A4F6E}.Release|Any CPU.Build.0 = Release|Any CPU
		{83074140-957C-43B9-BB9F-EEC1A02D89C9}.Debug|Any CPU.ActiveCfg = Debug|Any CPU
		{83074140-957C-43B9-BB9F-EEC1A02D89C9}.Debug|Any CPU.Build.0 = Debug|Any CPU
		{83074140-957C-43B9-BB9F-EEC1A02D89C9}.Release|Any CPU.ActiveCfg = Release|Any CPU
		{83074140-957C-43B9-BB9F-EEC1A02D89C9}.Release|Any CPU.Build.0 = Release|Any CPU
		{75593B6E-A6EC-4402-9AB8-7085DB769E87}.Debug|Any CPU.ActiveCfg = Debug|Any CPU
		{75593B6E-A6EC-4402-9AB8-7085DB769E87}.Debug|Any CPU.Build.0 = Debug|Any CPU
		{75593B6E-A6EC-4402-9AB8-7085DB769E87}.Release|Any CPU.ActiveCfg = Release|Any CPU
		{75593B6E-A6EC-4402-9AB8-7085DB769E87}.Release|Any CPU.Build.0 = Release|Any CPU
		{6CAE34A4-6C76-4ACA-A13E-6C27E3026751}.Debug|Any CPU.ActiveCfg = Debug|Any CPU
		{6CAE34A4-6C76-4ACA-A13E-6C27E3026751}.Debug|Any CPU.Build.0 = Debug|Any CPU
		{6CAE34A4-6C76-4ACA-A13E-6C27E3026751}.Release|Any CPU.ActiveCfg = Release|Any CPU
		{6CAE34A4-6C76-4ACA-A13E-6C27E3026751}.Release|Any CPU.Build.0 = Release|Any CPU
		{3A1D8727-1FB3-414E-835A-BA846836DFC8}.Debug|Any CPU.ActiveCfg = Debug|Any CPU
		{3A1D8727-1FB3-414E-835A-BA846836DFC8}.Debug|Any CPU.Build.0 = Debug|Any CPU
		{3A1D8727-1FB3-414E-835A-BA846836DFC8}.Release|Any CPU.ActiveCfg = Release|Any CPU
		{3A1D8727-1FB3-414E-835A-BA846836DFC8}.Release|Any CPU.Build.0 = Release|Any CPU
		{BBBEFDE2-58D7-4DD3-B8BD-3928B9734DC2}.Debug|Any CPU.ActiveCfg = Debug|Any CPU
		{BBBEFDE2-58D7-4DD3-B8BD-3928B9734DC2}.Debug|Any CPU.Build.0 = Debug|Any CPU
		{BBBEFDE2-58D7-4DD3-B8BD-3928B9734DC2}.Release|Any CPU.ActiveCfg = Release|Any CPU
		{BBBEFDE2-58D7-4DD3-B8BD-3928B9734DC2}.Release|Any CPU.Build.0 = Release|Any CPU
		{7BE6E7B9-5D4E-408A-9003-7B666DA93E42}.Debug|Any CPU.ActiveCfg = Debug|Any CPU
		{7BE6E7B9-5D4E-408A-9003-7B666DA93E42}.Debug|Any CPU.Build.0 = Debug|Any CPU
		{7BE6E7B9-5D4E-408A-9003-7B666DA93E42}.Release|Any CPU.ActiveCfg = Release|Any CPU
		{7BE6E7B9-5D4E-408A-9003-7B666DA93E42}.Release|Any CPU.Build.0 = Release|Any CPU
		{BF498B18-3C1D-406B-95EA-E9DBBDD9C771}.Debug|Any CPU.ActiveCfg = Debug|Any CPU
		{BF498B18-3C1D-406B-95EA-E9DBBDD9C771}.Debug|Any CPU.Build.0 = Debug|Any CPU
		{BF498B18-3C1D-406B-95EA-E9DBBDD9C771}.Release|Any CPU.ActiveCfg = Release|Any CPU
		{BF498B18-3C1D-406B-95EA-E9DBBDD9C771}.Release|Any CPU.Build.0 = Release|Any CPU
		{E5DCDA0A-C418-4DF9-A624-793BDED93C9A}.Debug|Any CPU.ActiveCfg = Debug|Any CPU
		{E5DCDA0A-C418-4DF9-A624-793BDED93C9A}.Debug|Any CPU.Build.0 = Debug|Any CPU
		{E5DCDA0A-C418-4DF9-A624-793BDED93C9A}.Release|Any CPU.ActiveCfg = Release|Any CPU
		{E5DCDA0A-C418-4DF9-A624-793BDED93C9A}.Release|Any CPU.Build.0 = Release|Any CPU
		{A3C9382C-8E34-4C1A-9122-66E27583AD17}.Debug|Any CPU.ActiveCfg = Debug|Any CPU
		{A3C9382C-8E34-4C1A-9122-66E27583AD17}.Debug|Any CPU.Build.0 = Debug|Any CPU
		{A3C9382C-8E34-4C1A-9122-66E27583AD17}.Release|Any CPU.ActiveCfg = Release|Any CPU
		{A3C9382C-8E34-4C1A-9122-66E27583AD17}.Release|Any CPU.Build.0 = Release|Any CPU
		{405421CF-42CC-4647-A74A-E12A9B28BE82}.Debug|Any CPU.ActiveCfg = Debug|Any CPU
		{405421CF-42CC-4647-A74A-E12A9B28BE82}.Debug|Any CPU.Build.0 = Debug|Any CPU
		{405421CF-42CC-4647-A74A-E12A9B28BE82}.Release|Any CPU.ActiveCfg = Release|Any CPU
		{405421CF-42CC-4647-A74A-E12A9B28BE82}.Release|Any CPU.Build.0 = Release|Any CPU
		{ED725B65-502D-44F7-A054-030EDF88F7FD}.Debug|Any CPU.ActiveCfg = Debug|Any CPU
		{ED725B65-502D-44F7-A054-030EDF88F7FD}.Debug|Any CPU.Build.0 = Debug|Any CPU
		{ED725B65-502D-44F7-A054-030EDF88F7FD}.Release|Any CPU.ActiveCfg = Release|Any CPU
		{ED725B65-502D-44F7-A054-030EDF88F7FD}.Release|Any CPU.Build.0 = Release|Any CPU
		{05FA63A1-9C98-4CB7-9E0A-3829F10C2D66}.Debug|Any CPU.ActiveCfg = Debug|Any CPU
		{05FA63A1-9C98-4CB7-9E0A-3829F10C2D66}.Debug|Any CPU.Build.0 = Debug|Any CPU
		{05FA63A1-9C98-4CB7-9E0A-3829F10C2D66}.Release|Any CPU.ActiveCfg = Release|Any CPU
		{05FA63A1-9C98-4CB7-9E0A-3829F10C2D66}.Release|Any CPU.Build.0 = Release|Any CPU
		{390CAA50-686A-402E-9C37-2B4AA4316CBC}.Debug|Any CPU.ActiveCfg = Debug|Any CPU
		{390CAA50-686A-402E-9C37-2B4AA4316CBC}.Debug|Any CPU.Build.0 = Debug|Any CPU
		{390CAA50-686A-402E-9C37-2B4AA4316CBC}.Release|Any CPU.ActiveCfg = Release|Any CPU
		{390CAA50-686A-402E-9C37-2B4AA4316CBC}.Release|Any CPU.Build.0 = Release|Any CPU
		{03261049-4E2A-448A-816B-773967244FFA}.Debug|Any CPU.ActiveCfg = Debug|Any CPU
		{03261049-4E2A-448A-816B-773967244FFA}.Debug|Any CPU.Build.0 = Debug|Any CPU
		{03261049-4E2A-448A-816B-773967244FFA}.Release|Any CPU.ActiveCfg = Release|Any CPU
		{03261049-4E2A-448A-816B-773967244FFA}.Release|Any CPU.Build.0 = Release|Any CPU
		{E5E2F2ED-26A8-4A59-B7E6-83126DA241BB}.Debug|Any CPU.ActiveCfg = Debug|Any CPU
		{E5E2F2ED-26A8-4A59-B7E6-83126DA241BB}.Debug|Any CPU.Build.0 = Debug|Any CPU
		{E5E2F2ED-26A8-4A59-B7E6-83126DA241BB}.Release|Any CPU.ActiveCfg = Release|Any CPU
		{E5E2F2ED-26A8-4A59-B7E6-83126DA241BB}.Release|Any CPU.Build.0 = Release|Any CPU
		{8CCDD488-3F14-44F3-99BE-EEA78B43FFC9}.Debug|Any CPU.ActiveCfg = Debug|Any CPU
		{8CCDD488-3F14-44F3-99BE-EEA78B43FFC9}.Debug|Any CPU.Build.0 = Debug|Any CPU
		{8CCDD488-3F14-44F3-99BE-EEA78B43FFC9}.Release|Any CPU.ActiveCfg = Release|Any CPU
		{8CCDD488-3F14-44F3-99BE-EEA78B43FFC9}.Release|Any CPU.Build.0 = Release|Any CPU
		{00974FB5-5AA7-478D-844E-488D57E35B4B}.Debug|Any CPU.ActiveCfg = Debug|Any CPU
		{00974FB5-5AA7-478D-844E-488D57E35B4B}.Debug|Any CPU.Build.0 = Debug|Any CPU
		{00974FB5-5AA7-478D-844E-488D57E35B4B}.Release|Any CPU.ActiveCfg = Release|Any CPU
		{00974FB5-5AA7-478D-844E-488D57E35B4B}.Release|Any CPU.Build.0 = Release|Any CPU
		{A6D410C5-22BD-4D5B-91E8-863D5DB381E0}.Debug|Any CPU.ActiveCfg = Debug|Any CPU
		{A6D410C5-22BD-4D5B-91E8-863D5DB381E0}.Debug|Any CPU.Build.0 = Debug|Any CPU
		{A6D410C5-22BD-4D5B-91E8-863D5DB381E0}.Release|Any CPU.ActiveCfg = Release|Any CPU
		{A6D410C5-22BD-4D5B-91E8-863D5DB381E0}.Release|Any CPU.Build.0 = Release|Any CPU
		{26CA1C07-4351-4D17-9AA7-F35F0C7047F8}.Debug|Any CPU.ActiveCfg = Debug|Any CPU
		{26CA1C07-4351-4D17-9AA7-F35F0C7047F8}.Debug|Any CPU.Build.0 = Debug|Any CPU
		{26CA1C07-4351-4D17-9AA7-F35F0C7047F8}.Release|Any CPU.ActiveCfg = Release|Any CPU
		{26CA1C07-4351-4D17-9AA7-F35F0C7047F8}.Release|Any CPU.Build.0 = Release|Any CPU
		{9246D093-F669-4364-ABC0-9E6D8A6D0D9B}.Debug|Any CPU.ActiveCfg = Debug|Any CPU
		{9246D093-F669-4364-ABC0-9E6D8A6D0D9B}.Debug|Any CPU.Build.0 = Debug|Any CPU
		{9246D093-F669-4364-ABC0-9E6D8A6D0D9B}.Release|Any CPU.ActiveCfg = Release|Any CPU
		{9246D093-F669-4364-ABC0-9E6D8A6D0D9B}.Release|Any CPU.Build.0 = Release|Any CPU
		{E9F35EF8-A6FB-4C28-A603-122F47AF8F53}.Debug|Any CPU.ActiveCfg = Debug|Any CPU
		{E9F35EF8-A6FB-4C28-A603-122F47AF8F53}.Debug|Any CPU.Build.0 = Debug|Any CPU
		{E9F35EF8-A6FB-4C28-A603-122F47AF8F53}.Release|Any CPU.ActiveCfg = Release|Any CPU
		{E9F35EF8-A6FB-4C28-A603-122F47AF8F53}.Release|Any CPU.Build.0 = Release|Any CPU
		{F8AFB17F-5E12-45A1-B80A-0C31FBF4BF33}.Debug|Any CPU.ActiveCfg = Debug|Any CPU
		{F8AFB17F-5E12-45A1-B80A-0C31FBF4BF33}.Debug|Any CPU.Build.0 = Debug|Any CPU
		{F8AFB17F-5E12-45A1-B80A-0C31FBF4BF33}.Release|Any CPU.ActiveCfg = Release|Any CPU
		{F8AFB17F-5E12-45A1-B80A-0C31FBF4BF33}.Release|Any CPU.Build.0 = Release|Any CPU
		{4266A17D-A10E-455E-8F23-E1477740BE59}.Debug|Any CPU.ActiveCfg = Debug|Any CPU
		{4266A17D-A10E-455E-8F23-E1477740BE59}.Debug|Any CPU.Build.0 = Debug|Any CPU
		{4266A17D-A10E-455E-8F23-E1477740BE59}.Release|Any CPU.ActiveCfg = Release|Any CPU
		{4266A17D-A10E-455E-8F23-E1477740BE59}.Release|Any CPU.Build.0 = Release|Any CPU
		{4AE3A731-5D3E-4829-B6CE-006F53B2931B}.Debug|Any CPU.ActiveCfg = Debug|Any CPU
		{4AE3A731-5D3E-4829-B6CE-006F53B2931B}.Debug|Any CPU.Build.0 = Debug|Any CPU
		{4AE3A731-5D3E-4829-B6CE-006F53B2931B}.Release|Any CPU.ActiveCfg = Release|Any CPU
		{4AE3A731-5D3E-4829-B6CE-006F53B2931B}.Release|Any CPU.Build.0 = Release|Any CPU
		{5B4829C3-9E79-4DD0-99D6-13274A9E43FA}.Debug|Any CPU.ActiveCfg = Debug|Any CPU
		{5B4829C3-9E79-4DD0-99D6-13274A9E43FA}.Debug|Any CPU.Build.0 = Debug|Any CPU
		{5B4829C3-9E79-4DD0-99D6-13274A9E43FA}.Release|Any CPU.ActiveCfg = Release|Any CPU
		{5B4829C3-9E79-4DD0-99D6-13274A9E43FA}.Release|Any CPU.Build.0 = Release|Any CPU
		{22725775-313F-4222-83A4-564D2193CD16}.Debug|Any CPU.ActiveCfg = Debug|Any CPU
		{22725775-313F-4222-83A4-564D2193CD16}.Debug|Any CPU.Build.0 = Debug|Any CPU
		{22725775-313F-4222-83A4-564D2193CD16}.Release|Any CPU.ActiveCfg = Release|Any CPU
		{22725775-313F-4222-83A4-564D2193CD16}.Release|Any CPU.Build.0 = Release|Any CPU
		{64FB3893-B9E8-4B7C-A3FA-431B304D9BF6}.Debug|Any CPU.ActiveCfg = Debug|Any CPU
		{64FB3893-B9E8-4B7C-A3FA-431B304D9BF6}.Debug|Any CPU.Build.0 = Debug|Any CPU
		{64FB3893-B9E8-4B7C-A3FA-431B304D9BF6}.Release|Any CPU.ActiveCfg = Release|Any CPU
		{64FB3893-B9E8-4B7C-A3FA-431B304D9BF6}.Release|Any CPU.Build.0 = Release|Any CPU
		{0D777394-E17F-4AA1-B621-4274C7AA7F20}.Debug|Any CPU.ActiveCfg = Debug|Any CPU
		{0D777394-E17F-4AA1-B621-4274C7AA7F20}.Debug|Any CPU.Build.0 = Debug|Any CPU
		{0D777394-E17F-4AA1-B621-4274C7AA7F20}.Release|Any CPU.ActiveCfg = Release|Any CPU
		{0D777394-E17F-4AA1-B621-4274C7AA7F20}.Release|Any CPU.Build.0 = Release|Any CPU
		{F411B232-02C7-40E6-9B35-0012D9BF2301}.Debug|Any CPU.ActiveCfg = Debug|Any CPU
		{F411B232-02C7-40E6-9B35-0012D9BF2301}.Debug|Any CPU.Build.0 = Debug|Any CPU
		{F411B232-02C7-40E6-9B35-0012D9BF2301}.Release|Any CPU.ActiveCfg = Release|Any CPU
		{F411B232-02C7-40E6-9B35-0012D9BF2301}.Release|Any CPU.Build.0 = Release|Any CPU
		{43231C67-6D43-4379-B310-ADA5ADD15E58}.Debug|Any CPU.ActiveCfg = Debug|Any CPU
		{43231C67-6D43-4379-B310-ADA5ADD15E58}.Debug|Any CPU.Build.0 = Debug|Any CPU
		{43231C67-6D43-4379-B310-ADA5ADD15E58}.Release|Any CPU.ActiveCfg = Release|Any CPU
		{43231C67-6D43-4379-B310-ADA5ADD15E58}.Release|Any CPU.Build.0 = Release|Any CPU
		{EB5CFF26-F8BD-4022-AC71-95ED9558EB19}.Debug|Any CPU.ActiveCfg = Debug|Any CPU
		{EB5CFF26-F8BD-4022-AC71-95ED9558EB19}.Debug|Any CPU.Build.0 = Debug|Any CPU
		{EB5CFF26-F8BD-4022-AC71-95ED9558EB19}.Release|Any CPU.ActiveCfg = Release|Any CPU
		{EB5CFF26-F8BD-4022-AC71-95ED9558EB19}.Release|Any CPU.Build.0 = Release|Any CPU
		{A024804F-2610-49D4-911F-5BAC35084BAB}.Debug|Any CPU.ActiveCfg = Debug|Any CPU
		{A024804F-2610-49D4-911F-5BAC35084BAB}.Debug|Any CPU.Build.0 = Debug|Any CPU
		{A024804F-2610-49D4-911F-5BAC35084BAB}.Release|Any CPU.ActiveCfg = Release|Any CPU
		{A024804F-2610-49D4-911F-5BAC35084BAB}.Release|Any CPU.Build.0 = Release|Any CPU
		{3E76E45A-E6E6-45F3-8830-190597CA168A}.Debug|Any CPU.ActiveCfg = Debug|Any CPU
		{3E76E45A-E6E6-45F3-8830-190597CA168A}.Debug|Any CPU.Build.0 = Debug|Any CPU
		{3E76E45A-E6E6-45F3-8830-190597CA168A}.Release|Any CPU.ActiveCfg = Release|Any CPU
		{3E76E45A-E6E6-45F3-8830-190597CA168A}.Release|Any CPU.Build.0 = Release|Any CPU
		{2E534351-01B3-4111-A917-DBF4EEF81A8A}.Debug|Any CPU.ActiveCfg = Debug|Any CPU
		{2E534351-01B3-4111-A917-DBF4EEF81A8A}.Debug|Any CPU.Build.0 = Debug|Any CPU
		{2E534351-01B3-4111-A917-DBF4EEF81A8A}.Release|Any CPU.ActiveCfg = Release|Any CPU
		{2E534351-01B3-4111-A917-DBF4EEF81A8A}.Release|Any CPU.Build.0 = Release|Any CPU
		{A691529B-F3A0-4F33-8A07-DDC4B688AEE5}.Debug|Any CPU.ActiveCfg = Debug|Any CPU
		{A691529B-F3A0-4F33-8A07-DDC4B688AEE5}.Debug|Any CPU.Build.0 = Debug|Any CPU
		{A691529B-F3A0-4F33-8A07-DDC4B688AEE5}.Release|Any CPU.ActiveCfg = Release|Any CPU
		{A691529B-F3A0-4F33-8A07-DDC4B688AEE5}.Release|Any CPU.Build.0 = Release|Any CPU
		{E92CEBF7-D8B1-455F-A108-26179BC6EEB9}.Debug|Any CPU.ActiveCfg = Debug|Any CPU
		{E92CEBF7-D8B1-455F-A108-26179BC6EEB9}.Debug|Any CPU.Build.0 = Debug|Any CPU
		{E92CEBF7-D8B1-455F-A108-26179BC6EEB9}.Release|Any CPU.ActiveCfg = Release|Any CPU
		{E92CEBF7-D8B1-455F-A108-26179BC6EEB9}.Release|Any CPU.Build.0 = Release|Any CPU
		{D7B55FAB-0980-4CAB-8DE3-1EBD1D32C6A9}.Debug|Any CPU.ActiveCfg = Debug|Any CPU
		{D7B55FAB-0980-4CAB-8DE3-1EBD1D32C6A9}.Debug|Any CPU.Build.0 = Debug|Any CPU
		{D7B55FAB-0980-4CAB-8DE3-1EBD1D32C6A9}.Release|Any CPU.ActiveCfg = Release|Any CPU
		{D7B55FAB-0980-4CAB-8DE3-1EBD1D32C6A9}.Release|Any CPU.Build.0 = Release|Any CPU
		{F48E5A7B-D655-46DE-B2A7-9D9CF2CB6FC7}.Debug|Any CPU.ActiveCfg = Debug|Any CPU
		{F48E5A7B-D655-46DE-B2A7-9D9CF2CB6FC7}.Debug|Any CPU.Build.0 = Debug|Any CPU
		{F48E5A7B-D655-46DE-B2A7-9D9CF2CB6FC7}.Release|Any CPU.ActiveCfg = Release|Any CPU
		{F48E5A7B-D655-46DE-B2A7-9D9CF2CB6FC7}.Release|Any CPU.Build.0 = Release|Any CPU
		{15B8F52F-6600-465D-B229-E396026A8336}.Debug|Any CPU.ActiveCfg = Debug|Any CPU
		{15B8F52F-6600-465D-B229-E396026A8336}.Debug|Any CPU.Build.0 = Debug|Any CPU
		{15B8F52F-6600-465D-B229-E396026A8336}.Release|Any CPU.ActiveCfg = Release|Any CPU
		{15B8F52F-6600-465D-B229-E396026A8336}.Release|Any CPU.Build.0 = Release|Any CPU
		{1AA0DB7B-ADE3-4963-8635-C46F2F27178C}.Debug|Any CPU.ActiveCfg = Debug|Any CPU
		{1AA0DB7B-ADE3-4963-8635-C46F2F27178C}.Debug|Any CPU.Build.0 = Debug|Any CPU
		{1AA0DB7B-ADE3-4963-8635-C46F2F27178C}.Release|Any CPU.ActiveCfg = Release|Any CPU
		{1AA0DB7B-ADE3-4963-8635-C46F2F27178C}.Release|Any CPU.Build.0 = Release|Any CPU
		{55FC0B2D-C889-4750-9F22-A5E039A6C5F6}.Debug|Any CPU.ActiveCfg = Debug|Any CPU
		{55FC0B2D-C889-4750-9F22-A5E039A6C5F6}.Debug|Any CPU.Build.0 = Debug|Any CPU
		{55FC0B2D-C889-4750-9F22-A5E039A6C5F6}.Release|Any CPU.ActiveCfg = Release|Any CPU
		{55FC0B2D-C889-4750-9F22-A5E039A6C5F6}.Release|Any CPU.Build.0 = Release|Any CPU
		{E2639465-A0B0-4D2E-9F8C-BD664302E196}.Debug|Any CPU.ActiveCfg = Debug|Any CPU
		{E2639465-A0B0-4D2E-9F8C-BD664302E196}.Debug|Any CPU.Build.0 = Debug|Any CPU
		{E2639465-A0B0-4D2E-9F8C-BD664302E196}.Release|Any CPU.ActiveCfg = Release|Any CPU
		{E2639465-A0B0-4D2E-9F8C-BD664302E196}.Release|Any CPU.Build.0 = Release|Any CPU
		{588310AA-49A6-4B47-89E6-D735EF2CC0EE}.Debug|Any CPU.ActiveCfg = Debug|Any CPU
		{588310AA-49A6-4B47-89E6-D735EF2CC0EE}.Debug|Any CPU.Build.0 = Debug|Any CPU
		{588310AA-49A6-4B47-89E6-D735EF2CC0EE}.Release|Any CPU.ActiveCfg = Release|Any CPU
		{588310AA-49A6-4B47-89E6-D735EF2CC0EE}.Release|Any CPU.Build.0 = Release|Any CPU
		{C58797B5-AB90-4957-8FDE-C952DE985F71}.Debug|Any CPU.ActiveCfg = Debug|Any CPU
		{C58797B5-AB90-4957-8FDE-C952DE985F71}.Debug|Any CPU.Build.0 = Debug|Any CPU
		{C58797B5-AB90-4957-8FDE-C952DE985F71}.Release|Any CPU.ActiveCfg = Release|Any CPU
		{C58797B5-AB90-4957-8FDE-C952DE985F71}.Release|Any CPU.Build.0 = Release|Any CPU
		{0A6537E7-C170-4FED-A59C-4485ADBE9E7C}.Debug|Any CPU.ActiveCfg = Debug|Any CPU
		{0A6537E7-C170-4FED-A59C-4485ADBE9E7C}.Debug|Any CPU.Build.0 = Debug|Any CPU
		{0A6537E7-C170-4FED-A59C-4485ADBE9E7C}.Release|Any CPU.ActiveCfg = Release|Any CPU
		{0A6537E7-C170-4FED-A59C-4485ADBE9E7C}.Release|Any CPU.Build.0 = Release|Any CPU
		{D2897613-5F94-43E8-BB99-6C598FB4C977}.Debug|Any CPU.ActiveCfg = Debug|Any CPU
		{D2897613-5F94-43E8-BB99-6C598FB4C977}.Debug|Any CPU.Build.0 = Debug|Any CPU
		{D2897613-5F94-43E8-BB99-6C598FB4C977}.Release|Any CPU.ActiveCfg = Release|Any CPU
		{D2897613-5F94-43E8-BB99-6C598FB4C977}.Release|Any CPU.Build.0 = Release|Any CPU
		{A79657E0-3D5B-41FE-B096-80BE5FDA354B}.Debug|Any CPU.ActiveCfg = Debug|Any CPU
		{A79657E0-3D5B-41FE-B096-80BE5FDA354B}.Debug|Any CPU.Build.0 = Debug|Any CPU
		{A79657E0-3D5B-41FE-B096-80BE5FDA354B}.Release|Any CPU.ActiveCfg = Release|Any CPU
		{A79657E0-3D5B-41FE-B096-80BE5FDA354B}.Release|Any CPU.Build.0 = Release|Any CPU
		{28586430-3063-4FBD-B31B-4DE341742BAF}.Debug|Any CPU.ActiveCfg = Debug|Any CPU
		{28586430-3063-4FBD-B31B-4DE341742BAF}.Debug|Any CPU.Build.0 = Debug|Any CPU
		{28586430-3063-4FBD-B31B-4DE341742BAF}.Release|Any CPU.ActiveCfg = Release|Any CPU
		{28586430-3063-4FBD-B31B-4DE341742BAF}.Release|Any CPU.Build.0 = Release|Any CPU
		{0BB8F54B-E27A-4E80-B4F4-A196964CBE10}.Debug|Any CPU.ActiveCfg = Debug|Any CPU
		{0BB8F54B-E27A-4E80-B4F4-A196964CBE10}.Debug|Any CPU.Build.0 = Debug|Any CPU
		{0BB8F54B-E27A-4E80-B4F4-A196964CBE10}.Release|Any CPU.ActiveCfg = Release|Any CPU
		{0BB8F54B-E27A-4E80-B4F4-A196964CBE10}.Release|Any CPU.Build.0 = Release|Any CPU
		{F18EC4AA-7C35-4D39-870B-9A06DA8C7096}.Debug|Any CPU.ActiveCfg = Debug|Any CPU
		{F18EC4AA-7C35-4D39-870B-9A06DA8C7096}.Debug|Any CPU.Build.0 = Debug|Any CPU
		{F18EC4AA-7C35-4D39-870B-9A06DA8C7096}.Release|Any CPU.ActiveCfg = Release|Any CPU
		{F18EC4AA-7C35-4D39-870B-9A06DA8C7096}.Release|Any CPU.Build.0 = Release|Any CPU
		{9739EE63-16AA-4851-BF86-46612CFD801D}.Debug|Any CPU.ActiveCfg = Debug|Any CPU
		{9739EE63-16AA-4851-BF86-46612CFD801D}.Debug|Any CPU.Build.0 = Debug|Any CPU
		{9739EE63-16AA-4851-BF86-46612CFD801D}.Release|Any CPU.ActiveCfg = Release|Any CPU
		{9739EE63-16AA-4851-BF86-46612CFD801D}.Release|Any CPU.Build.0 = Release|Any CPU
		{9362027A-CC3F-4367-B012-86F2112DB0CF}.Debug|Any CPU.ActiveCfg = Debug|Any CPU
		{9362027A-CC3F-4367-B012-86F2112DB0CF}.Debug|Any CPU.Build.0 = Debug|Any CPU
		{9362027A-CC3F-4367-B012-86F2112DB0CF}.Release|Any CPU.ActiveCfg = Release|Any CPU
		{9362027A-CC3F-4367-B012-86F2112DB0CF}.Release|Any CPU.Build.0 = Release|Any CPU
		{5E20BEC0-77AE-4C91-A0B7-D427D5819276}.Debug|Any CPU.ActiveCfg = Debug|Any CPU
		{5E20BEC0-77AE-4C91-A0B7-D427D5819276}.Debug|Any CPU.Build.0 = Debug|Any CPU
		{5E20BEC0-77AE-4C91-A0B7-D427D5819276}.Release|Any CPU.ActiveCfg = Release|Any CPU
		{5E20BEC0-77AE-4C91-A0B7-D427D5819276}.Release|Any CPU.Build.0 = Release|Any CPU
		{EDE9DA23-76A0-4099-81F6-7C08668076FF}.Debug|Any CPU.ActiveCfg = Debug|Any CPU
		{EDE9DA23-76A0-4099-81F6-7C08668076FF}.Debug|Any CPU.Build.0 = Debug|Any CPU
		{EDE9DA23-76A0-4099-81F6-7C08668076FF}.Release|Any CPU.ActiveCfg = Release|Any CPU
		{EDE9DA23-76A0-4099-81F6-7C08668076FF}.Release|Any CPU.Build.0 = Release|Any CPU
		{B51E71D9-B27C-4CAA-9F31-417C4F0A2C2C}.Debug|Any CPU.ActiveCfg = Debug|Any CPU
		{B51E71D9-B27C-4CAA-9F31-417C4F0A2C2C}.Debug|Any CPU.Build.0 = Debug|Any CPU
		{B51E71D9-B27C-4CAA-9F31-417C4F0A2C2C}.Release|Any CPU.ActiveCfg = Release|Any CPU
		{B51E71D9-B27C-4CAA-9F31-417C4F0A2C2C}.Release|Any CPU.Build.0 = Release|Any CPU
		{3D445724-6970-4491-B7EC-6EF8B9156A0E}.Debug|Any CPU.ActiveCfg = Debug|Any CPU
		{3D445724-6970-4491-B7EC-6EF8B9156A0E}.Debug|Any CPU.Build.0 = Debug|Any CPU
		{3D445724-6970-4491-B7EC-6EF8B9156A0E}.Release|Any CPU.ActiveCfg = Release|Any CPU
		{3D445724-6970-4491-B7EC-6EF8B9156A0E}.Release|Any CPU.Build.0 = Release|Any CPU
		{D88D21C4-DB08-41BA-966C-8748BE448DE7}.Debug|Any CPU.ActiveCfg = Debug|Any CPU
		{D88D21C4-DB08-41BA-966C-8748BE448DE7}.Debug|Any CPU.Build.0 = Debug|Any CPU
		{D88D21C4-DB08-41BA-966C-8748BE448DE7}.Release|Any CPU.ActiveCfg = Release|Any CPU
		{D88D21C4-DB08-41BA-966C-8748BE448DE7}.Release|Any CPU.Build.0 = Release|Any CPU
		{898586D9-2746-4240-A1E7-81BE6246E23C}.Debug|Any CPU.ActiveCfg = Debug|Any CPU
		{898586D9-2746-4240-A1E7-81BE6246E23C}.Debug|Any CPU.Build.0 = Debug|Any CPU
		{898586D9-2746-4240-A1E7-81BE6246E23C}.Release|Any CPU.ActiveCfg = Release|Any CPU
		{898586D9-2746-4240-A1E7-81BE6246E23C}.Release|Any CPU.Build.0 = Release|Any CPU
		{0E60577F-8A37-455B-88D7-692D5868540A}.Debug|Any CPU.ActiveCfg = Debug|Any CPU
		{0E60577F-8A37-455B-88D7-692D5868540A}.Debug|Any CPU.Build.0 = Debug|Any CPU
		{0E60577F-8A37-455B-88D7-692D5868540A}.Release|Any CPU.ActiveCfg = Release|Any CPU
		{0E60577F-8A37-455B-88D7-692D5868540A}.Release|Any CPU.Build.0 = Release|Any CPU
	EndGlobalSection
	GlobalSection(SolutionProperties) = preSolution
		HideSolutionNode = FALSE
	EndGlobalSection
	GlobalSection(NestedProjects) = preSolution
		{A590CE0F-A6CE-4AD0-A9E5-8ECB71E65739} = {F34662CF-0CEC-40BE-8226-997E63E2A049}
		{CB3D8CA7-C891-4B88-80AB-65AB4044E6DA} = {F34662CF-0CEC-40BE-8226-997E63E2A049}
		{FF7FF0B7-2B19-43D0-8F10-6D18F5D61520} = {A590CE0F-A6CE-4AD0-A9E5-8ECB71E65739}
		{1EA0B26F-1E93-4801-AC19-08C95FF59DBA} = {A590CE0F-A6CE-4AD0-A9E5-8ECB71E65739}
		{8278A896-3EB5-459B-8445-3BD0E9619A5B} = {A590CE0F-A6CE-4AD0-A9E5-8ECB71E65739}
		{A78FB5C6-07C4-43A8-ACDD-D1668C07FBD5} = {FF7FF0B7-2B19-43D0-8F10-6D18F5D61520}
		{E39D5F8F-518F-4509-A7B9-EE35CF4887B9} = {F34662CF-0CEC-40BE-8226-997E63E2A049}
		{F831F656-7BBF-4648-BE3D-4021F9DFB30F} = {E1335EAC-52A5-4C87-8D80-77EDE996AE4F}
		{8701D71F-F9DB-4FD9-A661-E6A33315B14B} = {B75A9BCD-E57C-429A-8404-F26ED15423E3}
		{AE8AE010-5147-44DF-86F7-882EA9F04E0A} = {5C3DE8AF-014F-4A00-9E68-41D8A9922C25}
		{38256954-9000-4499-A7CB-795C80433417} = {2E5AAE0D-FAC2-4A8F-A0F5-224BA18F0044}
		{E1335EAC-52A5-4C87-8D80-77EDE996AE4F} = {E39D5F8F-518F-4509-A7B9-EE35CF4887B9}
		{B75A9BCD-E57C-429A-8404-F26ED15423E3} = {E39D5F8F-518F-4509-A7B9-EE35CF4887B9}
		{5C3DE8AF-014F-4A00-9E68-41D8A9922C25} = {E39D5F8F-518F-4509-A7B9-EE35CF4887B9}
		{2E5AAE0D-FAC2-4A8F-A0F5-224BA18F0044} = {E39D5F8F-518F-4509-A7B9-EE35CF4887B9}
		{1E2E9949-5C64-4EC0-AF18-F75BACC9728B} = {E39D5F8F-518F-4509-A7B9-EE35CF4887B9}
		{32F646BE-384F-47CC-84AC-D82300FB19F8} = {1E2E9949-5C64-4EC0-AF18-F75BACC9728B}
		{7DBA9398-5481-4936-8982-A570BF990B9A} = {E39D5F8F-518F-4509-A7B9-EE35CF4887B9}
		{29ECFC32-2A16-45D9-A5E2-893347B6E861} = {7DBA9398-5481-4936-8982-A570BF990B9A}
		{EDF6FB79-F200-4513-BF9A-5C8493E664AC} = {F34662CF-0CEC-40BE-8226-997E63E2A049}
		{AA03A02E-A534-4D11-B804-79C866F5D68B} = {EDF6FB79-F200-4513-BF9A-5C8493E664AC}
		{56F2FF38-0DEF-4CD2-A8A1-6DFBD79A4A87} = {EDF6FB79-F200-4513-BF9A-5C8493E664AC}
		{6A69CD92-F8FE-431E-8851-9CFF0F630D1D} = {EDF6FB79-F200-4513-BF9A-5C8493E664AC}
		{77F67401-F032-4015-9800-F33BD16D25E0} = {EDF6FB79-F200-4513-BF9A-5C8493E664AC}
		{91CBA554-B624-4DE2-A2D0-7EC8109AA65D} = {EDF6FB79-F200-4513-BF9A-5C8493E664AC}
		{6A9DC408-48CF-4902-934E-43068DFA60CD} = {EDF6FB79-F200-4513-BF9A-5C8493E664AC}
		{B77E07E5-18B4-40DA-979D-EA8B5446CEA7} = {1EA0B26F-1E93-4801-AC19-08C95FF59DBA}
		{A7805952-DAAB-4F43-AB88-47F7EE16BA47} = {A590CE0F-A6CE-4AD0-A9E5-8ECB71E65739}
		{DD90E5AD-1162-4249-9683-71F6775367DB} = {A7805952-DAAB-4F43-AB88-47F7EE16BA47}
		{831B9C86-109A-4CE7-B60F-E6341E4550C8} = {1EA0B26F-1E93-4801-AC19-08C95FF59DBA}
		{D73F4760-5819-4B63-BF39-7C29251C8DB8} = {F34662CF-0CEC-40BE-8226-997E63E2A049}
		{773A65C9-1723-4377-8C15-F1195DBE5188} = {D73F4760-5819-4B63-BF39-7C29251C8DB8}
		{EDFBAB73-C8CB-4770-AE24-3451870A0D09} = {D73F4760-5819-4B63-BF39-7C29251C8DB8}
		{B73EE4E5-7A47-48B1-A4DE-879068B36CB5} = {D73F4760-5819-4B63-BF39-7C29251C8DB8}
		{04BD66DC-2183-4882-9862-41848BE0511A} = {D73F4760-5819-4B63-BF39-7C29251C8DB8}
		{8A680F6A-17C1-464C-A54C-D062B30292F6} = {773A65C9-1723-4377-8C15-F1195DBE5188}
		{86131738-27E3-44A7-9044-B849746137B9} = {EDFBAB73-C8CB-4770-AE24-3451870A0D09}
		{CD86C53C-731C-4ADA-B524-1112A9E302F0} = {B73EE4E5-7A47-48B1-A4DE-879068B36CB5}
		{830871A3-8FAA-4163-B904-DA33E55D6398} = {04BD66DC-2183-4882-9862-41848BE0511A}
		{865BE9E3-1906-40B9-AB5F-AA609DE3434B} = {D73F4760-5819-4B63-BF39-7C29251C8DB8}
		{D069EB2A-2F93-441F-AB40-F2E65D8DA40D} = {865BE9E3-1906-40B9-AB5F-AA609DE3434B}
		{17E8AFC3-D17D-412D-8210-706B3DF46D54} = {A7805952-DAAB-4F43-AB88-47F7EE16BA47}
		{2F8C1FAE-09CF-4905-BA19-8BF9B26F0EF3} = {A7805952-DAAB-4F43-AB88-47F7EE16BA47}
		{24A1C187-0479-4167-A1A7-6A006EE89AD7} = {FF7FF0B7-2B19-43D0-8F10-6D18F5D61520}
		{2A02AA49-5E9B-4793-89BB-11472148B9D1} = {CB3D8CA7-C891-4B88-80AB-65AB4044E6DA}
		{9BA10BEC-DDBD-4CD2-8C74-8F98F08D02F7} = {2A02AA49-5E9B-4793-89BB-11472148B9D1}
		{E55963A4-04B1-4C12-B265-A3D962F1F70D} = {2A02AA49-5E9B-4793-89BB-11472148B9D1}
		{D3830BCD-C377-4638-B779-1474B352B2FE} = {2A02AA49-5E9B-4793-89BB-11472148B9D1}
		{38A09953-4406-4BB2-9CC2-23D7FD431AA5} = {F34662CF-0CEC-40BE-8226-997E63E2A049}
		{04D9B17C-AB7B-482D-99B6-B9F6E95CA6D7} = {38A09953-4406-4BB2-9CC2-23D7FD431AA5}
		{BFFE6A67-DD56-4E72-8DC5-8C95C20D43B6} = {38A09953-4406-4BB2-9CC2-23D7FD431AA5}
		{FE249976-1B49-4863-B2B8-492FBCC91C2E} = {38A09953-4406-4BB2-9CC2-23D7FD431AA5}
		{DB595CF7-A6FD-4691-90DD-3F5B26CC6F47} = {38A09953-4406-4BB2-9CC2-23D7FD431AA5}
		{E14E5A66-9FE0-47AE-B337-83DBF791D370} = {38A09953-4406-4BB2-9CC2-23D7FD431AA5}
		{E14FB58C-9A73-4887-8094-B04910939F85} = {04D9B17C-AB7B-482D-99B6-B9F6E95CA6D7}
		{593CD02A-D1FE-4C1C-92B8-2524A9F2AC4E} = {BFFE6A67-DD56-4E72-8DC5-8C95C20D43B6}
		{46F8E1E7-7C8F-4ED3-A339-C1042F79F32B} = {FE249976-1B49-4863-B2B8-492FBCC91C2E}
		{8B6D0096-D3E2-4334-A5DA-5DE7F8EFB32E} = {DB595CF7-A6FD-4691-90DD-3F5B26CC6F47}
		{A46EF4CD-40E2-4784-B996-A2A587944FB3} = {E14E5A66-9FE0-47AE-B337-83DBF791D370}
		{49122AF5-FAD9-488E-8442-E7AF8EFB78CC} = {D73F4760-5819-4B63-BF39-7C29251C8DB8}
		{2FFF8DB2-B757-4813-9C81-7440C20A4AFB} = {D73F4760-5819-4B63-BF39-7C29251C8DB8}
		{37D879D4-9167-41A3-95AA-C74A04505F1F} = {D73F4760-5819-4B63-BF39-7C29251C8DB8}
		{4475216F-95D1-40AC-B8A7-851B9B2A823B} = {D73F4760-5819-4B63-BF39-7C29251C8DB8}
		{7ABA93F2-F41A-4615-8819-EF2F60C5CC6C} = {2FFF8DB2-B757-4813-9C81-7440C20A4AFB}
		{3918E7D1-C187-43C0-A95F-619811EF2A69} = {37D879D4-9167-41A3-95AA-C74A04505F1F}
		{27DA8CE7-81CE-45FB-9A3F-640F254CFEC1} = {4475216F-95D1-40AC-B8A7-851B9B2A823B}
		{BBA0DA6D-6B98-4E65-A2F3-41F98A3929B3} = {CB3D8CA7-C891-4B88-80AB-65AB4044E6DA}
		{516E4410-BDCF-4514-816E-FC34477C5B45} = {E14E5A66-9FE0-47AE-B337-83DBF791D370}
		{08CAB706-03BB-4680-93ED-829CE1AB21F6} = {38A09953-4406-4BB2-9CC2-23D7FD431AA5}
		{F44F9676-E17E-4B77-8F12-1B94FAE20D62} = {08CAB706-03BB-4680-93ED-829CE1AB21F6}
		{22E9F463-F777-4D96-9432-9D216B33AD1B} = {A7805952-DAAB-4F43-AB88-47F7EE16BA47}
		{D5C1E9DE-B41C-4F00-BBDF-77075174B9C2} = {FF7FF0B7-2B19-43D0-8F10-6D18F5D61520}
		{A6ACCBF5-80F5-426E-B53F-2AF02F5127F4} = {CB3D8CA7-C891-4B88-80AB-65AB4044E6DA}
		{B609C54B-3134-4EED-AB07-EA4B963EDEDC} = {CB3D8CA7-C891-4B88-80AB-65AB4044E6DA}
		{EB1E4142-64E4-422D-8684-952D5E86E4FF} = {CB3D8CA7-C891-4B88-80AB-65AB4044E6DA}
		{99956D36-7324-457B-83BC-FFB3E36BC801} = {CB3D8CA7-C891-4B88-80AB-65AB4044E6DA}
		{093F3EC9-261E-4B5E-8BA8-925A410E5ED9} = {8278A896-3EB5-459B-8445-3BD0E9619A5B}
		{2D8AC43C-D936-41C2-A8FB-B3B3E0A04654} = {38A09953-4406-4BB2-9CC2-23D7FD431AA5}
		{D4BEDAB9-BA5E-405A-89BE-65FB1040BD8C} = {2D8AC43C-D936-41C2-A8FB-B3B3E0A04654}
		{3C90AD57-1505-4FA4-9EA6-BA49D050989A} = {38A09953-4406-4BB2-9CC2-23D7FD431AA5}
		{B83BA6A8-325F-4661-A979-725B6D103874} = {3C90AD57-1505-4FA4-9EA6-BA49D050989A}
		{43820D2E-934C-4C66-88EF-AE98FFA372AC} = {CB3D8CA7-C891-4B88-80AB-65AB4044E6DA}
		{F5D75389-C4E7-4442-AA1A-20D41757724F} = {CB3D8CA7-C891-4B88-80AB-65AB4044E6DA}
		{788139F3-A6D1-45E4-8935-B99258ED25D7} = {A6ACCBF5-80F5-426E-B53F-2AF02F5127F4}
		{902D450E-00B8-412F-8B79-BFB9662296A5} = {A6ACCBF5-80F5-426E-B53F-2AF02F5127F4}
		{470FE6CC-A9B9-4510-A379-71A172719040} = {99956D36-7324-457B-83BC-FFB3E36BC801}
		{7B679010-2370-4968-A822-4EC50AA301AB} = {B609C54B-3134-4EED-AB07-EA4B963EDEDC}
		{9AF20B0F-C7E6-45D2-98E1-6D8B045FC1C6} = {9BA10BEC-DDBD-4CD2-8C74-8F98F08D02F7}
		{A42F2902-D5E9-4833-9EA8-E94E670EEC7D} = {E55963A4-04B1-4C12-B265-A3D962F1F70D}
		{8F6F4506-1A89-4DAD-9A50-E7925D5552FC} = {D3830BCD-C377-4638-B779-1474B352B2FE}
		{7CB3BA35-3D41-44DB-9DDD-E1D1D3DB5666} = {EB1E4142-64E4-422D-8684-952D5E86E4FF}
		{D071C211-163E-4C4F-B7EF-4B552B9B02F8} = {BBA0DA6D-6B98-4E65-A2F3-41F98A3929B3}
		{57F9DCBB-C5B8-4DA3-B3C5-5819749440B9} = {43820D2E-934C-4C66-88EF-AE98FFA372AC}
		{7B3EBA21-3336-4A38-A756-A162855A4F6E} = {F5D75389-C4E7-4442-AA1A-20D41757724F}
		{B39C240F-94C5-4489-9BDC-49B2E0664075} = {BDE70C2E-8CA6-4B9E-BF44-12323DC5F3C7}
		{2968201D-2F36-4CC0-8019-2FFFAAB3FE6F} = {F34662CF-0CEC-40BE-8226-997E63E2A049}
		{42679FBA-104F-4DBC-987F-31F4819B33F2} = {2968201D-2F36-4CC0-8019-2FFFAAB3FE6F}
		{045DE383-288B-46C2-856A-63D8F95D71F4} = {2968201D-2F36-4CC0-8019-2FFFAAB3FE6F}
		{9B236E00-287F-40BA-B6FA-A57E79E030DD} = {2968201D-2F36-4CC0-8019-2FFFAAB3FE6F}
		{70129227-323A-4FF4-A74C-499905688DF7} = {2968201D-2F36-4CC0-8019-2FFFAAB3FE6F}
		{83074140-957C-43B9-BB9F-EEC1A02D89C9} = {42679FBA-104F-4DBC-987F-31F4819B33F2}
		{75593B6E-A6EC-4402-9AB8-7085DB769E87} = {045DE383-288B-46C2-856A-63D8F95D71F4}
		{6CAE34A4-6C76-4ACA-A13E-6C27E3026751} = {9B236E00-287F-40BA-B6FA-A57E79E030DD}
		{3A1D8727-1FB3-414E-835A-BA846836DFC8} = {70129227-323A-4FF4-A74C-499905688DF7}
		{9530EAF9-D390-4B76-8D85-B403365ABEC8} = {CB3D8CA7-C891-4B88-80AB-65AB4044E6DA}
		{76C1A1E4-158E-4ABD-9075-6F9423616F17} = {9530EAF9-D390-4B76-8D85-B403365ABEC8}
		{72F2B088-4B3C-47E3-B263-853EF5DCC1BF} = {9530EAF9-D390-4B76-8D85-B403365ABEC8}
		{BBBEFDE2-58D7-4DD3-B8BD-3928B9734DC2} = {76C1A1E4-158E-4ABD-9075-6F9423616F17}
		{7BE6E7B9-5D4E-408A-9003-7B666DA93E42} = {72F2B088-4B3C-47E3-B263-853EF5DCC1BF}
		{5099C837-A4C1-4E0A-9079-DC900BD22F44} = {CB3D8CA7-C891-4B88-80AB-65AB4044E6DA}
		{3C01DC2F-FDD2-46A5-A372-016C510E4117} = {5099C837-A4C1-4E0A-9079-DC900BD22F44}
		{BF498B18-3C1D-406B-95EA-E9DBBDD9C771} = {3C01DC2F-FDD2-46A5-A372-016C510E4117}
		{33EE4D64-AA12-4956-B0AA-AE52DF6F1CE7} = {F34662CF-0CEC-40BE-8226-997E63E2A049}
		{20C122A1-29A7-4600-A09F-022526EBD4D0} = {33EE4D64-AA12-4956-B0AA-AE52DF6F1CE7}
		{715BA9F7-FBA8-4A27-A843-0A12123A0881} = {33EE4D64-AA12-4956-B0AA-AE52DF6F1CE7}
		{562EE753-FFAA-4920-B24B-AB152AB57543} = {20C122A1-29A7-4600-A09F-022526EBD4D0}
		{69222317-D1BA-4679-9599-CBE8DC599FD4} = {715BA9F7-FBA8-4A27-A843-0A12123A0881}
		{F1B047C0-8578-459E-8C92-3FF6525CA7ED} = {20C122A1-29A7-4600-A09F-022526EBD4D0}
		{81DE2491-B1BE-4904-A004-50C7913D6135} = {715BA9F7-FBA8-4A27-A843-0A12123A0881}
		{00943B9F-5371-4E70-9F75-D23413CABF7A} = {715BA9F7-FBA8-4A27-A843-0A12123A0881}
		{703623E8-5E9F-485F-890B-6A32FF546B37} = {20C122A1-29A7-4600-A09F-022526EBD4D0}
		{153AA093-C8AC-44F3-9D96-085E2BB37014} = {715BA9F7-FBA8-4A27-A843-0A12123A0881}
		{5D8B2348-729C-4B4E-B0D7-2947D3FB1A4C} = {20C122A1-29A7-4600-A09F-022526EBD4D0}
		{E5DCDA0A-C418-4DF9-A624-793BDED93C9A} = {562EE753-FFAA-4920-B24B-AB152AB57543}
		{A3C9382C-8E34-4C1A-9122-66E27583AD17} = {F1B047C0-8578-459E-8C92-3FF6525CA7ED}
		{405421CF-42CC-4647-A74A-E12A9B28BE82} = {703623E8-5E9F-485F-890B-6A32FF546B37}
		{ED725B65-502D-44F7-A054-030EDF88F7FD} = {5D8B2348-729C-4B4E-B0D7-2947D3FB1A4C}
		{05FA63A1-9C98-4CB7-9E0A-3829F10C2D66} = {69222317-D1BA-4679-9599-CBE8DC599FD4}
		{390CAA50-686A-402E-9C37-2B4AA4316CBC} = {81DE2491-B1BE-4904-A004-50C7913D6135}
		{03261049-4E2A-448A-816B-773967244FFA} = {00943B9F-5371-4E70-9F75-D23413CABF7A}
		{E5E2F2ED-26A8-4A59-B7E6-83126DA241BB} = {153AA093-C8AC-44F3-9D96-085E2BB37014}
		{72A6D1BE-2226-47B1-B9AF-9D44B945ACCF} = {CB3D8CA7-C891-4B88-80AB-65AB4044E6DA}
		{8CCDD488-3F14-44F3-99BE-EEA78B43FFC9} = {72A6D1BE-2226-47B1-B9AF-9D44B945ACCF}
		{6FE071FB-72B4-4475-A935-2181069FE869} = {F34662CF-0CEC-40BE-8226-997E63E2A049}
		{6C958287-3A4A-49BC-BE90-773444D0886C} = {6FE071FB-72B4-4475-A935-2181069FE869}
		{06DE434D-A207-4772-BD42-E7C3272B6B9B} = {6FE071FB-72B4-4475-A935-2181069FE869}
		{26FCDAA8-2D91-406A-8537-3593684073E6} = {6FE071FB-72B4-4475-A935-2181069FE869}
		{1EA990FB-0979-4347-B117-43FB5EDE3906} = {6FE071FB-72B4-4475-A935-2181069FE869}
		{F09E0D3F-7EF5-4054-B2AF-ED3FF03A8918} = {6FE071FB-72B4-4475-A935-2181069FE869}
		{07CBCEE1-0364-4AE2-883D-0F77662A9868} = {6FE071FB-72B4-4475-A935-2181069FE869}
		{7C1C5EFC-057A-41A0-94B6-EFA9F21D108A} = {6FE071FB-72B4-4475-A935-2181069FE869}
		{91500A62-AB40-458F-BD57-4D8974BD83FE} = {6FE071FB-72B4-4475-A935-2181069FE869}
		{00974FB5-5AA7-478D-844E-488D57E35B4B} = {6C958287-3A4A-49BC-BE90-773444D0886C}
		{A6D410C5-22BD-4D5B-91E8-863D5DB381E0} = {06DE434D-A207-4772-BD42-E7C3272B6B9B}
		{26CA1C07-4351-4D17-9AA7-F35F0C7047F8} = {26FCDAA8-2D91-406A-8537-3593684073E6}
		{9246D093-F669-4364-ABC0-9E6D8A6D0D9B} = {1EA990FB-0979-4347-B117-43FB5EDE3906}
		{E9F35EF8-A6FB-4C28-A603-122F47AF8F53} = {F09E0D3F-7EF5-4054-B2AF-ED3FF03A8918}
		{F8AFB17F-5E12-45A1-B80A-0C31FBF4BF33} = {07CBCEE1-0364-4AE2-883D-0F77662A9868}
		{4266A17D-A10E-455E-8F23-E1477740BE59} = {7C1C5EFC-057A-41A0-94B6-EFA9F21D108A}
		{4AE3A731-5D3E-4829-B6CE-006F53B2931B} = {91500A62-AB40-458F-BD57-4D8974BD83FE}
		{9DEE5151-B04C-4042-9495-8F1BC7806555} = {F34662CF-0CEC-40BE-8226-997E63E2A049}
		{476B3945-F3F5-412E-944D-F1F1A7129E8D} = {9DEE5151-B04C-4042-9495-8F1BC7806555}
		{5393C28C-6A98-48EF-9408-79503B523C9F} = {9DEE5151-B04C-4042-9495-8F1BC7806555}
		{7CAFF67D-F993-4D8E-8A8D-26FD45CCAB7D} = {476B3945-F3F5-412E-944D-F1F1A7129E8D}
		{6012849A-A846-48FD-9BF9-CD8FF0884236} = {5393C28C-6A98-48EF-9408-79503B523C9F}
		{5B4829C3-9E79-4DD0-99D6-13274A9E43FA} = {7CAFF67D-F993-4D8E-8A8D-26FD45CCAB7D}
		{22725775-313F-4222-83A4-564D2193CD16} = {6012849A-A846-48FD-9BF9-CD8FF0884236}
		{B1EC673F-2E68-4237-876F-7620D15EFC52} = {5393C28C-6A98-48EF-9408-79503B523C9F}
		{64FB3893-B9E8-4B7C-A3FA-431B304D9BF6} = {B1EC673F-2E68-4237-876F-7620D15EFC52}
		{2FC501C7-5BC6-4173-AA32-6040777C259B} = {476B3945-F3F5-412E-944D-F1F1A7129E8D}
		{88FC7515-95DE-479B-AEE9-3C095251FAC1} = {476B3945-F3F5-412E-944D-F1F1A7129E8D}
		{0D777394-E17F-4AA1-B621-4274C7AA7F20} = {2FC501C7-5BC6-4173-AA32-6040777C259B}
		{F411B232-02C7-40E6-9B35-0012D9BF2301} = {88FC7515-95DE-479B-AEE9-3C095251FAC1}
		{BAF894B5-DCCA-4BEB-A9D2-0C7C509451D6} = {5393C28C-6A98-48EF-9408-79503B523C9F}
		{43231C67-6D43-4379-B310-ADA5ADD15E58} = {BAF894B5-DCCA-4BEB-A9D2-0C7C509451D6}
		{1FB975C1-E10C-4380-9033-9065ADFE9334} = {476B3945-F3F5-412E-944D-F1F1A7129E8D}
		{492923F6-849D-42AD-9262-406437251C0D} = {476B3945-F3F5-412E-944D-F1F1A7129E8D}
		{EB5CFF26-F8BD-4022-AC71-95ED9558EB19} = {1FB975C1-E10C-4380-9033-9065ADFE9334}
		{A024804F-2610-49D4-911F-5BAC35084BAB} = {492923F6-849D-42AD-9262-406437251C0D}
		{CC4A19D9-3AAB-4697-A3D0-D0F67522828C} = {F34662CF-0CEC-40BE-8226-997E63E2A049}
		{68BD79DA-2C3A-41A6-B23F-1535C023B950} = {CC4A19D9-3AAB-4697-A3D0-D0F67522828C}
		{90A28A3B-07D5-492D-B77A-78A678227D99} = {CC4A19D9-3AAB-4697-A3D0-D0F67522828C}
		{482F597C-A29C-40A3-A836-774B7AB7A6DF} = {68BD79DA-2C3A-41A6-B23F-1535C023B950}
		{12504187-F6BA-4472-B285-E4B98F1E3374} = {68BD79DA-2C3A-41A6-B23F-1535C023B950}
		{01B1CF82-A15A-4952-B96B-CE1841FCA4E5} = {68BD79DA-2C3A-41A6-B23F-1535C023B950}
		{D854E82B-C885-4128-A300-6CA7314332E5} = {90A28A3B-07D5-492D-B77A-78A678227D99}
		{C77E9DA2-211B-4081-A12B-F7DC83CBEA28} = {D854E82B-C885-4128-A300-6CA7314332E5}
		{9DD7BEBE-D77D-4BE2-98C4-5AA877E88793} = {C77E9DA2-211B-4081-A12B-F7DC83CBEA28}
		{A9EC209B-706D-40C8-AB40-BC108AC6F99D} = {C77E9DA2-211B-4081-A12B-F7DC83CBEA28}
		{3E76E45A-E6E6-45F3-8830-190597CA168A} = {482F597C-A29C-40A3-A836-774B7AB7A6DF}
		{BBF91BF2-B14A-4571-A996-CC31F7FF64A5} = {12504187-F6BA-4472-B285-E4B98F1E3374}
		{7ECC98C7-C0D0-45F0-9BD0-7499A3F4EC52} = {12504187-F6BA-4472-B285-E4B98F1E3374}
		{FF246140-9E0F-4E3C-8CF2-61632057BBB6} = {12504187-F6BA-4472-B285-E4B98F1E3374}
		{A2CD7E7C-8B56-4AA4-A35A-1C09B1E5E28E} = {12504187-F6BA-4472-B285-E4B98F1E3374}
		{9A37D019-4B6F-473A-AA13-A57A213E709C} = {12504187-F6BA-4472-B285-E4B98F1E3374}
		{4E020DEE-A323-4BA2-8145-2B06D57E110E} = {12504187-F6BA-4472-B285-E4B98F1E3374}
		{791C612A-B466-4D17-9AFF-BC77F9DF5DCB} = {12504187-F6BA-4472-B285-E4B98F1E3374}
		{D884D6F6-BA24-44BF-A842-D4888D41201C} = {12504187-F6BA-4472-B285-E4B98F1E3374}
		{2E534351-01B3-4111-A917-DBF4EEF81A8A} = {BBF91BF2-B14A-4571-A996-CC31F7FF64A5}
		{A691529B-F3A0-4F33-8A07-DDC4B688AEE5} = {7ECC98C7-C0D0-45F0-9BD0-7499A3F4EC52}
		{E92CEBF7-D8B1-455F-A108-26179BC6EEB9} = {FF246140-9E0F-4E3C-8CF2-61632057BBB6}
		{D7B55FAB-0980-4CAB-8DE3-1EBD1D32C6A9} = {A2CD7E7C-8B56-4AA4-A35A-1C09B1E5E28E}
		{F48E5A7B-D655-46DE-B2A7-9D9CF2CB6FC7} = {9A37D019-4B6F-473A-AA13-A57A213E709C}
		{15B8F52F-6600-465D-B229-E396026A8336} = {4E020DEE-A323-4BA2-8145-2B06D57E110E}
		{1AA0DB7B-ADE3-4963-8635-C46F2F27178C} = {791C612A-B466-4D17-9AFF-BC77F9DF5DCB}
		{55FC0B2D-C889-4750-9F22-A5E039A6C5F6} = {D884D6F6-BA24-44BF-A842-D4888D41201C}
		{24FEAA7D-3D36-431C-B863-A4F168186255} = {01B1CF82-A15A-4952-B96B-CE1841FCA4E5}
		{BE8ECDAC-128F-4B60-87BC-3873DE848C47} = {24FEAA7D-3D36-431C-B863-A4F168186255}
		{03682417-ADD3-438F-BEBF-F94E6FAB4578} = {24FEAA7D-3D36-431C-B863-A4F168186255}
		{5B861160-A2A5-49B4-9569-8DE9D091F28E} = {24FEAA7D-3D36-431C-B863-A4F168186255}
		{B9C3227C-6B6F-4B86-A461-583292D428E6} = {24FEAA7D-3D36-431C-B863-A4F168186255}
		{E2639465-A0B0-4D2E-9F8C-BD664302E196} = {BE8ECDAC-128F-4B60-87BC-3873DE848C47}
		{588310AA-49A6-4B47-89E6-D735EF2CC0EE} = {03682417-ADD3-438F-BEBF-F94E6FAB4578}
		{C58797B5-AB90-4957-8FDE-C952DE985F71} = {5B861160-A2A5-49B4-9569-8DE9D091F28E}
		{0A6537E7-C170-4FED-A59C-4485ADBE9E7C} = {B9C3227C-6B6F-4B86-A461-583292D428E6}
		{4C364396-532E-4723-A4F4-B7311070F224} = {01B1CF82-A15A-4952-B96B-CE1841FCA4E5}
		{9FCD130B-DCFB-4F7D-9E29-393F988A306A} = {4C364396-532E-4723-A4F4-B7311070F224}
		{5AAA2007-40E5-4F2B-A233-82ACA6DA749A} = {4C364396-532E-4723-A4F4-B7311070F224}
		{0142593C-F8A8-4362-A9A2-1B98060A5A65} = {4C364396-532E-4723-A4F4-B7311070F224}
		{F332237C-23F3-47F1-A25F-8BD6F95FCA2F} = {4C364396-532E-4723-A4F4-B7311070F224}
		{69029B7D-B2E3-4425-8211-BC0FB41F051B} = {4C364396-532E-4723-A4F4-B7311070F224}
		{2BFB9ACC-A8FF-4EF3-A660-62CB81D9A884} = {4C364396-532E-4723-A4F4-B7311070F224}
		{74F189B7-525B-4E4D-A716-D87C3ADC102B} = {4C364396-532E-4723-A4F4-B7311070F224}
		{D2897613-5F94-43E8-BB99-6C598FB4C977} = {9FCD130B-DCFB-4F7D-9E29-393F988A306A}
		{A79657E0-3D5B-41FE-B096-80BE5FDA354B} = {5AAA2007-40E5-4F2B-A233-82ACA6DA749A}
		{28586430-3063-4FBD-B31B-4DE341742BAF} = {0142593C-F8A8-4362-A9A2-1B98060A5A65}
		{0BB8F54B-E27A-4E80-B4F4-A196964CBE10} = {F332237C-23F3-47F1-A25F-8BD6F95FCA2F}
		{F18EC4AA-7C35-4D39-870B-9A06DA8C7096} = {69029B7D-B2E3-4425-8211-BC0FB41F051B}
		{9739EE63-16AA-4851-BF86-46612CFD801D} = {2BFB9ACC-A8FF-4EF3-A660-62CB81D9A884}
		{9362027A-CC3F-4367-B012-86F2112DB0CF} = {74F189B7-525B-4E4D-A716-D87C3ADC102B}
		{164A4B24-3244-47C1-9E1E-4A629B57C9EC} = {01B1CF82-A15A-4952-B96B-CE1841FCA4E5}
		{83CB76C6-689E-4B2F-8E65-A294E7518C5E} = {164A4B24-3244-47C1-9E1E-4A629B57C9EC}
		{FDB022C5-DA92-4276-8957-6A09D476A7DB} = {164A4B24-3244-47C1-9E1E-4A629B57C9EC}
		{E9824381-30F8-4E1F-B006-680B9B253C07} = {164A4B24-3244-47C1-9E1E-4A629B57C9EC}
		{580B4859-719F-41BB-BD70-58FDF289D0FC} = {164A4B24-3244-47C1-9E1E-4A629B57C9EC}
		{623A3146-D54E-4C33-BE29-2D202581BF03} = {164A4B24-3244-47C1-9E1E-4A629B57C9EC}
		{DC3F0E87-6AA6-4028-A79C-2DEBBBEC37A3} = {164A4B24-3244-47C1-9E1E-4A629B57C9EC}
		{5363BE74-43D3-4AFE-AAFB-A2B9E6E99876} = {164A4B24-3244-47C1-9E1E-4A629B57C9EC}
		{5E20BEC0-77AE-4C91-A0B7-D427D5819276} = {83CB76C6-689E-4B2F-8E65-A294E7518C5E}
		{EDE9DA23-76A0-4099-81F6-7C08668076FF} = {FDB022C5-DA92-4276-8957-6A09D476A7DB}
		{B51E71D9-B27C-4CAA-9F31-417C4F0A2C2C} = {E9824381-30F8-4E1F-B006-680B9B253C07}
		{3D445724-6970-4491-B7EC-6EF8B9156A0E} = {580B4859-719F-41BB-BD70-58FDF289D0FC}
		{D88D21C4-DB08-41BA-966C-8748BE448DE7} = {623A3146-D54E-4C33-BE29-2D202581BF03}
		{898586D9-2746-4240-A1E7-81BE6246E23C} = {DC3F0E87-6AA6-4028-A79C-2DEBBBEC37A3}
		{0E60577F-8A37-455B-88D7-692D5868540A} = {5363BE74-43D3-4AFE-AAFB-A2B9E6E99876}
	EndGlobalSection
	GlobalSection(ExtensibilityGlobals) = postSolution
		SolutionGuid = {B0C00772-914D-4F50-BF30-19CA773160B3}
	EndGlobalSection
EndGlobal
